
Microsoft Visual Studio Solution File, Format Version 12.00
# Visual Studio 2012
Project("{FAE04EC0-301F-11D3-BF4B-00C04F79EFBC}") = "Find and Replace", "Find and Replace\Find and Replace.csproj", "{F6350ACC-FA7B-44FB-91B8-94CE0F8B07EB}"
EndProject
Global
	GlobalSection(SolutionConfigurationPlatforms) = preSolution
		Debug|Any CPU = Debug|Any CPU
		Release|Any CPU = Release|Any CPU
	EndGlobalSection
	GlobalSection(ProjectConfigurationPlatforms) = postSolution
		{F6350ACC-FA7B-44FB-91B8-94CE0F8B07EB}.Debug|Any CPU.ActiveCfg = Debug|Any CPU
		{F6350ACC-FA7B-44FB-91B8-94CE0F8B07EB}.Debug|Any CPU.Build.0 = Debug|Any CPU
		{F6350ACC-FA7B-44FB-91B8-94CE0F8B07EB}.Release|Any CPU.ActiveCfg = Release|Any CPU
		{F6350ACC-FA7B-44FB-91B8-94CE0F8B07EB}.Release|Any CPU.Build.0 = Release|Any CPU
	EndGlobalSection
	GlobalSection(SolutionProperties) = preSolution
		HideSolutionNode = FALSE
	EndGlobalSection
EndGlobal
