
Microsoft Visual Studio Solution File, Format Version 12.00
# Visual Studio 2012
Project("{FAE04EC0-301F-11D3-BF4B-00C04F79EFBC}") = "OpenXml Word", "OpenXml Word\OpenXml Word.csproj", "{D1E6C044-8669-4419-BED6-F31EBED3FE9E}"
EndProject
Project("{FAE04EC0-301F-11D3-BF4B-00C04F79EFBC}") = "Aspose Words", "Aspose Words\Aspose Words.csproj", "{94D5980F-7A33-4211-A3F1-506194603010}"
EndProject
Global
	GlobalSection(SolutionConfigurationPlatforms) = preSolution
		Debug|Any CPU = Debug|Any CPU
		Release|Any CPU = Release|Any CPU
	EndGlobalSection
	GlobalSection(ProjectConfigurationPlatforms) = postSolution
		{D1E6C044-8669-4419-BED6-F31EBED3FE9E}.Debug|Any CPU.ActiveCfg = Debug|Any CPU
		{D1E6C044-8669-4419-BED6-F31EBED3FE9E}.Debug|Any CPU.Build.0 = Debug|Any CPU
		{D1E6C044-8669-4419-BED6-F31EBED3FE9E}.Release|Any CPU.ActiveCfg = Release|Any CPU
		{D1E6C044-8669-4419-BED6-F31EBED3FE9E}.Release|Any CPU.Build.0 = Release|Any CPU
		{94D5980F-7A33-4211-A3F1-506194603010}.Debug|Any CPU.ActiveCfg = Debug|Any CPU
		{94D5980F-7A33-4211-A3F1-506194603010}.Debug|Any CPU.Build.0 = Debug|Any CPU
		{94D5980F-7A33-4211-A3F1-506194603010}.Release|Any CPU.ActiveCfg = Release|Any CPU
		{94D5980F-7A33-4211-A3F1-506194603010}.Release|Any CPU.Build.0 = Release|Any CPU
	EndGlobalSection
	GlobalSection(SolutionProperties) = preSolution
		HideSolutionNode = FALSE
	EndGlobalSection
EndGlobal
