
Microsoft Visual Studio Solution File, Format Version 12.00
# Visual Studio 2012
Project("{FAE04EC0-301F-11D3-BF4B-00C04F79EFBC}") = "OpenXML SDK", "OpenXML SDK\OpenXML SDK.csproj", "{C94AA6DF-D9C2-4BA6-A676-8E08D92BD2FE}"
EndProject
Project("{FAE04EC0-301F-11D3-BF4B-00C04F79EFBC}") = "Aspose Word", "Aspose Word\Aspose Word.csproj", "{2AFF4040-C0DF-4531-9F7B-39F2C685B020}"
EndProject
Global
	GlobalSection(SolutionConfigurationPlatforms) = preSolution
		Debug|Any CPU = Debug|Any CPU
		Release|Any CPU = Release|Any CPU
	EndGlobalSection
	GlobalSection(ProjectConfigurationPlatforms) = postSolution
		{C94AA6DF-D9C2-4BA6-A676-8E08D92BD2FE}.Debug|Any CPU.ActiveCfg = Debug|Any CPU
		{C94AA6DF-D9C2-4BA6-A676-8E08D92BD2FE}.Debug|Any CPU.Build.0 = Debug|Any CPU
		{C94AA6DF-D9C2-4BA6-A676-8E08D92BD2FE}.Release|Any CPU.ActiveCfg = Release|Any CPU
		{C94AA6DF-D9C2-4BA6-A676-8E08D92BD2FE}.Release|Any CPU.Build.0 = Release|Any CPU
		{2AFF4040-C0DF-4531-9F7B-39F2C685B020}.Debug|Any CPU.ActiveCfg = Debug|Any CPU
		{2AFF4040-C0DF-4531-9F7B-39F2C685B020}.Debug|Any CPU.Build.0 = Debug|Any CPU
		{2AFF4040-C0DF-4531-9F7B-39F2C685B020}.Release|Any CPU.ActiveCfg = Release|Any CPU
		{2AFF4040-C0DF-4531-9F7B-39F2C685B020}.Release|Any CPU.Build.0 = Release|Any CPU
	EndGlobalSection
	GlobalSection(SolutionProperties) = preSolution
		HideSolutionNode = FALSE
	EndGlobalSection
EndGlobal
