
Microsoft Visual Studio Solution File, Format Version 12.00
# Visual Studio Version 16
VisualStudioVersion = 16.0.30804.86
MinimumVisualStudioVersion = 10.0.40219.1
Project("{FAE04EC0-301F-11D3-BF4B-00C04F79EFBC}") = "Aspose.DocumentGenerator.CreateDocumentFromTemplate", "Aspose.DocumentGenerator.CreateDocumentFromTemplate.csproj", "{2E2C931C-06FF-4D42-8B3B-340985FC79A6}"
EndProject
Global
	GlobalSection(SolutionConfigurationPlatforms) = preSolution
		Debug|Any CPU = Debug|Any CPU
		Release|Any CPU = Release|Any CPU
	EndGlobalSection
	GlobalSection(ProjectConfigurationPlatforms) = postSolution
		{2E2C931C-06FF-4D42-8B3B-340985FC79A6}.Debug|Any CPU.ActiveCfg = Debug|Any CPU
		{2E2C931C-06FF-4D42-8B3B-340985FC79A6}.Debug|Any CPU.Build.0 = Debug|Any CPU
		{2E2C931C-06FF-4D42-8B3B-340985FC79A6}.Release|Any CPU.ActiveCfg = Release|Any CPU
		{2E2C931C-06FF-4D42-8B3B-340985FC79A6}.Release|Any CPU.Build.0 = Release|Any CPU
	EndGlobalSection
	GlobalSection(SolutionProperties) = preSolution
		HideSolutionNode = FALSE
	EndGlobalSection
	GlobalSection(ExtensibilityGlobals) = postSolution
		SolutionGuid = {2FFEA553-2F58-435F-AC97-7D7CE7E27BE2}
	EndGlobalSection
EndGlobal
