Microsoft Visual Studio Solution File, Format Version 11.00
# Visual Studio 2010
Project("{F184B08F-C81C-45F6-A57F-5ABD9991F28F}") = "ImportTableFromDataTable", "ImportTableFromDataTable.vbproj", "{B73280E1-1652-49A8-937C-ED3FEFA44322}"
EndProject
Global
	GlobalSection(SolutionConfigurationPlatforms) = preSolution
		Debug|Any CPU = Debug|Any CPU
		Release|Any CPU = Release|Any CPU
	EndGlobalSection
	GlobalSection(ProjectConfigurationPlatforms) = postSolution
		{B73280E1-1652-49A8-937C-ED3FEFA44322}.Debug|Any CPU.ActiveCfg = Debug|Any CPU
		{B73280E1-1652-49A8-937C-ED3FEFA44322}.Debug|Any CPU.Build.0 = Debug|Any CPU
		{B73280E1-1652-49A8-937C-ED3FEFA44322}.Release|Any CPU.ActiveCfg = Release|Any CPU
	EndGlobalSection
	GlobalSection(SolutionProperties) = preSolution
		HideSolutionNode = FALSE
	EndGlobalSection
EndGlobal
