Microsoft Visual Studio Solution File, Format Version 9.00
# Visual Studio 2005
Project("{2150E333-8FDC-42A3-9474-1A3956D46DE8}") = "QuickStart", "QuickStart", "{6E941DD1-CDAC-4503-B7DB-425C12A75E61}"
EndProject
Project("{FAE04EC0-301F-11D3-BF4B-00C04F79EFBC}") = "HelloWorld", "QuickStart\HelloWorld\CSharp\HelloWorld.csproj", "{17497BE2-931C-4A14-A96E-1823C1F4ABB7}"
EndProject
Project("{FAE04EC0-301F-11D3-BF4B-00C04F79EFBC}") = "AppendDocuments", "QuickStart\AppendDocuments\CSharp\AppendDocuments.csproj", "{5CDDDEEF-585E-4A01-9997-C5D10CB9070B}"
EndProject
Project("{FAE04EC0-301F-11D3-BF4B-00C04F79EFBC}") = "ApplyLicense", "QuickStart\ApplyLicense\CSharp\ApplyLicense.csproj", "{84113C35-7FA1-430A-ACD4-333F0064FE87}"
EndProject
Project("{FAE04EC0-301F-11D3-BF4B-00C04F79EFBC}") = "FindAndReplace", "QuickStart\FindAndReplace\CSharp\FindAndReplace.csproj", "{F2840BC4-BBC5-48B3-A5BC-AE7EEB7640D1}"
EndProject
Project("{FAE04EC0-301F-11D3-BF4B-00C04F79EFBC}") = "SimpleMailMerge", "QuickStart\SimpleMailMerge\CSharp\SimpleMailMerge.csproj", "{442717CD-8494-4A5F-BE31-DFF735C99CF4}"
EndProject
Global
	GlobalSection(SolutionConfigurationPlatforms) = preSolution
		Debug|Any CPU = Debug|Any CPU
		Release|Any CPU = Release|Any CPU
	EndGlobalSection
	GlobalSection(ProjectConfigurationPlatforms) = postSolution
		{17497BE2-931C-4A14-A96E-1823C1F4ABB7}.Debug|Any CPU.ActiveCfg = Debug|Any CPU
		{17497BE2-931C-4A14-A96E-1823C1F4ABB7}.Debug|Any CPU.Build.0 = Debug|Any CPU
		{17497BE2-931C-4A14-A96E-1823C1F4ABB7}.Release|Any CPU.ActiveCfg = Release|Any CPU
		{5CDDDEEF-585E-4A01-9997-C5D10CB9070B}.Debug|Any CPU.ActiveCfg = Debug|Any CPU
		{5CDDDEEF-585E-4A01-9997-C5D10CB9070B}.Debug|Any CPU.Build.0 = Debug|Any CPU
		{5CDDDEEF-585E-4A01-9997-C5D10CB9070B}.Release|Any CPU.ActiveCfg = Release|Any CPU
		{84113C35-7FA1-430A-ACD4-333F0064FE87}.Debug|Any CPU.ActiveCfg = Debug|Any CPU
		{84113C35-7FA1-430A-ACD4-333F0064FE87}.Debug|Any CPU.Build.0 = Debug|Any CPU
		{84113C35-7FA1-430A-ACD4-333F0064FE87}.Release|Any CPU.ActiveCfg = Release|Any CPU
		{F2840BC4-BBC5-48B3-A5BC-AE7EEB7640D1}.Debug|Any CPU.ActiveCfg = Debug|Any CPU
		{F2840BC4-BBC5-48B3-A5BC-AE7EEB7640D1}.Debug|Any CPU.Build.0 = Debug|Any CPU
		{F2840BC4-BBC5-48B3-A5BC-AE7EEB7640D1}.Release|Any CPU.ActiveCfg = Release|Any CPU
		{442717CD-8494-4A5F-BE31-DFF735C99CF4}.Debug|Any CPU.ActiveCfg = Debug|Any CPU
		{442717CD-8494-4A5F-BE31-DFF735C99CF4}.Debug|Any CPU.Build.0 = Debug|Any CPU
		{442717CD-8494-4A5F-BE31-DFF735C99CF4}.Release|Any CPU.ActiveCfg = Release|Any CPU
	EndGlobalSection
	GlobalSection(SolutionProperties) = preSolution
		HideSolutionNode = FALSE
	EndGlobalSection
	GlobalSection(NestedProjects) = preSolution
		{17497BE2-931C-4A14-A96E-1823C1F4ABB7} = {6E941DD1-CDAC-4503-B7DB-425C12A75E61}
		{5CDDDEEF-585E-4A01-9997-C5D10CB9070B} = {6E941DD1-CDAC-4503-B7DB-425C12A75E61}
		{84113C35-7FA1-430A-ACD4-333F0064FE87} = {6E941DD1-CDAC-4503-B7DB-425C12A75E61}
		{F2840BC4-BBC5-48B3-A5BC-AE7EEB7640D1} = {6E941DD1-CDAC-4503-B7DB-425C12A75E61}
		{442717CD-8494-4A5F-BE31-DFF735C99CF4} = {6E941DD1-CDAC-4503-B7DB-425C12A75E61}
	EndGlobalSection
EndGlobal
