
Microsoft Visual Studio Solution File, Format Version 12.00
# Visual Studio 2013
VisualStudioVersion = 12.0.31101.0
MinimumVisualStudioVersion = 10.0.40219.1
Project("{FAE04EC0-301F-11D3-BF4B-00C04F79EFBC}") = "DocumentComparison", "DocumentComparison\DocumentComparison.csproj", "{C102423C-DC8F-44A9-AE0C-137C5956B30B}"
EndProject
Project("{FAE04EC0-301F-11D3-BF4B-00C04F79EFBC}") = "ConsoleApp", "ConsoleApp\ConsoleApp.csproj", "{0A7F742F-8114-481E-8C5B-0506817D177C}"
EndProject
Global
	GlobalSection(SolutionConfigurationPlatforms) = preSolution
		Debug|Any CPU = Debug|Any CPU
		Release|Any CPU = Release|Any CPU
	EndGlobalSection
	GlobalSection(ProjectConfigurationPlatforms) = postSolution
		{C102423C-DC8F-44A9-AE0C-137C5956B30B}.Debug|Any CPU.ActiveCfg = Debug|Any CPU
		{C102423C-DC8F-44A9-AE0C-137C5956B30B}.Debug|Any CPU.Build.0 = Debug|Any CPU
		{C102423C-DC8F-44A9-AE0C-137C5956B30B}.Release|Any CPU.ActiveCfg = Release|Any CPU
		{C102423C-DC8F-44A9-AE0C-137C5956B30B}.Release|Any CPU.Build.0 = Release|Any CPU
		{0A7F742F-8114-481E-8C5B-0506817D177C}.Debug|Any CPU.ActiveCfg = Debug|Any CPU
		{0A7F742F-8114-481E-8C5B-0506817D177C}.Debug|Any CPU.Build.0 = Debug|Any CPU
		{0A7F742F-8114-481E-8C5B-0506817D177C}.Release|Any CPU.ActiveCfg = Release|Any CPU
		{0A7F742F-8114-481E-8C5B-0506817D177C}.Release|Any CPU.Build.0 = Release|Any CPU
	EndGlobalSection
	GlobalSection(SolutionProperties) = preSolution
		HideSolutionNode = FALSE
	EndGlobalSection
EndGlobal
