
Microsoft Visual Studio Solution File, Format Version 11.00
# Visual Studio 2010
Project("{FAE04EC0-301F-11D3-BF4B-00C04F79EFBC}") = "Aspose.Words Metadata Cleaner", "Aspose.Words Metadata Cleaner.csproj", "{33503259-3AC3-44E4-B678-8AF54850FCE5}"
EndProject
Project("{54435603-DBB4-11D2-8724-00A0C9A8B90C}") = "Setup", "Setup Aspose.Words Metadata Cleaner\Setup Aspose.Words Metadata Cleaner.vdproj", "{1D52DDB4-4500-4FD1-9917-F9C31D70055A}"
EndProject
Global
	GlobalSection(SolutionConfigurationPlatforms) = preSolution
		Debug|Any CPU = Debug|Any CPU
		Release|Any CPU = Release|Any CPU
	EndGlobalSection
	GlobalSection(ProjectConfigurationPlatforms) = postSolution
		{33503259-3AC3-44E4-B678-8AF54850FCE5}.Debug|Any CPU.ActiveCfg = Debug|Any CPU
		{33503259-3AC3-44E4-B678-8AF54850FCE5}.Debug|Any CPU.Build.0 = Debug|Any CPU
		{33503259-3AC3-44E4-B678-8AF54850FCE5}.Release|Any CPU.ActiveCfg = Release|Any CPU
		{33503259-3AC3-44E4-B678-8AF54850FCE5}.Release|Any CPU.Build.0 = Release|Any CPU
		{1D52DDB4-4500-4FD1-9917-F9C31D70055A}.Debug|Any CPU.ActiveCfg = Debug
		{1D52DDB4-4500-4FD1-9917-F9C31D70055A}.Debug|Any CPU.Build.0 = Debug
		{1D52DDB4-4500-4FD1-9917-F9C31D70055A}.Release|Any CPU.ActiveCfg = Release
		{1D52DDB4-4500-4FD1-9917-F9C31D70055A}.Release|Any CPU.Build.0 = Release
	EndGlobalSection
	GlobalSection(SolutionProperties) = preSolution
		HideSolutionNode = FALSE
	EndGlobalSection
EndGlobal
