Microsoft Visual Studio Solution File, Format Version 11.00
# Visual Studio 2010
Project("{F184B08F-C81C-45F6-A57F-5ABD9991F28F}") = "ImageColorFilters", "ImageColorFilters.vbproj", "{48D40EFC-6DDC-4F49-ADCD-9B4ADA0EDFFF}"
EndProject
Global
	GlobalSection(SolutionConfigurationPlatforms) = preSolution
		Debug|Any CPU = Debug|Any CPU
		Release|Any CPU = Release|Any CPU
	EndGlobalSection
	GlobalSection(ProjectConfigurationPlatforms) = postSolution
		{48D40EFC-6DDC-4F49-ADCD-9B4ADA0EDFFF}.Debug|Any CPU.ActiveCfg = Debug|Any CPU
		{48D40EFC-6DDC-4F49-ADCD-9B4ADA0EDFFF}.Debug|Any CPU.Build.0 = Debug|Any CPU
		{48D40EFC-6DDC-4F49-ADCD-9B4ADA0EDFFF}.Release|Any CPU.ActiveCfg = Release|Any CPU
	EndGlobalSection
	GlobalSection(SolutionProperties) = preSolution
		HideSolutionNode = FALSE
	EndGlobalSection
EndGlobal
