Microsoft Visual Studio Solution File, Format Version 11.00
# Visual Studio 2010
Project("{FAE04EC0-301F-11D3-BF4B-00C04F79EFBC}") = "WorkingWithNodes", "WorkingWithNodes.csproj", "{F0E57805-DFC8-4561-93EE-F957BEED3B4D}"
EndProject
Global
	GlobalSection(SolutionConfigurationPlatforms) = preSolution
		Debug|Any CPU = Debug|Any CPU
		Release|Any CPU = Release|Any CPU
	EndGlobalSection
	GlobalSection(ProjectConfigurationPlatforms) = postSolution
		{F0E57805-DFC8-4561-93EE-F957BEED3B4D}.Debug|Any CPU.ActiveCfg = Debug|Any CPU
		{F0E57805-DFC8-4561-93EE-F957BEED3B4D}.Debug|Any CPU.Build.0 = Debug|Any CPU
		{F0E57805-DFC8-4561-93EE-F957BEED3B4D}.Release|Any CPU.ActiveCfg = Release|Any CPU
	EndGlobalSection
	GlobalSection(SolutionProperties) = preSolution
		HideSolutionNode = FALSE
	EndGlobalSection
EndGlobal
