Microsoft Visual Studio Solution File, Format Version 10.00
# Visual Studio 2008
Project("{FAE04EC0-301F-11D3-BF4B-00C04F79EFBC}") = "ImageColorFilters", "ImageColorFilters.csproj", "{48D40EFC-6DDC-4F49-ADCD-9B4ADA0EDFFF}"
EndProject
Global
	GlobalSection(SolutionConfigurationPlatforms) = preSolution
		Debug|Any CPU = Debug|Any CPU
		Release|Any CPU = Release|Any CPU
	EndGlobalSection
	GlobalSection(ProjectConfigurationPlatforms) = postSolution
		{48D40EFC-6DDC-4F49-ADCD-9B4ADA0EDFFF}.Debug|Any CPU.ActiveCfg = Debug|Any CPU
		{48D40EFC-6DDC-4F49-ADCD-9B4ADA0EDFFF}.Debug|Any CPU.Build.0 = Debug|Any CPU
		{48D40EFC-6DDC-4F49-ADCD-9B4ADA0EDFFF}.Release|Any CPU.ActiveCfg = Release|Any CPU
	EndGlobalSection
	GlobalSection(SolutionProperties) = preSolution
		HideSolutionNode = FALSE
	EndGlobalSection
EndGlobal
