
Microsoft Visual Studio Solution File, Format Version 12.00
# Visual Studio 14
VisualStudioVersion = 14.0.23107.0
MinimumVisualStudioVersion = 10.0.40219.1
Project("{FAE04EC0-301F-11D3-BF4B-00C04F79EFBC}") = "Joining Tables", "Joining Tables\Joining Tables.csproj", "{24F48BC4-AD7F-473B-A1F8-8871D77E5401}"
EndProject
Project("{FAE04EC0-301F-11D3-BF4B-00C04F79EFBC}") = "Splitting Tables", "Splitting Tables\Splitting Tables.csproj", "{4814A07B-557C-4D00-AACC-660A5794E504}"
EndProject
Project("{FAE04EC0-301F-11D3-BF4B-00C04F79EFBC}") = "Insert Table of Content", "Insert Table of Content\Insert Table of Content.csproj", "{77EACD62-CC74-471D-9E32-6620A5AB2C7A}"
EndProject
Project("{FAE04EC0-301F-11D3-BF4B-00C04F79EFBC}") = "Inserting Form Fields", "Inserting Form Fields\Inserting Form Fields.csproj", "{FE192FC7-6B50-4252-A35B-8ACEF07968BD}"
EndProject
Project("{FAE04EC0-301F-11D3-BF4B-00C04F79EFBC}") = "Obtaining Form Fields", "Obtaining Form Fields\Obtaining Form Fields.csproj", "{5AA1AEF4-0B1F-4A0D-B35B-4F0FDC20CC68}"
EndProject
Global
	GlobalSection(SolutionConfigurationPlatforms) = preSolution
		Debug|Any CPU = Debug|Any CPU
		Release|Any CPU = Release|Any CPU
	EndGlobalSection
	GlobalSection(ProjectConfigurationPlatforms) = postSolution
		{24F48BC4-AD7F-473B-A1F8-8871D77E5401}.Debug|Any CPU.ActiveCfg = Debug|Any CPU
		{24F48BC4-AD7F-473B-A1F8-8871D77E5401}.Debug|Any CPU.Build.0 = Debug|Any CPU
		{24F48BC4-AD7F-473B-A1F8-8871D77E5401}.Release|Any CPU.ActiveCfg = Release|Any CPU
		{24F48BC4-AD7F-473B-A1F8-8871D77E5401}.Release|Any CPU.Build.0 = Release|Any CPU
		{4814A07B-557C-4D00-AACC-660A5794E504}.Debug|Any CPU.ActiveCfg = Debug|Any CPU
		{4814A07B-557C-4D00-AACC-660A5794E504}.Debug|Any CPU.Build.0 = Debug|Any CPU
		{4814A07B-557C-4D00-AACC-660A5794E504}.Release|Any CPU.ActiveCfg = Release|Any CPU
		{4814A07B-557C-4D00-AACC-660A5794E504}.Release|Any CPU.Build.0 = Release|Any CPU
		{77EACD62-CC74-471D-9E32-6620A5AB2C7A}.Debug|Any CPU.ActiveCfg = Debug|Any CPU
		{77EACD62-CC74-471D-9E32-6620A5AB2C7A}.Debug|Any CPU.Build.0 = Debug|Any CPU
		{77EACD62-CC74-471D-9E32-6620A5AB2C7A}.Release|Any CPU.ActiveCfg = Release|Any CPU
		{77EACD62-CC74-471D-9E32-6620A5AB2C7A}.Release|Any CPU.Build.0 = Release|Any CPU
		{FE192FC7-6B50-4252-A35B-8ACEF07968BD}.Debug|Any CPU.ActiveCfg = Debug|Any CPU
		{FE192FC7-6B50-4252-A35B-8ACEF07968BD}.Debug|Any CPU.Build.0 = Debug|Any CPU
		{FE192FC7-6B50-4252-A35B-8ACEF07968BD}.Release|Any CPU.ActiveCfg = Release|Any CPU
		{FE192FC7-6B50-4252-A35B-8ACEF07968BD}.Release|Any CPU.Build.0 = Release|Any CPU
		{5AA1AEF4-0B1F-4A0D-B35B-4F0FDC20CC68}.Debug|Any CPU.ActiveCfg = Debug|Any CPU
		{5AA1AEF4-0B1F-4A0D-B35B-4F0FDC20CC68}.Debug|Any CPU.Build.0 = Debug|Any CPU
		{5AA1AEF4-0B1F-4A0D-B35B-4F0FDC20CC68}.Release|Any CPU.ActiveCfg = Release|Any CPU
		{5AA1AEF4-0B1F-4A0D-B35B-4F0FDC20CC68}.Release|Any CPU.Build.0 = Release|Any CPU
	EndGlobalSection
	GlobalSection(SolutionProperties) = preSolution
		HideSolutionNode = FALSE
	EndGlobalSection
EndGlobal
