
Microsoft Visual Studio Solution File, Format Version 12.00
# Visual Studio 2012
Project("{FAE04EC0-301F-11D3-BF4B-00C04F79EFBC}") = "Execute Simple Mail Merge", "Execute Simple Mail Merge\Execute Simple Mail Merge.csproj", "{1722CF3C-B57B-4EB2-BB62-004DE1396EDC}"
EndProject
Project("{FAE04EC0-301F-11D3-BF4B-00C04F79EFBC}") = "Nested Mail Merge Regions", "Nested Mail Merge Regions\Nested Mail Merge Regions.csproj", "{8E349FA7-F02C-47B1-A441-FA160EFFA2BC}"
EndProject
Project("{FAE04EC0-301F-11D3-BF4B-00C04F79EFBC}") = "Mail Merge from XML using DataSet", "Mail Merge from XML using DataSet\Mail Merge from XML using DataSet.csproj", "{6C567E34-76B6-40F7-95F9-A10D19CF2CF9}"
EndProject
Global
	GlobalSection(SolutionConfigurationPlatforms) = preSolution
		Debug|Any CPU = Debug|Any CPU
		Release|Any CPU = Release|Any CPU
	EndGlobalSection
	GlobalSection(ProjectConfigurationPlatforms) = postSolution
		{1722CF3C-B57B-4EB2-BB62-004DE1396EDC}.Debug|Any CPU.ActiveCfg = Debug|Any CPU
		{1722CF3C-B57B-4EB2-BB62-004DE1396EDC}.Debug|Any CPU.Build.0 = Debug|Any CPU
		{1722CF3C-B57B-4EB2-BB62-004DE1396EDC}.Release|Any CPU.ActiveCfg = Release|Any CPU
		{1722CF3C-B57B-4EB2-BB62-004DE1396EDC}.Release|Any CPU.Build.0 = Release|Any CPU
		{8E349FA7-F02C-47B1-A441-FA160EFFA2BC}.Debug|Any CPU.ActiveCfg = Debug|Any CPU
		{8E349FA7-F02C-47B1-A441-FA160EFFA2BC}.Debug|Any CPU.Build.0 = Debug|Any CPU
		{8E349FA7-F02C-47B1-A441-FA160EFFA2BC}.Release|Any CPU.ActiveCfg = Release|Any CPU
		{8E349FA7-F02C-47B1-A441-FA160EFFA2BC}.Release|Any CPU.Build.0 = Release|Any CPU
		{6C567E34-76B6-40F7-95F9-A10D19CF2CF9}.Debug|Any CPU.ActiveCfg = Debug|Any CPU
		{6C567E34-76B6-40F7-95F9-A10D19CF2CF9}.Debug|Any CPU.Build.0 = Debug|Any CPU
		{6C567E34-76B6-40F7-95F9-A10D19CF2CF9}.Release|Any CPU.ActiveCfg = Release|Any CPU
		{6C567E34-76B6-40F7-95F9-A10D19CF2CF9}.Release|Any CPU.Build.0 = Release|Any CPU
	EndGlobalSection
	GlobalSection(SolutionProperties) = preSolution
		HideSolutionNode = FALSE
	EndGlobalSection
EndGlobal
