Microsoft Visual Studio Solution File, Format Version 10.00
# Visual Studio 2008
Project("{FAE04EC0-301F-11D3-BF4B-00C04F79EFBC}") = "MultiplePagesOnSheet", "MultiplePagesOnSheet.csproj", "{2AC428E8-11EB-4E13-AF5D-7952D32FC818}"
EndProject
Global
	GlobalSection(SolutionConfigurationPlatforms) = preSolution
		Debug|Any CPU = Debug|Any CPU
		Release|Any CPU = Release|Any CPU
	EndGlobalSection
	GlobalSection(ProjectConfigurationPlatforms) = postSolution
		{2AC428E8-11EB-4E13-AF5D-7952D32FC818}.Debug|Any CPU.ActiveCfg = Debug|Any CPU
		{2AC428E8-11EB-4E13-AF5D-7952D32FC818}.Debug|Any CPU.Build.0 = Debug|Any CPU
		{2AC428E8-11EB-4E13-AF5D-7952D32FC818}.Release|Any CPU.ActiveCfg = Release|Any CPU
	EndGlobalSection
	GlobalSection(SolutionProperties) = preSolution
		HideSolutionNode = FALSE
	EndGlobalSection
EndGlobal
