Microsoft Visual Studio Solution File, Format Version 10.00
# Visual Studio 2008
Project("{FAE04EC0-301F-11D3-BF4B-00C04F79EFBC}") = "CompressImages", "CompressImages.csproj", "{10B8D06B-F643-467E-938D-2359CD50E08C}"
EndProject
Global
	GlobalSection(SolutionConfigurationPlatforms) = preSolution
		Debug|Any CPU = Debug|Any CPU
		Release|Any CPU = Release|Any CPU
	EndGlobalSection
	GlobalSection(ProjectConfigurationPlatforms) = postSolution
		{10B8D06B-F643-467E-938D-2359CD50E08C}.Debug|Any CPU.ActiveCfg = Debug|Any CPU
		{10B8D06B-F643-467E-938D-2359CD50E08C}.Debug|Any CPU.Build.0 = Debug|Any CPU
		{10B8D06B-F643-467E-938D-2359CD50E08C}.Release|Any CPU.ActiveCfg = Release|Any CPU
	EndGlobalSection
	GlobalSection(SolutionProperties) = preSolution
		HideSolutionNode = FALSE
	EndGlobalSection
EndGlobal
