
Microsoft Visual Studio Solution File, Format Version 12.00
# Visual Studio Version 16
VisualStudioVersion = 16.0.30804.86
MinimumVisualStudioVersion = 10.0.40219.1
Project("{FAE04EC0-301F-11D3-BF4B-00C04F79EFBC}") = "Aspose Words", "Aspose Words\Aspose Words.csproj", "{969C3E06-16AA-40C9-9B8A-EDFB8A7CA82D}"
EndProject
Project("{FAE04EC0-301F-11D3-BF4B-00C04F79EFBC}") = "VSTO Words", "VSTO Words\VSTO Words.csproj", "{8BC67556-7CD3-4CC0-A8A3-47DC38F288EC}"
EndProject
Global
	GlobalSection(SolutionConfigurationPlatforms) = preSolution
		Debug|Any CPU = Debug|Any CPU
		Release|Any CPU = Release|Any CPU
	EndGlobalSection
	GlobalSection(ProjectConfigurationPlatforms) = postSolution
		{969C3E06-16AA-40C9-9B8A-EDFB8A7CA82D}.Debug|Any CPU.ActiveCfg = Debug|Any CPU
		{969C3E06-16AA-40C9-9B8A-EDFB8A7CA82D}.Debug|Any CPU.Build.0 = Debug|Any CPU
		{969C3E06-16AA-40C9-9B8A-EDFB8A7CA82D}.Release|Any CPU.ActiveCfg = Release|Any CPU
		{969C3E06-16AA-40C9-9B8A-EDFB8A7CA82D}.Release|Any CPU.Build.0 = Release|Any CPU
		{8BC67556-7CD3-4CC0-A8A3-47DC38F288EC}.Debug|Any CPU.ActiveCfg = Debug|Any CPU
		{8BC67556-7CD3-4CC0-A8A3-47DC38F288EC}.Debug|Any CPU.Build.0 = Debug|Any CPU
		{8BC67556-7CD3-4CC0-A8A3-47DC38F288EC}.Release|Any CPU.ActiveCfg = Release|Any CPU
		{8BC67556-7CD3-4CC0-A8A3-47DC38F288EC}.Release|Any CPU.Build.0 = Release|Any CPU
	EndGlobalSection
	GlobalSection(SolutionProperties) = preSolution
		HideSolutionNode = FALSE
	EndGlobalSection
	GlobalSection(ExtensibilityGlobals) = postSolution
		SolutionGuid = {2B789191-E16A-46F6-81D0-ACD5904FCAD0}
	EndGlobalSection
EndGlobal
