
Microsoft Visual Studio Solution File, Format Version 12.00
# Visual Studio 2012
Project("{FAE04EC0-301F-11D3-BF4B-00C04F79EFBC}") = "VSTO Words", "VSTO Words\VSTO Words.csproj", "{18DB0DB2-33E0-4796-A146-40116179952C}"
EndProject
Project("{FAE04EC0-301F-11D3-BF4B-00C04F79EFBC}") = "Aspose Words", "Aspose Words\Aspose Words.csproj", "{3AFF3523-473C-4D79-AF9F-5528415B8B51}"
EndProject
Global
	GlobalSection(SolutionConfigurationPlatforms) = preSolution
		Debug|Any CPU = Debug|Any CPU
		Release|Any CPU = Release|Any CPU
	EndGlobalSection
	GlobalSection(ProjectConfigurationPlatforms) = postSolution
		{18DB0DB2-33E0-4796-A146-40116179952C}.Debug|Any CPU.ActiveCfg = Debug|Any CPU
		{18DB0DB2-33E0-4796-A146-40116179952C}.Debug|Any CPU.Build.0 = Debug|Any CPU
		{18DB0DB2-33E0-4796-A146-40116179952C}.Release|Any CPU.ActiveCfg = Release|Any CPU
		{18DB0DB2-33E0-4796-A146-40116179952C}.Release|Any CPU.Build.0 = Release|Any CPU
		{3AFF3523-473C-4D79-AF9F-5528415B8B51}.Debug|Any CPU.ActiveCfg = Debug|Any CPU
		{3AFF3523-473C-4D79-AF9F-5528415B8B51}.Debug|Any CPU.Build.0 = Debug|Any CPU
		{3AFF3523-473C-4D79-AF9F-5528415B8B51}.Release|Any CPU.ActiveCfg = Release|Any CPU
		{3AFF3523-473C-4D79-AF9F-5528415B8B51}.Release|Any CPU.Build.0 = Release|Any CPU
	EndGlobalSection
	GlobalSection(SolutionProperties) = preSolution
		HideSolutionNode = FALSE
	EndGlobalSection
EndGlobal
