
Microsoft Visual Studio Solution File, Format Version 12.00
# Visual Studio Version 16
VisualStudioVersion = 16.0.31019.35
MinimumVisualStudioVersion = 10.0.40219.1
Project("{FAE04EC0-301F-11D3-BF4B-00C04F79EFBC}") = "AsposeWordsVSOpenXML", "AsposeWords\AsposeWordsVSOpenXML.csproj", "{5181D152-E178-4066-B8FC-A5E42B67C35A}"
EndProject
Global
	GlobalSection(SolutionConfigurationPlatforms) = preSolution
		Debug|Any CPU = Debug|Any CPU
		Release|Any CPU = Release|Any CPU
	EndGlobalSection
	GlobalSection(ProjectConfigurationPlatforms) = postSolution
		{5181D152-E178-4066-B8FC-A5E42B67C35A}.Debug|Any CPU.ActiveCfg = Debug|Any CPU
		{5181D152-E178-4066-B8FC-A5E42B67C35A}.Debug|Any CPU.Build.0 = Debug|Any CPU
		{5181D152-E178-4066-B8FC-A5E42B67C35A}.Release|Any CPU.ActiveCfg = Release|Any CPU
		{5181D152-E178-4066-B8FC-A5E42B67C35A}.Release|Any CPU.Build.0 = Release|Any CPU
	EndGlobalSection
	GlobalSection(SolutionProperties) = preSolution
		HideSolutionNode = FALSE
	EndGlobalSection
	GlobalSection(ExtensibilityGlobals) = postSolution
		SolutionGuid = {094BD54D-50D9-4F46-97F1-EB91A0158AF2}
	EndGlobalSection
EndGlobal
