
Microsoft Visual Studio Solution File, Format Version 12.00
# Visual Studio 2013
VisualStudioVersion = 12.0.21005.1
MinimumVisualStudioVersion = 10.0.40219.1
Project("{FAE04EC0-301F-11D3-BF4B-00C04F79EFBC}") = "Aspose.Words", "Aspose.Words\Aspose.Words.csproj", "{0A3A6607-C207-419E-863C-A976ECBF1EBE}"
EndProject
Project("{FAE04EC0-301F-11D3-BF4B-00C04F79EFBC}") = "OpenXML Word", "OpenXML Word\OpenXML Word.csproj", "{91B6AAC5-6886-45BA-BE08-D5EAA7CD650A}"
EndProject
Global
	GlobalSection(SolutionConfigurationPlatforms) = preSolution
		Debug|Any CPU = Debug|Any CPU
		Release|Any CPU = Release|Any CPU
	EndGlobalSection
	GlobalSection(ProjectConfigurationPlatforms) = postSolution
		{0A3A6607-C207-419E-863C-A976ECBF1EBE}.Debug|Any CPU.ActiveCfg = Debug|Any CPU
		{0A3A6607-C207-419E-863C-A976ECBF1EBE}.Debug|Any CPU.Build.0 = Debug|Any CPU
		{0A3A6607-C207-419E-863C-A976ECBF1EBE}.Release|Any CPU.ActiveCfg = Release|Any CPU
		{0A3A6607-C207-419E-863C-A976ECBF1EBE}.Release|Any CPU.Build.0 = Release|Any CPU
		{91B6AAC5-6886-45BA-BE08-D5EAA7CD650A}.Debug|Any CPU.ActiveCfg = Debug|Any CPU
		{91B6AAC5-6886-45BA-BE08-D5EAA7CD650A}.Debug|Any CPU.Build.0 = Debug|Any CPU
		{91B6AAC5-6886-45BA-BE08-D5EAA7CD650A}.Release|Any CPU.ActiveCfg = Release|Any CPU
		{91B6AAC5-6886-45BA-BE08-D5EAA7CD650A}.Release|Any CPU.Build.0 = Release|Any CPU
	EndGlobalSection
	GlobalSection(SolutionProperties) = preSolution
		HideSolutionNode = FALSE
	EndGlobalSection
EndGlobal
