
Microsoft Visual Studio Solution File, Format Version 10.00
# Visual Studio 2008
Project("{FAE04EC0-301F-11D3-BF4B-00C04F79EFBC}") = "PageSplitter", "PageSplitter.csproj", "{8B7EE111-8526-41CF-92C2-AA0908E27247}"
EndProject
Global
	GlobalSection(SolutionConfigurationPlatforms) = preSolution
		Debug|Any CPU = Debug|Any CPU
		Release|Any CPU = Release|Any CPU
	EndGlobalSection
	GlobalSection(ProjectConfigurationPlatforms) = postSolution
		{8B7EE111-8526-41CF-92C2-AA0908E27247}.Debug|Any CPU.ActiveCfg = Debug|Any CPU
		{8B7EE111-8526-41CF-92C2-AA0908E27247}.Debug|Any CPU.Build.0 = Debug|Any CPU
		{8B7EE111-8526-41CF-92C2-AA0908E27247}.Release|Any CPU.ActiveCfg = Release|Any CPU
		{8B7EE111-8526-41CF-92C2-AA0908E27247}.Release|Any CPU.Build.0 = Release|Any CPU
	EndGlobalSection
	GlobalSection(SolutionProperties) = preSolution
		HideSolutionNode = FALSE
	EndGlobalSection
EndGlobal
