Microsoft Visual Studio Solution File, Format Version 11.00
# Visual Studio 2010
Project("{FAE04EC0-301F-11D3-BF4B-00C04F79EFBC}") = "XpsPrint", "XpsPrint.csproj", "{F0BFB092-F906-4F2E-8BAC-8AF194F26027}"
EndProject
Global
	GlobalSection(SolutionConfigurationPlatforms) = preSolution
		Debug|Any CPU = Debug|Any CPU
		Release|Any CPU = Release|Any CPU
	EndGlobalSection
	GlobalSection(ProjectConfigurationPlatforms) = postSolution
		{F0BFB092-F906-4F2E-8BAC-8AF194F26027}.Debug|Any CPU.ActiveCfg = Debug|Any CPU
		{F0BFB092-F906-4F2E-8BAC-8AF194F26027}.Debug|Any CPU.Build.0 = Debug|Any CPU
		{F0BFB092-F906-4F2E-8BAC-8AF194F26027}.Release|Any CPU.ActiveCfg = Release|Any CPU
	EndGlobalSection
	GlobalSection(SolutionProperties) = preSolution
		HideSolutionNode = FALSE
	EndGlobalSection
EndGlobal
