
Microsoft Visual Studio Solution File, Format Version 12.00
# Visual Studio 2012
Project("{FAE04EC0-301F-11D3-BF4B-00C04F79EFBC}") = "OpenXML Word", "OpenXML Word\OpenXML Word.csproj", "{8F75108D-E1EE-484C-A390-BABA3A4B22EC}"
EndProject
Project("{FAE04EC0-301F-11D3-BF4B-00C04F79EFBC}") = "Aspose Words", "Aspose Words\Aspose Words.csproj", "{48469186-3AB8-466C-8F17-D66612658B13}"
EndProject
Global
	GlobalSection(SolutionConfigurationPlatforms) = preSolution
		Debug|Any CPU = Debug|Any CPU
		Release|Any CPU = Release|Any CPU
	EndGlobalSection
	GlobalSection(ProjectConfigurationPlatforms) = postSolution
		{8F75108D-E1EE-484C-A390-BABA3A4B22EC}.Debug|Any CPU.ActiveCfg = Debug|Any CPU
		{8F75108D-E1EE-484C-A390-BABA3A4B22EC}.Debug|Any CPU.Build.0 = Debug|Any CPU
		{8F75108D-E1EE-484C-A390-BABA3A4B22EC}.Release|Any CPU.ActiveCfg = Release|Any CPU
		{8F75108D-E1EE-484C-A390-BABA3A4B22EC}.Release|Any CPU.Build.0 = Release|Any CPU
		{48469186-3AB8-466C-8F17-D66612658B13}.Debug|Any CPU.ActiveCfg = Debug|Any CPU
		{48469186-3AB8-466C-8F17-D66612658B13}.Debug|Any CPU.Build.0 = Debug|Any CPU
		{48469186-3AB8-466C-8F17-D66612658B13}.Release|Any CPU.ActiveCfg = Release|Any CPU
		{48469186-3AB8-466C-8F17-D66612658B13}.Release|Any CPU.Build.0 = Release|Any CPU
	EndGlobalSection
	GlobalSection(SolutionProperties) = preSolution
		HideSolutionNode = FALSE
	EndGlobalSection
EndGlobal
