
Microsoft Visual Studio Solution File, Format Version 12.00
# Visual Studio 2013
VisualStudioVersion = 12.0.21005.1
MinimumVisualStudioVersion = 10.0.40219.1
Project("{FAE04EC0-301F-11D3-BF4B-00C04F79EFBC}") = "Aspose .NET OneClick Word Document", "Aspose .NET OneClick Word Document\Aspose .NET OneClick Word Document.csproj", "{53AAF23E-5352-4A3B-8BD7-CB2A206BEF3B}"
EndProject
Global
	GlobalSection(SolutionConfigurationPlatforms) = preSolution
		Debug|Any CPU = Debug|Any CPU
		Release|Any CPU = Release|Any CPU
	EndGlobalSection
	GlobalSection(ProjectConfigurationPlatforms) = postSolution
		{53AAF23E-5352-4A3B-8BD7-CB2A206BEF3B}.Debug|Any CPU.ActiveCfg = Debug|Any CPU
		{53AAF23E-5352-4A3B-8BD7-CB2A206BEF3B}.Debug|Any CPU.Build.0 = Debug|Any CPU
		{53AAF23E-5352-4A3B-8BD7-CB2A206BEF3B}.Release|Any CPU.ActiveCfg = Release|Any CPU
		{53AAF23E-5352-4A3B-8BD7-CB2A206BEF3B}.Release|Any CPU.Build.0 = Release|Any CPU
	EndGlobalSection
	GlobalSection(SolutionProperties) = preSolution
		HideSolutionNode = FALSE
	EndGlobalSection
EndGlobal
