
Microsoft Visual Studio Solution File, Format Version 12.00
# Visual Studio Version 16
VisualStudioVersion = 16.0.30804.86
MinimumVisualStudioVersion = 10.0.40219.1
Project("{FAE04EC0-301F-11D3-BF4B-00C04F79EFBC}") = "VSTO Words", "VSTO Words\VSTO Words.csproj", "{0FCAB7F8-2BFD-4497-9E9D-F414786A4899}"
EndProject
Project("{FAE04EC0-301F-11D3-BF4B-00C04F79EFBC}") = "Aspose Words", "Aspose Words\Aspose Words.csproj", "{FB214874-5AF7-455B-9B44-64F795A283E5}"
EndProject
Global
	GlobalSection(SolutionConfigurationPlatforms) = preSolution
		Debug|Any CPU = Debug|Any CPU
		Release|Any CPU = Release|Any CPU
	EndGlobalSection
	GlobalSection(ProjectConfigurationPlatforms) = postSolution
		{0FCAB7F8-2BFD-4497-9E9D-F414786A4899}.Debug|Any CPU.ActiveCfg = Debug|Any CPU
		{0FCAB7F8-2BFD-4497-9E9D-F414786A4899}.Debug|Any CPU.Build.0 = Debug|Any CPU
		{0FCAB7F8-2BFD-4497-9E9D-F414786A4899}.Release|Any CPU.ActiveCfg = Release|Any CPU
		{0FCAB7F8-2BFD-4497-9E9D-F414786A4899}.Release|Any CPU.Build.0 = Release|Any CPU
		{FB214874-5AF7-455B-9B44-64F795A283E5}.Debug|Any CPU.ActiveCfg = Debug|Any CPU
		{FB214874-5AF7-455B-9B44-64F795A283E5}.Debug|Any CPU.Build.0 = Debug|Any CPU
		{FB214874-5AF7-455B-9B44-64F795A283E5}.Release|Any CPU.ActiveCfg = Release|Any CPU
		{FB214874-5AF7-455B-9B44-64F795A283E5}.Release|Any CPU.Build.0 = Release|Any CPU
	EndGlobalSection
	GlobalSection(SolutionProperties) = preSolution
		HideSolutionNode = FALSE
	EndGlobalSection
	GlobalSection(ExtensibilityGlobals) = postSolution
		SolutionGuid = {22E8F3AC-F05A-45F6-AEEE-3E7F7531010E}
	EndGlobalSection
EndGlobal
