
Microsoft Visual Studio Solution File, Format Version 12.00
# Visual Studio Version 17
VisualStudioVersion = 17.4.33213.308
MinimumVisualStudioVersion = 10.0.40219.1
Project("{9A19103F-16F7-4668-BE54-9A1E7A4F7556}") = "Runner.MAUI", "Runner.MAUI\Runner.MAUI.csproj", "{9481F1F9-483D-4178-AE4B-F2D884128E74}"
EndProject
Global
	GlobalSection(SolutionConfigurationPlatforms) = preSolution
		Debug|Any CPU = Debug|Any CPU
		Debug|iPhone = Debug|iPhone
		Debug|iPhoneSimulator = Debug|iPhoneSimulator
		Release|Any CPU = Release|Any CPU
		Release|iPhone = Release|iPhone
		Release|iPhoneSimulator = Release|iPhoneSimulator
	EndGlobalSection
	GlobalSection(ProjectConfigurationPlatforms) = postSolution
		{9481F1F9-483D-4178-AE4B-F2D884128E74}.Debug|Any CPU.ActiveCfg = Debug|Any CPU
		{9481F1F9-483D-4178-AE4B-F2D884128E74}.Debug|Any CPU.Build.0 = Debug|Any CPU
		{9481F1F9-483D-4178-AE4B-F2D884128E74}.Debug|Any CPU.Deploy.0 = Debug|Any CPU
		{9481F1F9-483D-4178-AE4B-F2D884128E74}.Debug|iPhone.ActiveCfg = Debug|Any CPU
		{9481F1F9-483D-4178-AE4B-F2D884128E74}.Debug|iPhone.Build.0 = Debug|Any CPU
		{9481F1F9-483D-4178-AE4B-F2D884128E74}.Debug|iPhone.Deploy.0 = Debug|Any CPU
		{9481F1F9-483D-4178-AE4B-F2D884128E74}.Debug|iPhoneSimulator.ActiveCfg = Debug|Any CPU
		{9481F1F9-483D-4178-AE4B-F2D884128E74}.Debug|iPhoneSimulator.Build.0 = Debug|Any CPU
		{9481F1F9-483D-4178-AE4B-F2D884128E74}.Debug|iPhoneSimulator.Deploy.0 = Debug|Any CPU
		{9481F1F9-483D-4178-AE4B-F2D884128E74}.Release|Any CPU.ActiveCfg = Release|Any CPU
		{9481F1F9-483D-4178-AE4B-F2D884128E74}.Release|Any CPU.Build.0 = Release|Any CPU
		{9481F1F9-483D-4178-AE4B-F2D884128E74}.Release|Any CPU.Deploy.0 = Release|Any CPU
		{9481F1F9-483D-4178-AE4B-F2D884128E74}.Release|iPhone.ActiveCfg = Release|Any CPU
		{9481F1F9-483D-4178-AE4B-F2D884128E74}.Release|iPhone.Build.0 = Release|Any CPU
		{9481F1F9-483D-4178-AE4B-F2D884128E74}.Release|iPhone.Deploy.0 = Release|Any CPU
		{9481F1F9-483D-4178-AE4B-F2D884128E74}.Release|iPhoneSimulator.ActiveCfg = Release|Any CPU
		{9481F1F9-483D-4178-AE4B-F2D884128E74}.Release|iPhoneSimulator.Build.0 = Release|Any CPU
		{9481F1F9-483D-4178-AE4B-F2D884128E74}.Release|iPhoneSimulator.Deploy.0 = Release|Any CPU
	EndGlobalSection
	GlobalSection(SolutionProperties) = preSolution
		HideSolutionNode = FALSE
	EndGlobalSection
	GlobalSection(ExtensibilityGlobals) = postSolution
		SolutionGuid = {23470666-F2C4-4D8F-82F6-5EC83ACD0738}
	EndGlobalSection
EndGlobal
