Microsoft Visual Studio Solution File, Format Version 11.00
# Visual Studio 2010
Project("{FAE04EC0-301F-11D3-BF4B-00C04F79EFBC}") = "LINQtoXMLMailMerge", "LINQtoXMLMailMerge.csproj", "{0697F567-1E1F-4BA0-8809-1940B64764C7}"
EndProject
Global
	GlobalSection(SolutionConfigurationPlatforms) = preSolution
		Debug|Any CPU = Debug|Any CPU
		Release|Any CPU = Release|Any CPU
	EndGlobalSection
	GlobalSection(ProjectConfigurationPlatforms) = postSolution
		{0697F567-1E1F-4BA0-8809-1940B64764C7}.Debug|Any CPU.ActiveCfg = Debug|Any CPU
		{0697F567-1E1F-4BA0-8809-1940B64764C7}.Debug|Any CPU.Build.0 = Debug|Any CPU
		{0697F567-1E1F-4BA0-8809-1940B64764C7}.Release|Any CPU.ActiveCfg = Release|Any CPU
	EndGlobalSection
	GlobalSection(SolutionProperties) = preSolution
		HideSolutionNode = FALSE
	EndGlobalSection
EndGlobal
