
Microsoft Visual Studio Solution File, Format Version 12.00
# Visual Studio 2013
VisualStudioVersion = 12.0.21005.1
MinimumVisualStudioVersion = 10.0.40219.1
Project("{2150E333-8FDC-42A3-9474-1A3956D46DE8}") = "Add table to Word Document", "Add table to Word Document", "{7679D869-FFD3-432B-9936-7FA070107924}"
EndProject
Project("{FAE04EC0-301F-11D3-BF4B-00C04F79EFBC}") = "Aspose Words", "Add table to Word Document\Aspose Words\Aspose Words.csproj", "{28750FB3-BEA9-4CCA-89B8-9B1291184AA2}"
EndProject
Project("{FAE04EC0-301F-11D3-BF4B-00C04F79EFBC}") = "OpenXML", "Add table to Word Document\OpenXML\OpenXML.csproj", "{DA3B1BC7-EBCE-48D6-A8A8-65B73798879C}"
EndProject
Project("{2150E333-8FDC-42A3-9474-1A3956D46DE8}") = "Change or Replace Header and footer in Word", "Change or Replace Header and footer in Word", "{62C1137B-ED74-4DD4-97B6-A4CCC15F64C0}"
EndProject
Project("{FAE04EC0-301F-11D3-BF4B-00C04F79EFBC}") = "Aspose Word", "Change or Replace Header and footer in Word\Aspose Word\Aspose Word.csproj", "{A0CC4A0A-6F50-468B-A7AA-0354B16C01B7}"
EndProject
Project("{FAE04EC0-301F-11D3-BF4B-00C04F79EFBC}") = "OpenXML SDK", "Change or Replace Header and footer in Word\OpenXML SDK\OpenXML SDK.csproj", "{8220E8D9-163C-4C14-AE8B-B85C5517406C}"
EndProject
Project("{2150E333-8FDC-42A3-9474-1A3956D46DE8}") = "Change text in a table", "Change text in a table", "{715D982F-050A-47C9-808E-0E2B70B8F31E}"
EndProject
Project("{FAE04EC0-301F-11D3-BF4B-00C04F79EFBC}") = "Aspose Words", "Change text in a table\Aspose Words\Aspose Words.csproj", "{6880B696-B3B9-4CD3-807D-FFE0EB0F81BF}"
EndProject
Project("{FAE04EC0-301F-11D3-BF4B-00C04F79EFBC}") = "OpenXML Word", "Change text in a table\OpenXML Word\OpenXML Word.csproj", "{728F1B3B-A630-48EA-BE91-E11C4B76C52C}"
EndProject
Project("{2150E333-8FDC-42A3-9474-1A3956D46DE8}") = "ConvertFromDOCMtoDOCX", "ConvertFromDOCMtoDOCX", "{46BFA943-4DC4-4233-93F0-1A961CBFDA78}"
EndProject
Project("{FAE04EC0-301F-11D3-BF4B-00C04F79EFBC}") = "Aspose.Words", "ConvertFromDOCMtoDOCX\Aspose.Words\Aspose.Words.csproj", "{85896EAC-A66E-40E4-8FA7-342F425087E0}"
EndProject
Project("{FAE04EC0-301F-11D3-BF4B-00C04F79EFBC}") = "OpenXml Words", "ConvertFromDOCMtoDOCX\OpenXml Words\OpenXml Words.csproj", "{6235990D-3354-424E-98D4-3E05697E4A32}"
EndProject
Project("{2150E333-8FDC-42A3-9474-1A3956D46DE8}") = "Create a word processing document", "Create a word processing document", "{473A69CB-F125-41F0-9FA7-3599A1A9D677}"
EndProject
Project("{FAE04EC0-301F-11D3-BF4B-00C04F79EFBC}") = "Aspose Words", "Create a word processing document\Aspose Words\Aspose Words.csproj", "{F5D192CF-2B0B-4B81-ADD3-9A6C8B98297B}"
EndProject
Project("{FAE04EC0-301F-11D3-BF4B-00C04F79EFBC}") = "OpenXML Word", "Create a word processing document\OpenXML Word\OpenXML Word.csproj", "{FEB120ED-18F0-4E6E-9D5A-81412E76B446}"
EndProject
Project("{2150E333-8FDC-42A3-9474-1A3956D46DE8}") = "Create and add a paragraph style", "Create and add a paragraph style", "{D6B10B03-A6C2-4A48-9BE3-BA2D62AB7629}"
EndProject
Project("{FAE04EC0-301F-11D3-BF4B-00C04F79EFBC}") = "Aspose Words", "Create and add a paragraph style\Aspose Words\Aspose Words.csproj", "{48469186-3AB8-466C-8F17-D66612658B13}"
EndProject
Project("{FAE04EC0-301F-11D3-BF4B-00C04F79EFBC}") = "OpenXML Word", "Create and add a paragraph style\OpenXML Word\OpenXML Word.csproj", "{8F75108D-E1EE-484C-A390-BABA3A4B22EC}"
EndProject
Project("{2150E333-8FDC-42A3-9474-1A3956D46DE8}") = "Delete comments by all or a specific author", "Delete comments by all or a specific author", "{D39E8349-250A-4660-ADDF-06C5B9DEF070}"
EndProject
Project("{FAE04EC0-301F-11D3-BF4B-00C04F79EFBC}") = "Aspose Word", "Delete comments by all or a specific author\Aspose Word\Aspose Word.csproj", "{2AFF4040-C0DF-4531-9F7B-39F2C685B020}"
EndProject
Project("{FAE04EC0-301F-11D3-BF4B-00C04F79EFBC}") = "OpenXML SDK", "Delete comments by all or a specific author\OpenXML SDK\OpenXML SDK.csproj", "{C94AA6DF-D9C2-4BA6-A676-8E08D92BD2FE}"
EndProject
Project("{2150E333-8FDC-42A3-9474-1A3956D46DE8}") = "Extract Image from Word Document", "Extract Image from Word Document", "{7464E82C-F12D-41BB-BA1B-4D70F12155C2}"
EndProject
Project("{FAE04EC0-301F-11D3-BF4B-00C04F79EFBC}") = "Aspose.Words", "Extract Image from Word Document\Aspose.Words\Aspose.Words.csproj", "{10AB8687-BAFA-460C-AF9E-406345DD5D89}"
EndProject
Project("{FAE04EC0-301F-11D3-BF4B-00C04F79EFBC}") = "OpenXML Word", "Extract Image from Word Document\OpenXML Word\OpenXML Word.csproj", "{91B6AAC5-6886-45BA-BE08-D5EAA7CD650A}"
EndProject
Project("{2150E333-8FDC-42A3-9474-1A3956D46DE8}") = "Get and Set Bookmark Text", "Get and Set Bookmark Text", "{DD7516E8-1004-4E8E-82EB-68947F0942B3}"
EndProject
Project("{FAE04EC0-301F-11D3-BF4B-00C04F79EFBC}") = "Aspose.Words", "Get and Set Bookmark Text\Aspose.Words\Aspose.Words.csproj", "{B7BD01B5-9486-4261-BBAD-29D1DE0961BE}"
EndProject
Project("{FAE04EC0-301F-11D3-BF4B-00C04F79EFBC}") = "OpenXML Word", "Get and Set Bookmark Text\OpenXML Word\OpenXML Word.csproj", "{63A54F3F-9BBC-4428-8020-5E198E19BF74}"
EndProject
Project("{2150E333-8FDC-42A3-9474-1A3956D46DE8}") = "Insert a comment into a word processing document", "Insert a comment into a word processing document", "{F023234F-9E23-4884-8291-E3D9B2810AB0}"
EndProject
Project("{FAE04EC0-301F-11D3-BF4B-00C04F79EFBC}") = "Aspose Word", "Insert a comment into a word processing document\Aspose Word\Aspose Word.csproj", "{CB4795FC-AA93-49CF-BBB6-0F0454521FC8}"
EndProject
Project("{FAE04EC0-301F-11D3-BF4B-00C04F79EFBC}") = "OpenXML SDK", "Insert a comment into a word processing document\OpenXML SDK\OpenXML SDK.csproj", "{70AC0C2D-6ECE-4223-9A90-3BB3E852C332}"
EndProject
Project("{2150E333-8FDC-42A3-9474-1A3956D46DE8}") = "Insert picture in Word document", "Insert picture in Word document", "{4F0341B5-B7CF-4E2C-8602-51FE31CC396D}"
EndProject
Project("{FAE04EC0-301F-11D3-BF4B-00C04F79EFBC}") = "Aspose Words", "Insert picture in Word document\Aspose Words\Aspose Words.csproj", "{94D5980F-7A33-4211-A3F1-506194603010}"
EndProject
Project("{FAE04EC0-301F-11D3-BF4B-00C04F79EFBC}") = "OpenXml Word", "Insert picture in Word document\OpenXml Word\OpenXml Word.csproj", "{D1E6C044-8669-4419-BED6-F31EBED3FE9E}"
EndProject
Project("{2150E333-8FDC-42A3-9474-1A3956D46DE8}") = "Open and add text to Word Document", "Open and add text to Word Document", "{6D08F614-0FC6-485D-BBE1-E398186956BD}"
EndProject
Project("{FAE04EC0-301F-11D3-BF4B-00C04F79EFBC}") = "Aspose Words", "Open and add text to Word Document\Aspose Words\Aspose Words.csproj", "{D6E545B2-DF2D-4B32-9FB9-40F8CEF18C41}"
EndProject
Project("{FAE04EC0-301F-11D3-BF4B-00C04F79EFBC}") = "OpenXml Word", "Open and add text to Word Document\OpenXml Word\OpenXml Word.csproj", "{5E4ECEF2-FA79-45BD-AD55-13583A054ABE}"
EndProject
Project("{2150E333-8FDC-42A3-9474-1A3956D46DE8}") = "OpenDocumentFromStream", "OpenDocumentFromStream", "{9EF36FB0-08F8-40EF-93E3-8FF561742B37}"
EndProject
Project("{FAE04EC0-301F-11D3-BF4B-00C04F79EFBC}") = "Aspose.Words", "OpenDocumentFromStream\Aspose.Words\Aspose.Words.csproj", "{7D800A73-B84E-4ABD-8552-322C767CEE5E}"
EndProject
Project("{FAE04EC0-301F-11D3-BF4B-00C04F79EFBC}") = "OpenXml Words", "OpenDocumentFromStream\OpenXml Words\OpenXml Words.csproj", "{1F61D78B-8EAD-4F25-A5C4-CD347F1B4EA0}"
EndProject
Project("{2150E333-8FDC-42A3-9474-1A3956D46DE8}") = "OpenReadOnlyAccess", "OpenReadOnlyAccess", "{E19B4F39-A837-479D-A91F-0BA10B6A6AC8}"
EndProject
Project("{FAE04EC0-301F-11D3-BF4B-00C04F79EFBC}") = "Aspose.Words", "OpenReadOnlyAccess\Aspose.Words\Aspose.Words.csproj", "{2BEC8FF4-1522-4D78-960F-E01093D6EA57}"
EndProject
Project("{FAE04EC0-301F-11D3-BF4B-00C04F79EFBC}") = "OpenXML Words", "OpenReadOnlyAccess\OpenXML Words\OpenXML Words.csproj", "{95B29EA9-0EB2-4644-9109-2BF02A494E5D}"
EndProject
Project("{2150E333-8FDC-42A3-9474-1A3956D46DE8}") = "Remove Hidden Text from Document", "Remove Hidden Text from Document", "{177ACA88-04CA-4804-B0B9-AF468CCCB47A}"
EndProject
Project("{FAE04EC0-301F-11D3-BF4B-00C04F79EFBC}") = "Aspose.Words", "Remove Hidden Text from Document\Aspose.Words\Aspose.Words.csproj", "{1A7E10B2-1C51-4310-AAD8-36561D525EDC}"
EndProject
Project("{FAE04EC0-301F-11D3-BF4B-00C04F79EFBC}") = "OpenXML Word", "Remove Hidden Text from Document\OpenXML Word\OpenXML Word.csproj", "{6DCFE714-FE76-4C1D-9BCD-D032A2B54C9A}"
EndProject
Project("{2150E333-8FDC-42A3-9474-1A3956D46DE8}") = "Remove Page Breaks from Document", "Remove Page Breaks from Document", "{696811EB-7548-4B99-937E-6856F9C8655F}"
EndProject
Project("{FAE04EC0-301F-11D3-BF4B-00C04F79EFBC}") = "Aspose.Words", "Remove Page Breaks from Document\Aspose.Words\Aspose.Words.csproj", "{627350DB-2C40-42D7-9EF8-7159A6985D49}"
EndProject
Project("{FAE04EC0-301F-11D3-BF4B-00C04F79EFBC}") = "OpenXML Word", "Remove Page Breaks from Document\OpenXML Word\OpenXML Word.csproj", "{1E33FE04-3765-4A88-89FF-0F72CF235B1F}"
EndProject
Project("{2150E333-8FDC-42A3-9474-1A3956D46DE8}") = "Remove Section Breaks from Document", "Remove Section Breaks from Document", "{82AA0782-9464-4113-9CB8-C03145A7BD23}"
EndProject
Project("{FAE04EC0-301F-11D3-BF4B-00C04F79EFBC}") = "Aspose.Words", "Remove Section Breaks from Document\Aspose.Words\Aspose.Words.csproj", "{DAE5260C-A237-4BC5-B494-7E0AC1597D94}"
EndProject
Project("{FAE04EC0-301F-11D3-BF4B-00C04F79EFBC}") = "OpenXML Words", "Remove Section Breaks from Document\OpenXML Words\OpenXML Words.csproj", "{B62C5681-33AB-414D-B863-DB2A650037D5}"
EndProject
Project("{2150E333-8FDC-42A3-9474-1A3956D46DE8}") = "RemoveHeaderFooter", "RemoveHeaderFooter", "{99EDDB9F-392C-4668-8B09-256AE1B33F3D}"
EndProject
Project("{FAE04EC0-301F-11D3-BF4B-00C04F79EFBC}") = "Aspose.Words", "RemoveHeaderFooter\Aspose.Words\Aspose.Words.csproj", "{E65EFC68-7CF1-4487-92A2-E10228F00A21}"
EndProject
Project("{FAE04EC0-301F-11D3-BF4B-00C04F79EFBC}") = "OpenXML", "RemoveHeaderFooter\OpenXML Words\OpenXML.csproj", "{CA94428C-D44D-48F0-A2FA-4DADD5F065AC}"
EndProject
Project("{2150E333-8FDC-42A3-9474-1A3956D46DE8}") = "Retrieve comments from a word processing document", "Retrieve comments from a word processing document", "{B8592F5F-61A5-4D2C-B9B8-7A1B7C5EB9B0}"
EndProject
Project("{FAE04EC0-301F-11D3-BF4B-00C04F79EFBC}") = "Aspose Word", "Retrieve comments from a word processing document\Aspose Word\Aspose Word.csproj", "{19C326BD-16BE-4207-A581-D04D7FC49A24}"
EndProject
Project("{FAE04EC0-301F-11D3-BF4B-00C04F79EFBC}") = "OpenXML SDK", "Retrieve comments from a word processing document\OpenXML SDK\OpenXML SDK.csproj", "{DEBC0CCE-7070-43EE-A0D7-493901FDBB7C}"
EndProject
Project("{2150E333-8FDC-42A3-9474-1A3956D46DE8}") = "Search and Replace Text in Document Part", "Search and Replace Text in Document Part", "{D2220FD9-815B-4D5A-A083-8B51D81FA9D9}"
EndProject
Project("{FAE04EC0-301F-11D3-BF4B-00C04F79EFBC}") = "Aspose.Words", "Search and Replace Text in Document Part\Aspose.Words\Aspose.Words.csproj", "{8E5B7F5F-6898-484E-91B8-7501A839C3F0}"
EndProject
Project("{FAE04EC0-301F-11D3-BF4B-00C04F79EFBC}") = "OpenXML Word", "Search and Replace Text in Document Part\OpenXML Word\OpenXML Word.csproj", "{89964867-FF2B-48A6-AD56-B7DA871A91CA}"
EndProject
Global
	GlobalSection(SolutionConfigurationPlatforms) = preSolution
		Debug|Any CPU = Debug|Any CPU
		Release|Any CPU = Release|Any CPU
	EndGlobalSection
	GlobalSection(ProjectConfigurationPlatforms) = postSolution
		{28750FB3-BEA9-4CCA-89B8-9B1291184AA2}.Debug|Any CPU.ActiveCfg = Debug|Any CPU
		{28750FB3-BEA9-4CCA-89B8-9B1291184AA2}.Debug|Any CPU.Build.0 = Debug|Any CPU
		{28750FB3-BEA9-4CCA-89B8-9B1291184AA2}.Release|Any CPU.ActiveCfg = Release|Any CPU
		{28750FB3-BEA9-4CCA-89B8-9B1291184AA2}.Release|Any CPU.Build.0 = Release|Any CPU
		{DA3B1BC7-EBCE-48D6-A8A8-65B73798879C}.Debug|Any CPU.ActiveCfg = Debug|Any CPU
		{DA3B1BC7-EBCE-48D6-A8A8-65B73798879C}.Debug|Any CPU.Build.0 = Debug|Any CPU
		{DA3B1BC7-EBCE-48D6-A8A8-65B73798879C}.Release|Any CPU.ActiveCfg = Release|Any CPU
		{DA3B1BC7-EBCE-48D6-A8A8-65B73798879C}.Release|Any CPU.Build.0 = Release|Any CPU
		{A0CC4A0A-6F50-468B-A7AA-0354B16C01B7}.Debug|Any CPU.ActiveCfg = Debug|Any CPU
		{A0CC4A0A-6F50-468B-A7AA-0354B16C01B7}.Debug|Any CPU.Build.0 = Debug|Any CPU
		{A0CC4A0A-6F50-468B-A7AA-0354B16C01B7}.Release|Any CPU.ActiveCfg = Release|Any CPU
		{A0CC4A0A-6F50-468B-A7AA-0354B16C01B7}.Release|Any CPU.Build.0 = Release|Any CPU
		{8220E8D9-163C-4C14-AE8B-B85C5517406C}.Debug|Any CPU.ActiveCfg = Debug|Any CPU
		{8220E8D9-163C-4C14-AE8B-B85C5517406C}.Debug|Any CPU.Build.0 = Debug|Any CPU
		{8220E8D9-163C-4C14-AE8B-B85C5517406C}.Release|Any CPU.ActiveCfg = Release|Any CPU
		{8220E8D9-163C-4C14-AE8B-B85C5517406C}.Release|Any CPU.Build.0 = Release|Any CPU
		{6880B696-B3B9-4CD3-807D-FFE0EB0F81BF}.Debug|Any CPU.ActiveCfg = Debug|Any CPU
		{6880B696-B3B9-4CD3-807D-FFE0EB0F81BF}.Debug|Any CPU.Build.0 = Debug|Any CPU
		{6880B696-B3B9-4CD3-807D-FFE0EB0F81BF}.Release|Any CPU.ActiveCfg = Release|Any CPU
		{6880B696-B3B9-4CD3-807D-FFE0EB0F81BF}.Release|Any CPU.Build.0 = Release|Any CPU
		{728F1B3B-A630-48EA-BE91-E11C4B76C52C}.Debug|Any CPU.ActiveCfg = Debug|Any CPU
		{728F1B3B-A630-48EA-BE91-E11C4B76C52C}.Debug|Any CPU.Build.0 = Debug|Any CPU
		{728F1B3B-A630-48EA-BE91-E11C4B76C52C}.Release|Any CPU.ActiveCfg = Release|Any CPU
		{728F1B3B-A630-48EA-BE91-E11C4B76C52C}.Release|Any CPU.Build.0 = Release|Any CPU
		{85896EAC-A66E-40E4-8FA7-342F425087E0}.Debug|Any CPU.ActiveCfg = Debug|Any CPU
		{85896EAC-A66E-40E4-8FA7-342F425087E0}.Debug|Any CPU.Build.0 = Debug|Any CPU
		{85896EAC-A66E-40E4-8FA7-342F425087E0}.Release|Any CPU.ActiveCfg = Release|Any CPU
		{85896EAC-A66E-40E4-8FA7-342F425087E0}.Release|Any CPU.Build.0 = Release|Any CPU
		{6235990D-3354-424E-98D4-3E05697E4A32}.Debug|Any CPU.ActiveCfg = Debug|Any CPU
		{6235990D-3354-424E-98D4-3E05697E4A32}.Debug|Any CPU.Build.0 = Debug|Any CPU
		{6235990D-3354-424E-98D4-3E05697E4A32}.Release|Any CPU.ActiveCfg = Release|Any CPU
		{6235990D-3354-424E-98D4-3E05697E4A32}.Release|Any CPU.Build.0 = Release|Any CPU
		{F5D192CF-2B0B-4B81-ADD3-9A6C8B98297B}.Debug|Any CPU.ActiveCfg = Debug|Any CPU
		{F5D192CF-2B0B-4B81-ADD3-9A6C8B98297B}.Debug|Any CPU.Build.0 = Debug|Any CPU
		{F5D192CF-2B0B-4B81-ADD3-9A6C8B98297B}.Release|Any CPU.ActiveCfg = Release|Any CPU
		{F5D192CF-2B0B-4B81-ADD3-9A6C8B98297B}.Release|Any CPU.Build.0 = Release|Any CPU
		{FEB120ED-18F0-4E6E-9D5A-81412E76B446}.Debug|Any CPU.ActiveCfg = Debug|Any CPU
		{FEB120ED-18F0-4E6E-9D5A-81412E76B446}.Debug|Any CPU.Build.0 = Debug|Any CPU
		{FEB120ED-18F0-4E6E-9D5A-81412E76B446}.Release|Any CPU.ActiveCfg = Release|Any CPU
		{FEB120ED-18F0-4E6E-9D5A-81412E76B446}.Release|Any CPU.Build.0 = Release|Any CPU
		{48469186-3AB8-466C-8F17-D66612658B13}.Debug|Any CPU.ActiveCfg = Debug|Any CPU
		{48469186-3AB8-466C-8F17-D66612658B13}.Debug|Any CPU.Build.0 = Debug|Any CPU
		{48469186-3AB8-466C-8F17-D66612658B13}.Release|Any CPU.ActiveCfg = Release|Any CPU
		{48469186-3AB8-466C-8F17-D66612658B13}.Release|Any CPU.Build.0 = Release|Any CPU
		{8F75108D-E1EE-484C-A390-BABA3A4B22EC}.Debug|Any CPU.ActiveCfg = Debug|Any CPU
		{8F75108D-E1EE-484C-A390-BABA3A4B22EC}.Debug|Any CPU.Build.0 = Debug|Any CPU
		{8F75108D-E1EE-484C-A390-BABA3A4B22EC}.Release|Any CPU.ActiveCfg = Release|Any CPU
		{8F75108D-E1EE-484C-A390-BABA3A4B22EC}.Release|Any CPU.Build.0 = Release|Any CPU
		{2AFF4040-C0DF-4531-9F7B-39F2C685B020}.Debug|Any CPU.ActiveCfg = Debug|Any CPU
		{2AFF4040-C0DF-4531-9F7B-39F2C685B020}.Debug|Any CPU.Build.0 = Debug|Any CPU
		{2AFF4040-C0DF-4531-9F7B-39F2C685B020}.Release|Any CPU.ActiveCfg = Release|Any CPU
		{2AFF4040-C0DF-4531-9F7B-39F2C685B020}.Release|Any CPU.Build.0 = Release|Any CPU
		{C94AA6DF-D9C2-4BA6-A676-8E08D92BD2FE}.Debug|Any CPU.ActiveCfg = Debug|Any CPU
		{C94AA6DF-D9C2-4BA6-A676-8E08D92BD2FE}.Debug|Any CPU.Build.0 = Debug|Any CPU
		{C94AA6DF-D9C2-4BA6-A676-8E08D92BD2FE}.Release|Any CPU.ActiveCfg = Release|Any CPU
		{C94AA6DF-D9C2-4BA6-A676-8E08D92BD2FE}.Release|Any CPU.Build.0 = Release|Any CPU
		{10AB8687-BAFA-460C-AF9E-406345DD5D89}.Debug|Any CPU.ActiveCfg = Debug|Any CPU
		{10AB8687-BAFA-460C-AF9E-406345DD5D89}.Debug|Any CPU.Build.0 = Debug|Any CPU
		{10AB8687-BAFA-460C-AF9E-406345DD5D89}.Release|Any CPU.ActiveCfg = Release|Any CPU
		{10AB8687-BAFA-460C-AF9E-406345DD5D89}.Release|Any CPU.Build.0 = Release|Any CPU
		{91B6AAC5-6886-45BA-BE08-D5EAA7CD650A}.Debug|Any CPU.ActiveCfg = Debug|Any CPU
		{91B6AAC5-6886-45BA-BE08-D5EAA7CD650A}.Debug|Any CPU.Build.0 = Debug|Any CPU
		{91B6AAC5-6886-45BA-BE08-D5EAA7CD650A}.Release|Any CPU.ActiveCfg = Release|Any CPU
		{91B6AAC5-6886-45BA-BE08-D5EAA7CD650A}.Release|Any CPU.Build.0 = Release|Any CPU
		{B7BD01B5-9486-4261-BBAD-29D1DE0961BE}.Debug|Any CPU.ActiveCfg = Debug|Any CPU
		{B7BD01B5-9486-4261-BBAD-29D1DE0961BE}.Debug|Any CPU.Build.0 = Debug|Any CPU
		{B7BD01B5-9486-4261-BBAD-29D1DE0961BE}.Release|Any CPU.ActiveCfg = Release|Any CPU
		{B7BD01B5-9486-4261-BBAD-29D1DE0961BE}.Release|Any CPU.Build.0 = Release|Any CPU
		{63A54F3F-9BBC-4428-8020-5E198E19BF74}.Debug|Any CPU.ActiveCfg = Debug|Any CPU
		{63A54F3F-9BBC-4428-8020-5E198E19BF74}.Debug|Any CPU.Build.0 = Debug|Any CPU
		{63A54F3F-9BBC-4428-8020-5E198E19BF74}.Release|Any CPU.ActiveCfg = Release|Any CPU
		{63A54F3F-9BBC-4428-8020-5E198E19BF74}.Release|Any CPU.Build.0 = Release|Any CPU
		{CB4795FC-AA93-49CF-BBB6-0F0454521FC8}.Debug|Any CPU.ActiveCfg = Debug|Any CPU
		{CB4795FC-AA93-49CF-BBB6-0F0454521FC8}.Debug|Any CPU.Build.0 = Debug|Any CPU
		{CB4795FC-AA93-49CF-BBB6-0F0454521FC8}.Release|Any CPU.ActiveCfg = Release|Any CPU
		{CB4795FC-AA93-49CF-BBB6-0F0454521FC8}.Release|Any CPU.Build.0 = Release|Any CPU
		{70AC0C2D-6ECE-4223-9A90-3BB3E852C332}.Debug|Any CPU.ActiveCfg = Debug|Any CPU
		{70AC0C2D-6ECE-4223-9A90-3BB3E852C332}.Debug|Any CPU.Build.0 = Debug|Any CPU
		{70AC0C2D-6ECE-4223-9A90-3BB3E852C332}.Release|Any CPU.ActiveCfg = Release|Any CPU
		{70AC0C2D-6ECE-4223-9A90-3BB3E852C332}.Release|Any CPU.Build.0 = Release|Any CPU
		{94D5980F-7A33-4211-A3F1-506194603010}.Debug|Any CPU.ActiveCfg = Debug|Any CPU
		{94D5980F-7A33-4211-A3F1-506194603010}.Debug|Any CPU.Build.0 = Debug|Any CPU
		{94D5980F-7A33-4211-A3F1-506194603010}.Release|Any CPU.ActiveCfg = Release|Any CPU
		{94D5980F-7A33-4211-A3F1-506194603010}.Release|Any CPU.Build.0 = Release|Any CPU
		{D1E6C044-8669-4419-BED6-F31EBED3FE9E}.Debug|Any CPU.ActiveCfg = Debug|Any CPU
		{D1E6C044-8669-4419-BED6-F31EBED3FE9E}.Debug|Any CPU.Build.0 = Debug|Any CPU
		{D1E6C044-8669-4419-BED6-F31EBED3FE9E}.Release|Any CPU.ActiveCfg = Release|Any CPU
		{D1E6C044-8669-4419-BED6-F31EBED3FE9E}.Release|Any CPU.Build.0 = Release|Any CPU
		{D6E545B2-DF2D-4B32-9FB9-40F8CEF18C41}.Debug|Any CPU.ActiveCfg = Debug|Any CPU
		{D6E545B2-DF2D-4B32-9FB9-40F8CEF18C41}.Debug|Any CPU.Build.0 = Debug|Any CPU
		{D6E545B2-DF2D-4B32-9FB9-40F8CEF18C41}.Release|Any CPU.ActiveCfg = Release|Any CPU
		{D6E545B2-DF2D-4B32-9FB9-40F8CEF18C41}.Release|Any CPU.Build.0 = Release|Any CPU
		{5E4ECEF2-FA79-45BD-AD55-13583A054ABE}.Debug|Any CPU.ActiveCfg = Debug|Any CPU
		{5E4ECEF2-FA79-45BD-AD55-13583A054ABE}.Debug|Any CPU.Build.0 = Debug|Any CPU
		{5E4ECEF2-FA79-45BD-AD55-13583A054ABE}.Release|Any CPU.ActiveCfg = Release|Any CPU
		{5E4ECEF2-FA79-45BD-AD55-13583A054ABE}.Release|Any CPU.Build.0 = Release|Any CPU
		{7D800A73-B84E-4ABD-8552-322C767CEE5E}.Debug|Any CPU.ActiveCfg = Debug|Any CPU
		{7D800A73-B84E-4ABD-8552-322C767CEE5E}.Debug|Any CPU.Build.0 = Debug|Any CPU
		{7D800A73-B84E-4ABD-8552-322C767CEE5E}.Release|Any CPU.ActiveCfg = Release|Any CPU
		{7D800A73-B84E-4ABD-8552-322C767CEE5E}.Release|Any CPU.Build.0 = Release|Any CPU
		{1F61D78B-8EAD-4F25-A5C4-CD347F1B4EA0}.Debug|Any CPU.ActiveCfg = Debug|Any CPU
		{1F61D78B-8EAD-4F25-A5C4-CD347F1B4EA0}.Debug|Any CPU.Build.0 = Debug|Any CPU
		{1F61D78B-8EAD-4F25-A5C4-CD347F1B4EA0}.Release|Any CPU.ActiveCfg = Release|Any CPU
		{1F61D78B-8EAD-4F25-A5C4-CD347F1B4EA0}.Release|Any CPU.Build.0 = Release|Any CPU
		{2BEC8FF4-1522-4D78-960F-E01093D6EA57}.Debug|Any CPU.ActiveCfg = Debug|Any CPU
		{2BEC8FF4-1522-4D78-960F-E01093D6EA57}.Debug|Any CPU.Build.0 = Debug|Any CPU
		{2BEC8FF4-1522-4D78-960F-E01093D6EA57}.Release|Any CPU.ActiveCfg = Release|Any CPU
		{2BEC8FF4-1522-4D78-960F-E01093D6EA57}.Release|Any CPU.Build.0 = Release|Any CPU
		{95B29EA9-0EB2-4644-9109-2BF02A494E5D}.Debug|Any CPU.ActiveCfg = Debug|Any CPU
		{95B29EA9-0EB2-4644-9109-2BF02A494E5D}.Debug|Any CPU.Build.0 = Debug|Any CPU
		{95B29EA9-0EB2-4644-9109-2BF02A494E5D}.Release|Any CPU.ActiveCfg = Release|Any CPU
		{95B29EA9-0EB2-4644-9109-2BF02A494E5D}.Release|Any CPU.Build.0 = Release|Any CPU
		{1A7E10B2-1C51-4310-AAD8-36561D525EDC}.Debug|Any CPU.ActiveCfg = Debug|Any CPU
		{1A7E10B2-1C51-4310-AAD8-36561D525EDC}.Debug|Any CPU.Build.0 = Debug|Any CPU
		{1A7E10B2-1C51-4310-AAD8-36561D525EDC}.Release|Any CPU.ActiveCfg = Release|Any CPU
		{1A7E10B2-1C51-4310-AAD8-36561D525EDC}.Release|Any CPU.Build.0 = Release|Any CPU
		{6DCFE714-FE76-4C1D-9BCD-D032A2B54C9A}.Debug|Any CPU.ActiveCfg = Debug|Any CPU
		{6DCFE714-FE76-4C1D-9BCD-D032A2B54C9A}.Debug|Any CPU.Build.0 = Debug|Any CPU
		{6DCFE714-FE76-4C1D-9BCD-D032A2B54C9A}.Release|Any CPU.ActiveCfg = Release|Any CPU
		{6DCFE714-FE76-4C1D-9BCD-D032A2B54C9A}.Release|Any CPU.Build.0 = Release|Any CPU
		{627350DB-2C40-42D7-9EF8-7159A6985D49}.Debug|Any CPU.ActiveCfg = Debug|Any CPU
		{627350DB-2C40-42D7-9EF8-7159A6985D49}.Debug|Any CPU.Build.0 = Debug|Any CPU
		{627350DB-2C40-42D7-9EF8-7159A6985D49}.Release|Any CPU.ActiveCfg = Release|Any CPU
		{627350DB-2C40-42D7-9EF8-7159A6985D49}.Release|Any CPU.Build.0 = Release|Any CPU
		{1E33FE04-3765-4A88-89FF-0F72CF235B1F}.Debug|Any CPU.ActiveCfg = Debug|Any CPU
		{1E33FE04-3765-4A88-89FF-0F72CF235B1F}.Debug|Any CPU.Build.0 = Debug|Any CPU
		{1E33FE04-3765-4A88-89FF-0F72CF235B1F}.Release|Any CPU.ActiveCfg = Release|Any CPU
		{1E33FE04-3765-4A88-89FF-0F72CF235B1F}.Release|Any CPU.Build.0 = Release|Any CPU
		{DAE5260C-A237-4BC5-B494-7E0AC1597D94}.Debug|Any CPU.ActiveCfg = Debug|Any CPU
		{DAE5260C-A237-4BC5-B494-7E0AC1597D94}.Debug|Any CPU.Build.0 = Debug|Any CPU
		{DAE5260C-A237-4BC5-B494-7E0AC1597D94}.Release|Any CPU.ActiveCfg = Release|Any CPU
		{DAE5260C-A237-4BC5-B494-7E0AC1597D94}.Release|Any CPU.Build.0 = Release|Any CPU
		{B62C5681-33AB-414D-B863-DB2A650037D5}.Debug|Any CPU.ActiveCfg = Debug|Any CPU
		{B62C5681-33AB-414D-B863-DB2A650037D5}.Debug|Any CPU.Build.0 = Debug|Any CPU
		{B62C5681-33AB-414D-B863-DB2A650037D5}.Release|Any CPU.ActiveCfg = Release|Any CPU
		{B62C5681-33AB-414D-B863-DB2A650037D5}.Release|Any CPU.Build.0 = Release|Any CPU
		{E65EFC68-7CF1-4487-92A2-E10228F00A21}.Debug|Any CPU.ActiveCfg = Debug|Any CPU
		{E65EFC68-7CF1-4487-92A2-E10228F00A21}.Debug|Any CPU.Build.0 = Debug|Any CPU
		{E65EFC68-7CF1-4487-92A2-E10228F00A21}.Release|Any CPU.ActiveCfg = Release|Any CPU
		{E65EFC68-7CF1-4487-92A2-E10228F00A21}.Release|Any CPU.Build.0 = Release|Any CPU
		{CA94428C-D44D-48F0-A2FA-4DADD5F065AC}.Debug|Any CPU.ActiveCfg = Debug|Any CPU
		{CA94428C-D44D-48F0-A2FA-4DADD5F065AC}.Debug|Any CPU.Build.0 = Debug|Any CPU
		{CA94428C-D44D-48F0-A2FA-4DADD5F065AC}.Release|Any CPU.ActiveCfg = Release|Any CPU
		{CA94428C-D44D-48F0-A2FA-4DADD5F065AC}.Release|Any CPU.Build.0 = Release|Any CPU
		{19C326BD-16BE-4207-A581-D04D7FC49A24}.Debug|Any CPU.ActiveCfg = Debug|Any CPU
		{19C326BD-16BE-4207-A581-D04D7FC49A24}.Debug|Any CPU.Build.0 = Debug|Any CPU
		{19C326BD-16BE-4207-A581-D04D7FC49A24}.Release|Any CPU.ActiveCfg = Release|Any CPU
		{19C326BD-16BE-4207-A581-D04D7FC49A24}.Release|Any CPU.Build.0 = Release|Any CPU
		{DEBC0CCE-7070-43EE-A0D7-493901FDBB7C}.Debug|Any CPU.ActiveCfg = Debug|Any CPU
		{DEBC0CCE-7070-43EE-A0D7-493901FDBB7C}.Debug|Any CPU.Build.0 = Debug|Any CPU
		{DEBC0CCE-7070-43EE-A0D7-493901FDBB7C}.Release|Any CPU.ActiveCfg = Release|Any CPU
		{DEBC0CCE-7070-43EE-A0D7-493901FDBB7C}.Release|Any CPU.Build.0 = Release|Any CPU
		{8E5B7F5F-6898-484E-91B8-7501A839C3F0}.Debug|Any CPU.ActiveCfg = Debug|Any CPU
		{8E5B7F5F-6898-484E-91B8-7501A839C3F0}.Debug|Any CPU.Build.0 = Debug|Any CPU
		{8E5B7F5F-6898-484E-91B8-7501A839C3F0}.Release|Any CPU.ActiveCfg = Release|Any CPU
		{8E5B7F5F-6898-484E-91B8-7501A839C3F0}.Release|Any CPU.Build.0 = Release|Any CPU
		{89964867-FF2B-48A6-AD56-B7DA871A91CA}.Debug|Any CPU.ActiveCfg = Debug|Any CPU
		{89964867-FF2B-48A6-AD56-B7DA871A91CA}.Debug|Any CPU.Build.0 = Debug|Any CPU
		{89964867-FF2B-48A6-AD56-B7DA871A91CA}.Release|Any CPU.ActiveCfg = Release|Any CPU
		{89964867-FF2B-48A6-AD56-B7DA871A91CA}.Release|Any CPU.Build.0 = Release|Any CPU
	EndGlobalSection
	GlobalSection(SolutionProperties) = preSolution
		HideSolutionNode = FALSE
	EndGlobalSection
	GlobalSection(NestedProjects) = preSolution
		{28750FB3-BEA9-4CCA-89B8-9B1291184AA2} = {7679D869-FFD3-432B-9936-7FA070107924}
		{DA3B1BC7-EBCE-48D6-A8A8-65B73798879C} = {7679D869-FFD3-432B-9936-7FA070107924}
		{A0CC4A0A-6F50-468B-A7AA-0354B16C01B7} = {62C1137B-ED74-4DD4-97B6-A4CCC15F64C0}
		{8220E8D9-163C-4C14-AE8B-B85C5517406C} = {62C1137B-ED74-4DD4-97B6-A4CCC15F64C0}
		{6880B696-B3B9-4CD3-807D-FFE0EB0F81BF} = {715D982F-050A-47C9-808E-0E2B70B8F31E}
		{728F1B3B-A630-48EA-BE91-E11C4B76C52C} = {715D982F-050A-47C9-808E-0E2B70B8F31E}
		{85896EAC-A66E-40E4-8FA7-342F425087E0} = {46BFA943-4DC4-4233-93F0-1A961CBFDA78}
		{6235990D-3354-424E-98D4-3E05697E4A32} = {46BFA943-4DC4-4233-93F0-1A961CBFDA78}
		{F5D192CF-2B0B-4B81-ADD3-9A6C8B98297B} = {473A69CB-F125-41F0-9FA7-3599A1A9D677}
		{FEB120ED-18F0-4E6E-9D5A-81412E76B446} = {473A69CB-F125-41F0-9FA7-3599A1A9D677}
		{48469186-3AB8-466C-8F17-D66612658B13} = {D6B10B03-A6C2-4A48-9BE3-BA2D62AB7629}
		{8F75108D-E1EE-484C-A390-BABA3A4B22EC} = {D6B10B03-A6C2-4A48-9BE3-BA2D62AB7629}
		{2AFF4040-C0DF-4531-9F7B-39F2C685B020} = {D39E8349-250A-4660-ADDF-06C5B9DEF070}
		{C94AA6DF-D9C2-4BA6-A676-8E08D92BD2FE} = {D39E8349-250A-4660-ADDF-06C5B9DEF070}
		{10AB8687-BAFA-460C-AF9E-406345DD5D89} = {7464E82C-F12D-41BB-BA1B-4D70F12155C2}
		{91B6AAC5-6886-45BA-BE08-D5EAA7CD650A} = {7464E82C-F12D-41BB-BA1B-4D70F12155C2}
		{B7BD01B5-9486-4261-BBAD-29D1DE0961BE} = {DD7516E8-1004-4E8E-82EB-68947F0942B3}
		{63A54F3F-9BBC-4428-8020-5E198E19BF74} = {DD7516E8-1004-4E8E-82EB-68947F0942B3}
		{CB4795FC-AA93-49CF-BBB6-0F0454521FC8} = {F023234F-9E23-4884-8291-E3D9B2810AB0}
		{70AC0C2D-6ECE-4223-9A90-3BB3E852C332} = {F023234F-9E23-4884-8291-E3D9B2810AB0}
		{94D5980F-7A33-4211-A3F1-506194603010} = {4F0341B5-B7CF-4E2C-8602-51FE31CC396D}
		{D1E6C044-8669-4419-BED6-F31EBED3FE9E} = {4F0341B5-B7CF-4E2C-8602-51FE31CC396D}
		{D6E545B2-DF2D-4B32-9FB9-40F8CEF18C41} = {6D08F614-0FC6-485D-BBE1-E398186956BD}
		{5E4ECEF2-FA79-45BD-AD55-13583A054ABE} = {6D08F614-0FC6-485D-BBE1-E398186956BD}
		{7D800A73-B84E-4ABD-8552-322C767CEE5E} = {9EF36FB0-08F8-40EF-93E3-8FF561742B37}
		{1F61D78B-8EAD-4F25-A5C4-CD347F1B4EA0} = {9EF36FB0-08F8-40EF-93E3-8FF561742B37}
		{2BEC8FF4-1522-4D78-960F-E01093D6EA57} = {E19B4F39-A837-479D-A91F-0BA10B6A6AC8}
		{95B29EA9-0EB2-4644-9109-2BF02A494E5D} = {E19B4F39-A837-479D-A91F-0BA10B6A6AC8}
		{1A7E10B2-1C51-4310-AAD8-36561D525EDC} = {177ACA88-04CA-4804-B0B9-AF468CCCB47A}
		{6DCFE714-FE76-4C1D-9BCD-D032A2B54C9A} = {177ACA88-04CA-4804-B0B9-AF468CCCB47A}
		{627350DB-2C40-42D7-9EF8-7159A6985D49} = {696811EB-7548-4B99-937E-6856F9C8655F}
		{1E33FE04-3765-4A88-89FF-0F72CF235B1F} = {696811EB-7548-4B99-937E-6856F9C8655F}
		{DAE5260C-A237-4BC5-B494-7E0AC1597D94} = {82AA0782-9464-4113-9CB8-C03145A7BD23}
		{B62C5681-33AB-414D-B863-DB2A650037D5} = {82AA0782-9464-4113-9CB8-C03145A7BD23}
		{E65EFC68-7CF1-4487-92A2-E10228F00A21} = {99EDDB9F-392C-4668-8B09-256AE1B33F3D}
		{CA94428C-D44D-48F0-A2FA-4DADD5F065AC} = {99EDDB9F-392C-4668-8B09-256AE1B33F3D}
		{19C326BD-16BE-4207-A581-D04D7FC49A24} = {B8592F5F-61A5-4D2C-B9B8-7A1B7C5EB9B0}
		{DEBC0CCE-7070-43EE-A0D7-493901FDBB7C} = {B8592F5F-61A5-4D2C-B9B8-7A1B7C5EB9B0}
		{8E5B7F5F-6898-484E-91B8-7501A839C3F0} = {D2220FD9-815B-4D5A-A083-8B51D81FA9D9}
		{89964867-FF2B-48A6-AD56-B7DA871A91CA} = {D2220FD9-815B-4D5A-A083-8B51D81FA9D9}
	EndGlobalSection
EndGlobal
