
Microsoft Visual Studio Solution File, Format Version 12.00
# Visual Studio 2012
Project("{FAE04EC0-301F-11D3-BF4B-00C04F79EFBC}") = "Conversion from docx to doc", "Conversion from docx to doc\Conversion from docx to doc.csproj", "{823CADFC-A6E2-4E61-A4A6-4064322C0C82}"
EndProject
Global
	GlobalSection(SolutionConfigurationPlatforms) = preSolution
		Debug|Any CPU = Debug|Any CPU
		Release|Any CPU = Release|Any CPU
	EndGlobalSection
	GlobalSection(ProjectConfigurationPlatforms) = postSolution
		{823CADFC-A6E2-4E61-A4A6-4064322C0C82}.Debug|Any CPU.ActiveCfg = Debug|Any CPU
		{823CADFC-A6E2-4E61-A4A6-4064322C0C82}.Debug|Any CPU.Build.0 = Debug|Any CPU
		{823CADFC-A6E2-4E61-A4A6-4064322C0C82}.Release|Any CPU.ActiveCfg = Release|Any CPU
		{823CADFC-A6E2-4E61-A4A6-4064322C0C82}.Release|Any CPU.Build.0 = Release|Any CPU
	EndGlobalSection
	GlobalSection(SolutionProperties) = preSolution
		HideSolutionNode = FALSE
	EndGlobalSection
EndGlobal
