
Microsoft Visual Studio Solution File, Format Version 12.00
# Visual Studio 15
VisualStudioVersion = 15.0.27130.2036
MinimumVisualStudioVersion = 10.0.40219.1
Project("{9A19103F-16F7-4668-BE54-9A1E7A4F7556}") = "ApiExamples.NetStandard2.0", "ApiExamples/ApiExamples.NetStandard2.0.csproj", "{38053FB3-9B05-49F2-A6BC-9B633BE04AF0}"
EndProject
Global
	GlobalSection(SolutionConfigurationPlatforms) = preSolution
		Debug|Any CPU = Debug|Any CPU
		Release|Any CPU = Release|Any CPU
	EndGlobalSection
	GlobalSection(ProjectConfigurationPlatforms) = postSolution
		{38053FB3-9B05-49F2-A6BC-9B633BE04AF0}.Debug|Any CPU.ActiveCfg = Debug|Any CPU
		{38053FB3-9B05-49F2-A6BC-9B633BE04AF0}.Debug|Any CPU.Build.0 = Debug|Any CPU
		{38053FB3-9B05-49F2-A6BC-9B633BE04AF0}.Release|Any CPU.ActiveCfg = Release|Any CPU
		{38053FB3-9B05-49F2-A6BC-9B633BE04AF0}.Release|Any CPU.Build.0 = Release|Any CPU
	EndGlobalSection
	GlobalSection(SolutionProperties) = preSolution
		HideSolutionNode = FALSE
	EndGlobalSection
	GlobalSection(ExtensibilityGlobals) = postSolution
		SolutionGuid = {39F9B919-E546-4D94-B98F-C06D5B0300B9}
	EndGlobalSection
EndGlobal
