
Microsoft Visual Studio Solution File, Format Version 12.00
# Visual Studio 15
VisualStudioVersion = 15.0.26430.14
MinimumVisualStudioVersion = 10.0.40219.1
Project("{FAE04EC0-301F-11D3-BF4B-00C04F79EFBC}") = "TestRunner.Xamarin.iOS", "ApiExamples.Xamarin\iOS\TestRunner.Xamarin.iOS\TestRunner.Xamarin.iOS.csproj", "{A25356CF-E81A-45F5-BBBC-E1ABA502109F}"
EndProject
Project("{FAE04EC0-301F-11D3-BF4B-00C04F79EFBC}") = "Xamarin.iOS.Tests", "ApiExamples.Xamarin\iOS\Xamarin.iOS.Tests\Xamarin.iOS.Tests.csproj", "{1DACDD0E-6ADB-4293-B460-65043DE59F22}"
EndProject
Global
	GlobalSection(SolutionConfigurationPlatforms) = preSolution
		Ad-Hoc|Any CPU = Ad-Hoc|Any CPU
		Ad-Hoc|iPhone = Ad-Hoc|iPhone
		Ad-Hoc|iPhoneSimulator = Ad-Hoc|iPhoneSimulator
		AppStore|Any CPU = AppStore|Any CPU
		AppStore|iPhone = AppStore|iPhone
		AppStore|iPhoneSimulator = AppStore|iPhoneSimulator
		Debug|Any CPU = Debug|Any CPU
		Debug|iPhone = Debug|iPhone
		Debug|iPhoneSimulator = Debug|iPhoneSimulator
		Release|Any CPU = Release|Any CPU
		Release|iPhone = Release|iPhone
		Release|iPhoneSimulator = Release|iPhoneSimulator
	EndGlobalSection
	GlobalSection(ProjectConfigurationPlatforms) = postSolution
		{B5050D3F-AD5C-4223-B0E9-B8F12A4A4450}.Ad-Hoc|Any CPU.ActiveCfg = Release|Any CPU
		{B5050D3F-AD5C-4223-B0E9-B8F12A4A4450}.Ad-Hoc|Any CPU.Build.0 = Release|Any CPU
		{B5050D3F-AD5C-4223-B0E9-B8F12A4A4450}.Ad-Hoc|iPhone.ActiveCfg = Release|Any CPU
		{B5050D3F-AD5C-4223-B0E9-B8F12A4A4450}.Ad-Hoc|iPhone.Build.0 = Release|Any CPU
		{B5050D3F-AD5C-4223-B0E9-B8F12A4A4450}.Ad-Hoc|iPhoneSimulator.ActiveCfg = Release|Any CPU
		{B5050D3F-AD5C-4223-B0E9-B8F12A4A4450}.Ad-Hoc|iPhoneSimulator.Build.0 = Release|Any CPU
		{B5050D3F-AD5C-4223-B0E9-B8F12A4A4450}.AppStore|Any CPU.ActiveCfg = Release|Any CPU
		{B5050D3F-AD5C-4223-B0E9-B8F12A4A4450}.AppStore|Any CPU.Build.0 = Release|Any CPU
		{B5050D3F-AD5C-4223-B0E9-B8F12A4A4450}.AppStore|iPhone.ActiveCfg = Release|Any CPU
		{B5050D3F-AD5C-4223-B0E9-B8F12A4A4450}.AppStore|iPhone.Build.0 = Release|Any CPU
		{B5050D3F-AD5C-4223-B0E9-B8F12A4A4450}.AppStore|iPhoneSimulator.ActiveCfg = Release|Any CPU
		{B5050D3F-AD5C-4223-B0E9-B8F12A4A4450}.AppStore|iPhoneSimulator.Build.0 = Release|Any CPU
		{B5050D3F-AD5C-4223-B0E9-B8F12A4A4450}.Debug|Any CPU.ActiveCfg = Debug|Any CPU
		{B5050D3F-AD5C-4223-B0E9-B8F12A4A4450}.Debug|Any CPU.Build.0 = Debug|Any CPU
		{B5050D3F-AD5C-4223-B0E9-B8F12A4A4450}.Debug|iPhone.ActiveCfg = Debug|Any CPU
		{B5050D3F-AD5C-4223-B0E9-B8F12A4A4450}.Debug|iPhone.Build.0 = Debug|Any CPU
		{B5050D3F-AD5C-4223-B0E9-B8F12A4A4450}.Debug|iPhoneSimulator.ActiveCfg = Debug|Any CPU
		{B5050D3F-AD5C-4223-B0E9-B8F12A4A4450}.Debug|iPhoneSimulator.Build.0 = Debug|Any CPU
		{B5050D3F-AD5C-4223-B0E9-B8F12A4A4450}.Release|Any CPU.ActiveCfg = Release|Any CPU
		{B5050D3F-AD5C-4223-B0E9-B8F12A4A4450}.Release|Any CPU.Build.0 = Release|Any CPU
		{B5050D3F-AD5C-4223-B0E9-B8F12A4A4450}.Release|iPhone.ActiveCfg = Release|Any CPU
		{B5050D3F-AD5C-4223-B0E9-B8F12A4A4450}.Release|iPhone.Build.0 = Release|Any CPU
		{B5050D3F-AD5C-4223-B0E9-B8F12A4A4450}.Release|iPhoneSimulator.ActiveCfg = Release|Any CPU
		{B5050D3F-AD5C-4223-B0E9-B8F12A4A4450}.Release|iPhoneSimulator.Build.0 = Release|Any CPU
		{A25356CF-E81A-45F5-BBBC-E1ABA502109F}.Ad-Hoc|Any CPU.ActiveCfg = Ad-Hoc|iPhone
		{A25356CF-E81A-45F5-BBBC-E1ABA502109F}.Ad-Hoc|iPhone.ActiveCfg = Ad-Hoc|iPhone
		{A25356CF-E81A-45F5-BBBC-E1ABA502109F}.Ad-Hoc|iPhone.Build.0 = Ad-Hoc|iPhone
		{A25356CF-E81A-45F5-BBBC-E1ABA502109F}.Ad-Hoc|iPhoneSimulator.ActiveCfg = Ad-Hoc|iPhoneSimulator
		{A25356CF-E81A-45F5-BBBC-E1ABA502109F}.Ad-Hoc|iPhoneSimulator.Build.0 = Ad-Hoc|iPhoneSimulator
		{A25356CF-E81A-45F5-BBBC-E1ABA502109F}.AppStore|Any CPU.ActiveCfg = AppStore|iPhone
		{A25356CF-E81A-45F5-BBBC-E1ABA502109F}.AppStore|iPhone.ActiveCfg = AppStore|iPhone
		{A25356CF-E81A-45F5-BBBC-E1ABA502109F}.AppStore|iPhone.Build.0 = AppStore|iPhone
		{A25356CF-E81A-45F5-BBBC-E1ABA502109F}.AppStore|iPhoneSimulator.ActiveCfg = AppStore|iPhoneSimulator
		{A25356CF-E81A-45F5-BBBC-E1ABA502109F}.AppStore|iPhoneSimulator.Build.0 = AppStore|iPhoneSimulator
		{A25356CF-E81A-45F5-BBBC-E1ABA502109F}.Debug|Any CPU.ActiveCfg = Debug|iPhone
		{A25356CF-E81A-45F5-BBBC-E1ABA502109F}.Debug|iPhone.ActiveCfg = Debug|iPhone
		{A25356CF-E81A-45F5-BBBC-E1ABA502109F}.Debug|iPhone.Build.0 = Debug|iPhone
		{A25356CF-E81A-45F5-BBBC-E1ABA502109F}.Debug|iPhoneSimulator.ActiveCfg = Debug|iPhoneSimulator
		{A25356CF-E81A-45F5-BBBC-E1ABA502109F}.Debug|iPhoneSimulator.Build.0 = Debug|iPhoneSimulator
		{A25356CF-E81A-45F5-BBBC-E1ABA502109F}.Release|Any CPU.ActiveCfg = Release|iPhone
		{A25356CF-E81A-45F5-BBBC-E1ABA502109F}.Release|iPhone.ActiveCfg = Release|iPhone
		{A25356CF-E81A-45F5-BBBC-E1ABA502109F}.Release|iPhone.Build.0 = Release|iPhone
		{A25356CF-E81A-45F5-BBBC-E1ABA502109F}.Release|iPhoneSimulator.ActiveCfg = Release|iPhoneSimulator
		{A25356CF-E81A-45F5-BBBC-E1ABA502109F}.Release|iPhoneSimulator.Build.0 = Release|iPhoneSimulator
		{1DACDD0E-6ADB-4293-B460-65043DE59F22}.Ad-Hoc|Any CPU.ActiveCfg = Release|Any CPU
		{1DACDD0E-6ADB-4293-B460-65043DE59F22}.Ad-Hoc|Any CPU.Build.0 = Release|Any CPU
		{1DACDD0E-6ADB-4293-B460-65043DE59F22}.Ad-Hoc|iPhone.ActiveCfg = Release|Any CPU
		{1DACDD0E-6ADB-4293-B460-65043DE59F22}.Ad-Hoc|iPhone.Build.0 = Release|Any CPU
		{1DACDD0E-6ADB-4293-B460-65043DE59F22}.Ad-Hoc|iPhoneSimulator.ActiveCfg = Release|Any CPU
		{1DACDD0E-6ADB-4293-B460-65043DE59F22}.Ad-Hoc|iPhoneSimulator.Build.0 = Release|Any CPU
		{1DACDD0E-6ADB-4293-B460-65043DE59F22}.AppStore|Any CPU.ActiveCfg = Release|Any CPU
		{1DACDD0E-6ADB-4293-B460-65043DE59F22}.AppStore|Any CPU.Build.0 = Release|Any CPU
		{1DACDD0E-6ADB-4293-B460-65043DE59F22}.AppStore|iPhone.ActiveCfg = Release|Any CPU
		{1DACDD0E-6ADB-4293-B460-65043DE59F22}.AppStore|iPhone.Build.0 = Release|Any CPU
		{1DACDD0E-6ADB-4293-B460-65043DE59F22}.AppStore|iPhoneSimulator.ActiveCfg = Release|Any CPU
		{1DACDD0E-6ADB-4293-B460-65043DE59F22}.AppStore|iPhoneSimulator.Build.0 = Release|Any CPU
		{1DACDD0E-6ADB-4293-B460-65043DE59F22}.Debug|Any CPU.ActiveCfg = Debug|Any CPU
		{1DACDD0E-6ADB-4293-B460-65043DE59F22}.Debug|Any CPU.Build.0 = Debug|Any CPU
		{1DACDD0E-6ADB-4293-B460-65043DE59F22}.Debug|iPhone.ActiveCfg = Debug|Any CPU
		{1DACDD0E-6ADB-4293-B460-65043DE59F22}.Debug|iPhone.Build.0 = Debug|Any CPU
		{1DACDD0E-6ADB-4293-B460-65043DE59F22}.Debug|iPhoneSimulator.ActiveCfg = Debug|Any CPU
		{1DACDD0E-6ADB-4293-B460-65043DE59F22}.Debug|iPhoneSimulator.Build.0 = Debug|Any CPU
		{1DACDD0E-6ADB-4293-B460-65043DE59F22}.Release|Any CPU.ActiveCfg = Release|Any CPU
		{1DACDD0E-6ADB-4293-B460-65043DE59F22}.Release|Any CPU.Build.0 = Release|Any CPU
		{1DACDD0E-6ADB-4293-B460-65043DE59F22}.Release|iPhone.ActiveCfg = Release|Any CPU
		{1DACDD0E-6ADB-4293-B460-65043DE59F22}.Release|iPhone.Build.0 = Release|Any CPU
		{1DACDD0E-6ADB-4293-B460-65043DE59F22}.Release|iPhoneSimulator.ActiveCfg = Release|Any CPU
		{1DACDD0E-6ADB-4293-B460-65043DE59F22}.Release|iPhoneSimulator.Build.0 = Release|Any CPU
	EndGlobalSection
	GlobalSection(SolutionProperties) = preSolution
		HideSolutionNode = FALSE
	EndGlobalSection
EndGlobal
