
Microsoft Visual Studio Solution File, Format Version 12.00
# Visual Studio 15
VisualStudioVersion = 15.0.26430.16
MinimumVisualStudioVersion = 10.0.40219.1
Project("{FAE04EC0-301F-11D3-BF4B-00C04F79EFBC}") = "TestRunner.Xamarin.Mac", "ApiExamples.Xamarin\Mac\TestRunner.Xamarin.Mac\TestRunner.Xamarin.Mac.csproj", "{A703E081-997A-4C00-B410-6A74FBDCC643}"
EndProject
Project("{FAE04EC0-301F-11D3-BF4B-00C04F79EFBC}") = "Xamarin.Mac.Tests", "ApiExamples.Xamarin\Mac\Xamarin.Mac.Tests\Xamarin.Mac.Tests.csproj", "{56038D76-B36D-4CC1-8FC3-BD2E65FD0B65}"
EndProject
Global
	GlobalSection(SolutionConfigurationPlatforms) = preSolution
		Debug|Any CPU = Debug|Any CPU
		Release|Any CPU = Release|Any CPU
	EndGlobalSection
	GlobalSection(ProjectConfigurationPlatforms) = postSolution
		{B5050D3F-AD5C-4223-B0E9-B8F12A4A4450}.Debug|Any CPU.ActiveCfg = Debug|Any CPU
		{B5050D3F-AD5C-4223-B0E9-B8F12A4A4450}.Debug|Any CPU.Build.0 = Debug|Any CPU
		{B5050D3F-AD5C-4223-B0E9-B8F12A4A4450}.Release|Any CPU.ActiveCfg = Release|Any CPU
		{B5050D3F-AD5C-4223-B0E9-B8F12A4A4450}.Release|Any CPU.Build.0 = Release|Any CPU
		{A703E081-997A-4C00-B410-6A74FBDCC643}.Debug|Any CPU.ActiveCfg = Debug|Any CPU
		{A703E081-997A-4C00-B410-6A74FBDCC643}.Debug|Any CPU.Build.0 = Debug|Any CPU
		{A703E081-997A-4C00-B410-6A74FBDCC643}.Release|Any CPU.ActiveCfg = Release|Any CPU
		{A703E081-997A-4C00-B410-6A74FBDCC643}.Release|Any CPU.Build.0 = Release|Any CPU
		{56038D76-B36D-4CC1-8FC3-BD2E65FD0B65}.Debug|Any CPU.ActiveCfg = Debug|Any CPU
		{56038D76-B36D-4CC1-8FC3-BD2E65FD0B65}.Debug|Any CPU.Build.0 = Debug|Any CPU
		{56038D76-B36D-4CC1-8FC3-BD2E65FD0B65}.Release|Any CPU.ActiveCfg = Release|Any CPU
		{56038D76-B36D-4CC1-8FC3-BD2E65FD0B65}.Release|Any CPU.Build.0 = Release|Any CPU
	EndGlobalSection
	GlobalSection(SolutionProperties) = preSolution
		HideSolutionNode = FALSE
	EndGlobalSection
EndGlobal
