
Microsoft Visual Studio Solution File, Format Version 10.00
# Visual Studio 2008
Project("{FAE04EC0-301F-11D3-BF4B-00C04F79EFBC}") = "FirstFloor.Documents.Aspose", "FirstFloor.Documents.Aspose\FirstFloor.Documents.Aspose.csproj", "{9F3D580E-5071-448C-87F1-13E1A7D79C41}"
EndProject
Project("{FAE04EC0-301F-11D3-BF4B-00C04F79EFBC}") = "FirstFloor.Documents.Aspose.Web", "FirstFloor.Documents.Aspose.Web\FirstFloor.Documents.Aspose.Web.csproj", "{22E61443-4160-4CB8-853A-0E8583208E9D}"
EndProject
Global
	GlobalSection(SolutionConfigurationPlatforms) = preSolution
		Debug|Any CPU = Debug|Any CPU
		Release|Any CPU = Release|Any CPU
		ReleaseEVAL|Any CPU = ReleaseEVAL|Any CPU
		ReleaseSource|Any CPU = ReleaseSource|Any CPU
	EndGlobalSection
	GlobalSection(ProjectConfigurationPlatforms) = postSolution
		{9F3D580E-5071-448C-87F1-13E1A7D79C41}.Debug|Any CPU.ActiveCfg = Debug|Any CPU
		{9F3D580E-5071-448C-87F1-13E1A7D79C41}.Debug|Any CPU.Build.0 = Debug|Any CPU
		{9F3D580E-5071-448C-87F1-13E1A7D79C41}.Release|Any CPU.ActiveCfg = Release|Any CPU
		{9F3D580E-5071-448C-87F1-13E1A7D79C41}.Release|Any CPU.Build.0 = Release|Any CPU
		{9F3D580E-5071-448C-87F1-13E1A7D79C41}.ReleaseEVAL|Any CPU.ActiveCfg = Release|Any CPU
		{9F3D580E-5071-448C-87F1-13E1A7D79C41}.ReleaseEVAL|Any CPU.Build.0 = Release|Any CPU
		{9F3D580E-5071-448C-87F1-13E1A7D79C41}.ReleaseSource|Any CPU.ActiveCfg = Release|Any CPU
		{9F3D580E-5071-448C-87F1-13E1A7D79C41}.ReleaseSource|Any CPU.Build.0 = Release|Any CPU
		{22E61443-4160-4CB8-853A-0E8583208E9D}.Debug|Any CPU.ActiveCfg = Debug|Any CPU
		{22E61443-4160-4CB8-853A-0E8583208E9D}.Debug|Any CPU.Build.0 = Debug|Any CPU
		{22E61443-4160-4CB8-853A-0E8583208E9D}.Release|Any CPU.ActiveCfg = Release|Any CPU
		{22E61443-4160-4CB8-853A-0E8583208E9D}.Release|Any CPU.Build.0 = Release|Any CPU
		{22E61443-4160-4CB8-853A-0E8583208E9D}.ReleaseEVAL|Any CPU.ActiveCfg = Release|Any CPU
		{22E61443-4160-4CB8-853A-0E8583208E9D}.ReleaseEVAL|Any CPU.Build.0 = Release|Any CPU
		{22E61443-4160-4CB8-853A-0E8583208E9D}.ReleaseSource|Any CPU.ActiveCfg = Release|Any CPU
		{22E61443-4160-4CB8-853A-0E8583208E9D}.ReleaseSource|Any CPU.Build.0 = Release|Any CPU
	EndGlobalSection
	GlobalSection(SolutionProperties) = preSolution
		HideSolutionNode = FALSE
	EndGlobalSection
EndGlobal
