Microsoft Visual Studio Solution File, Format Version 10.00
# Visual Studio 2008
Project("{FAE04EC0-301F-11D3-BF4B-00C04F79EFBC}") = "ReplaceFieldsWithStaticText", "ReplaceFieldsWithStaticText.csproj", "{F57D6144-93B9-4F46-AADE-412C95AC3ED6}"
EndProject
Global
	GlobalSection(SolutionConfigurationPlatforms) = preSolution
		Debug|Any CPU = Debug|Any CPU
		Release|Any CPU = Release|Any CPU
	EndGlobalSection
	GlobalSection(ProjectConfigurationPlatforms) = postSolution
		{F57D6144-93B9-4F46-AADE-412C95AC3ED6}.Debug|Any CPU.ActiveCfg = Debug|Any CPU
		{F57D6144-93B9-4F46-AADE-412C95AC3ED6}.Debug|Any CPU.Build.0 = Debug|Any CPU
		{F57D6144-93B9-4F46-AADE-412C95AC3ED6}.Release|Any CPU.ActiveCfg = Release|Any CPU
	EndGlobalSection
	GlobalSection(SolutionProperties) = preSolution
		HideSolutionNode = FALSE
	EndGlobalSection
EndGlobal
