
Microsoft Visual Studio Solution File, Format Version 12.00
# Visual Studio 2012
Project("{FAE04EC0-301F-11D3-BF4B-00C04F79EFBC}") = "OpenXML", "OpenXML\OpenXML.csproj", "{DA3B1BC7-EBCE-48D6-A8A8-65B73798879C}"
EndProject
Project("{FAE04EC0-301F-11D3-BF4B-00C04F79EFBC}") = "Aspose Words", "Aspose Words\Aspose Words.csproj", "{28750FB3-BEA9-4CCA-89B8-9B1291184AA2}"
EndProject
Global
	GlobalSection(SolutionConfigurationPlatforms) = preSolution
		Debug|Any CPU = Debug|Any CPU
		Release|Any CPU = Release|Any CPU
	EndGlobalSection
	GlobalSection(ProjectConfigurationPlatforms) = postSolution
		{DA3B1BC7-EBCE-48D6-A8A8-65B73798879C}.Debug|Any CPU.ActiveCfg = Debug|Any CPU
		{DA3B1BC7-EBCE-48D6-A8A8-65B73798879C}.Debug|Any CPU.Build.0 = Debug|Any CPU
		{DA3B1BC7-EBCE-48D6-A8A8-65B73798879C}.Release|Any CPU.ActiveCfg = Release|Any CPU
		{DA3B1BC7-EBCE-48D6-A8A8-65B73798879C}.Release|Any CPU.Build.0 = Release|Any CPU
		{28750FB3-BEA9-4CCA-89B8-9B1291184AA2}.Debug|Any CPU.ActiveCfg = Debug|Any CPU
		{28750FB3-BEA9-4CCA-89B8-9B1291184AA2}.Debug|Any CPU.Build.0 = Debug|Any CPU
		{28750FB3-BEA9-4CCA-89B8-9B1291184AA2}.Release|Any CPU.ActiveCfg = Release|Any CPU
		{28750FB3-BEA9-4CCA-89B8-9B1291184AA2}.Release|Any CPU.Build.0 = Release|Any CPU
	EndGlobalSection
	GlobalSection(SolutionProperties) = preSolution
		HideSolutionNode = FALSE
	EndGlobalSection
EndGlobal
