
Microsoft Visual Studio Solution File, Format Version 12.00
# Visual Studio 2012
Project("{FAE04EC0-301F-11D3-BF4B-00C04F79EFBC}") = "OpenXML SDK", "OpenXML SDK\OpenXML SDK.csproj", "{8220E8D9-163C-4C14-AE8B-B85C5517406C}"
EndProject
Project("{FAE04EC0-301F-11D3-BF4B-00C04F79EFBC}") = "Aspose Word", "Aspose Word\Aspose Word.csproj", "{A0CC4A0A-6F50-468B-A7AA-0354B16C01B7}"
EndProject
Global
	GlobalSection(SolutionConfigurationPlatforms) = preSolution
		Debug|Any CPU = Debug|Any CPU
		Release|Any CPU = Release|Any CPU
	EndGlobalSection
	GlobalSection(ProjectConfigurationPlatforms) = postSolution
		{8220E8D9-163C-4C14-AE8B-B85C5517406C}.Debug|Any CPU.ActiveCfg = Debug|Any CPU
		{8220E8D9-163C-4C14-AE8B-B85C5517406C}.Debug|Any CPU.Build.0 = Debug|Any CPU
		{8220E8D9-163C-4C14-AE8B-B85C5517406C}.Release|Any CPU.ActiveCfg = Release|Any CPU
		{8220E8D9-163C-4C14-AE8B-B85C5517406C}.Release|Any CPU.Build.0 = Release|Any CPU
		{A0CC4A0A-6F50-468B-A7AA-0354B16C01B7}.Debug|Any CPU.ActiveCfg = Debug|Any CPU
		{A0CC4A0A-6F50-468B-A7AA-0354B16C01B7}.Debug|Any CPU.Build.0 = Debug|Any CPU
		{A0CC4A0A-6F50-468B-A7AA-0354B16C01B7}.Release|Any CPU.ActiveCfg = Release|Any CPU
		{A0CC4A0A-6F50-468B-A7AA-0354B16C01B7}.Release|Any CPU.Build.0 = Release|Any CPU
	EndGlobalSection
	GlobalSection(SolutionProperties) = preSolution
		HideSolutionNode = FALSE
	EndGlobalSection
EndGlobal
