
Microsoft Visual Studio Solution File, Format Version 12.00
# Visual Studio Version 16
VisualStudioVersion = 16.0.30804.86
MinimumVisualStudioVersion = 10.0.40219.1
Project("{FAE04EC0-301F-11D3-BF4B-00C04F79EFBC}") = "Aspose.MVC.ExportToPDF", "Aspose.MVC.ExportToPDF.csproj", "{6A156710-92B8-46F3-AF06-5E1C0308FBB3}"
EndProject
Global
	GlobalSection(SolutionConfigurationPlatforms) = preSolution
		Debug|Any CPU = Debug|Any CPU
		Release|Any CPU = Release|Any CPU
	EndGlobalSection
	GlobalSection(ProjectConfigurationPlatforms) = postSolution
		{6A156710-92B8-46F3-AF06-5E1C0308FBB3}.Debug|Any CPU.ActiveCfg = Debug|Any CPU
		{6A156710-92B8-46F3-AF06-5E1C0308FBB3}.Debug|Any CPU.Build.0 = Debug|Any CPU
		{6A156710-92B8-46F3-AF06-5E1C0308FBB3}.Release|Any CPU.ActiveCfg = Release|Any CPU
		{6A156710-92B8-46F3-AF06-5E1C0308FBB3}.Release|Any CPU.Build.0 = Release|Any CPU
	EndGlobalSection
	GlobalSection(SolutionProperties) = preSolution
		HideSolutionNode = FALSE
	EndGlobalSection
	GlobalSection(ExtensibilityGlobals) = postSolution
		SolutionGuid = {3DBA8080-D419-450A-BC0B-B5714C311E30}
	EndGlobalSection
EndGlobal
