
Microsoft Visual Studio Solution File, Format Version 12.00
# Visual Studio 15
VisualStudioVersion = 15.0.28307.572
MinimumVisualStudioVersion = 10.0.40219.1
Project("{FAE04EC0-301F-11D3-BF4B-00C04F79EFBC}") = "CSharp", "CSharp\CSharp.csproj", "{10D7FE6F-656B-4ADB-A3CC-E2B69CDD7C49}"
EndProject
Project("{FAE04EC0-301F-11D3-BF4B-00C04F79EFBC}") = "AsposeWordsDockerTest", "AsposeWordsDockerTest\AsposeWordsDockerTest.csproj", "{4DE72EB4-1975-4D11-8B59-1BA32DF9C5BC}"
EndProject
Global
	GlobalSection(SolutionConfigurationPlatforms) = preSolution
		Debug|Any CPU = Debug|Any CPU
		Release|Any CPU = Release|Any CPU
	EndGlobalSection
	GlobalSection(ProjectConfigurationPlatforms) = postSolution
		{10D7FE6F-656B-4ADB-A3CC-E2B69CDD7C49}.Debug|Any CPU.ActiveCfg = Debug|Any CPU
		{10D7FE6F-656B-4ADB-A3CC-E2B69CDD7C49}.Debug|Any CPU.Build.0 = Debug|Any CPU
		{10D7FE6F-656B-4ADB-A3CC-E2B69CDD7C49}.Release|Any CPU.ActiveCfg = Release|Any CPU
		{10D7FE6F-656B-4ADB-A3CC-E2B69CDD7C49}.Release|Any CPU.Build.0 = Release|Any CPU
		{4DE72EB4-1975-4D11-8B59-1BA32DF9C5BC}.Debug|Any CPU.ActiveCfg = Debug|Any CPU
		{4DE72EB4-1975-4D11-8B59-1BA32DF9C5BC}.Debug|Any CPU.Build.0 = Debug|Any CPU
		{4DE72EB4-1975-4D11-8B59-1BA32DF9C5BC}.Release|Any CPU.ActiveCfg = Release|Any CPU
		{4DE72EB4-1975-4D11-8B59-1BA32DF9C5BC}.Release|Any CPU.Build.0 = Release|Any CPU
	EndGlobalSection
	GlobalSection(SolutionProperties) = preSolution
		HideSolutionNode = FALSE
	EndGlobalSection
	GlobalSection(ExtensibilityGlobals) = postSolution
		SolutionGuid = {651A6BBE-3450-4984-A440-71EBAEC499A9}
	EndGlobalSection
EndGlobal
