
Microsoft Visual Studio Solution File, Format Version 12.00
# Visual Studio 2013
VisualStudioVersion = 12.0.21005.1
MinimumVisualStudioVersion = 10.0.40219.1
Project("{FAE04EC0-301F-11D3-BF4B-00C04F79EFBC}") = "OpenXML", "OpenXML\OpenXML.csproj", "{CA94428C-D44D-48F0-A2FA-4DADD5F065AC}"
EndProject
Project("{FAE04EC0-301F-11D3-BF4B-00C04F79EFBC}") = "Aspose.Words", "Aspose.Words\Aspose.Words.csproj", "{E65EFC68-7CF1-4487-92A2-E10228F00A21}"
EndProject
Global
	GlobalSection(SolutionConfigurationPlatforms) = preSolution
		Debug|Any CPU = Debug|Any CPU
		Release|Any CPU = Release|Any CPU
	EndGlobalSection
	GlobalSection(ProjectConfigurationPlatforms) = postSolution
		{CA94428C-D44D-48F0-A2FA-4DADD5F065AC}.Debug|Any CPU.ActiveCfg = Debug|Any CPU
		{CA94428C-D44D-48F0-A2FA-4DADD5F065AC}.Debug|Any CPU.Build.0 = Debug|Any CPU
		{CA94428C-D44D-48F0-A2FA-4DADD5F065AC}.Release|Any CPU.ActiveCfg = Release|Any CPU
		{CA94428C-D44D-48F0-A2FA-4DADD5F065AC}.Release|Any CPU.Build.0 = Release|Any CPU
		{E65EFC68-7CF1-4487-92A2-E10228F00A21}.Debug|Any CPU.ActiveCfg = Debug|Any CPU
		{E65EFC68-7CF1-4487-92A2-E10228F00A21}.Debug|Any CPU.Build.0 = Debug|Any CPU
		{E65EFC68-7CF1-4487-92A2-E10228F00A21}.Release|Any CPU.ActiveCfg = Release|Any CPU
		{E65EFC68-7CF1-4487-92A2-E10228F00A21}.Release|Any CPU.Build.0 = Release|Any CPU
	EndGlobalSection
	GlobalSection(SolutionProperties) = preSolution
		HideSolutionNode = FALSE
	EndGlobalSection
EndGlobal
