
Microsoft Visual Studio Solution File, Format Version 12.00
# Visual Studio 2013
VisualStudioVersion = 12.0.21005.1
MinimumVisualStudioVersion = 10.0.40219.1
Project("{FAE04EC0-301F-11D3-BF4B-00C04F79EFBC}") = "OpenXML Word", "OpenXML Word\OpenXML Word.csproj", "{6DCFE714-FE76-4C1D-9BCD-D032A2B54C9A}"
EndProject
Project("{FAE04EC0-301F-11D3-BF4B-00C04F79EFBC}") = "Aspose.Words", "Aspose.Words\Aspose.Words.csproj", "{1A7E10B2-1C51-4310-AAD8-36561D525EDC}"
EndProject
Global
	GlobalSection(SolutionConfigurationPlatforms) = preSolution
		Debug|Any CPU = Debug|Any CPU
		Release|Any CPU = Release|Any CPU
	EndGlobalSection
	GlobalSection(ProjectConfigurationPlatforms) = postSolution
		{6DCFE714-FE76-4C1D-9BCD-D032A2B54C9A}.Debug|Any CPU.ActiveCfg = Debug|Any CPU
		{6DCFE714-FE76-4C1D-9BCD-D032A2B54C9A}.Debug|Any CPU.Build.0 = Debug|Any CPU
		{6DCFE714-FE76-4C1D-9BCD-D032A2B54C9A}.Release|Any CPU.ActiveCfg = Release|Any CPU
		{6DCFE714-FE76-4C1D-9BCD-D032A2B54C9A}.Release|Any CPU.Build.0 = Release|Any CPU
		{1A7E10B2-1C51-4310-AAD8-36561D525EDC}.Debug|Any CPU.ActiveCfg = Debug|Any CPU
		{1A7E10B2-1C51-4310-AAD8-36561D525EDC}.Debug|Any CPU.Build.0 = Debug|Any CPU
		{1A7E10B2-1C51-4310-AAD8-36561D525EDC}.Release|Any CPU.ActiveCfg = Release|Any CPU
		{1A7E10B2-1C51-4310-AAD8-36561D525EDC}.Release|Any CPU.Build.0 = Release|Any CPU
	EndGlobalSection
	GlobalSection(SolutionProperties) = preSolution
		HideSolutionNode = FALSE
	EndGlobalSection
EndGlobal
