
Microsoft Visual Studio Solution File, Format Version 12.00
# Visual Studio Version 16
VisualStudioVersion = 16.0.30804.86
MinimumVisualStudioVersion = 10.0.40219.1
Project("{FAE04EC0-301F-11D3-BF4B-00C04F79EFBC}") = "Aspose.MVC.ExportToWord", "Aspose.MVC.ExportToWord.csproj", "{369AD9AE-0626-4268-835D-F80B2E3699B7}"
EndProject
Global
	GlobalSection(SolutionConfigurationPlatforms) = preSolution
		Debug|Any CPU = Debug|Any CPU
		Release|Any CPU = Release|Any CPU
	EndGlobalSection
	GlobalSection(ProjectConfigurationPlatforms) = postSolution
		{369AD9AE-0626-4268-835D-F80B2E3699B7}.Debug|Any CPU.ActiveCfg = Debug|Any CPU
		{369AD9AE-0626-4268-835D-F80B2E3699B7}.Debug|Any CPU.Build.0 = Debug|Any CPU
		{369AD9AE-0626-4268-835D-F80B2E3699B7}.Release|Any CPU.ActiveCfg = Release|Any CPU
		{369AD9AE-0626-4268-835D-F80B2E3699B7}.Release|Any CPU.Build.0 = Release|Any CPU
	EndGlobalSection
	GlobalSection(SolutionProperties) = preSolution
		HideSolutionNode = FALSE
	EndGlobalSection
	GlobalSection(ExtensibilityGlobals) = postSolution
		SolutionGuid = {995CF28B-4B0A-4A3D-9E77-964D880A1A8B}
	EndGlobalSection
EndGlobal
