Microsoft Visual Studio Solution File, Format Version 10.00
# Visual Studio 2008
Project("{FAE04EC0-301F-11D3-BF4B-00C04F79EFBC}") = "AppendDocument", "AppendDocument.csproj", "{D363C78C-A7EF-4C52-87E4-5658F30CB95C}"
EndProject
Global
	GlobalSection(SolutionConfigurationPlatforms) = preSolution
		Debug|Any CPU = Debug|Any CPU
		Release|Any CPU = Release|Any CPU
	EndGlobalSection
	GlobalSection(ProjectConfigurationPlatforms) = postSolution
		{D363C78C-A7EF-4C52-87E4-5658F30CB95C}.Debug|Any CPU.ActiveCfg = Debug|Any CPU
		{D363C78C-A7EF-4C52-87E4-5658F30CB95C}.Debug|Any CPU.Build.0 = Debug|Any CPU
		{D363C78C-A7EF-4C52-87E4-5658F30CB95C}.Release|Any CPU.ActiveCfg = Release|Any CPU
	EndGlobalSection
	GlobalSection(SolutionProperties) = preSolution
		HideSolutionNode = FALSE
	EndGlobalSection
EndGlobal
