
Microsoft Visual Studio Solution File, Format Version 12.00
# Visual Studio 2012
Project("{FAE04EC0-301F-11D3-BF4B-00C04F79EFBC}") = "ExportContentToImages", "ExportContentToImages\ExportContentToImages.csproj", "{EECB01C2-0E7E-495A-A355-95BB675E565B}"
EndProject
Global
	GlobalSection(SolutionConfigurationPlatforms) = preSolution
		Debug|Any CPU = Debug|Any CPU
		Release|Any CPU = Release|Any CPU
	EndGlobalSection
	GlobalSection(ProjectConfigurationPlatforms) = postSolution
		{EECB01C2-0E7E-495A-A355-95BB675E565B}.Debug|Any CPU.ActiveCfg = Debug|Any CPU
		{EECB01C2-0E7E-495A-A355-95BB675E565B}.Debug|Any CPU.Build.0 = Debug|Any CPU
		{EECB01C2-0E7E-495A-A355-95BB675E565B}.Release|Any CPU.ActiveCfg = Release|Any CPU
		{EECB01C2-0E7E-495A-A355-95BB675E565B}.Release|Any CPU.Build.0 = Release|Any CPU
	EndGlobalSection
	GlobalSection(SolutionProperties) = preSolution
		HideSolutionNode = FALSE
	EndGlobalSection
EndGlobal
