
Microsoft Visual Studio Solution File, Format Version 12.00
# Visual Studio 2013
VisualStudioVersion = 12.0.21005.1
MinimumVisualStudioVersion = 10.0.40219.1
Project("{FAE04EC0-301F-11D3-BF4B-00C04F79EFBC}") = "OpenXML Word", "OpenXML Word\OpenXML Word.csproj", "{1E33FE04-3765-4A88-89FF-0F72CF235B1F}"
EndProject
Project("{FAE04EC0-301F-11D3-BF4B-00C04F79EFBC}") = "Aspose.Words", "Aspose.Words\Aspose.Words.csproj", "{627350DB-2C40-42D7-9EF8-7159A6985D49}"
EndProject
Global
	GlobalSection(SolutionConfigurationPlatforms) = preSolution
		Debug|Any CPU = Debug|Any CPU
		Release|Any CPU = Release|Any CPU
	EndGlobalSection
	GlobalSection(ProjectConfigurationPlatforms) = postSolution
		{1E33FE04-3765-4A88-89FF-0F72CF235B1F}.Debug|Any CPU.ActiveCfg = Debug|Any CPU
		{1E33FE04-3765-4A88-89FF-0F72CF235B1F}.Debug|Any CPU.Build.0 = Debug|Any CPU
		{1E33FE04-3765-4A88-89FF-0F72CF235B1F}.Release|Any CPU.ActiveCfg = Release|Any CPU
		{1E33FE04-3765-4A88-89FF-0F72CF235B1F}.Release|Any CPU.Build.0 = Release|Any CPU
		{627350DB-2C40-42D7-9EF8-7159A6985D49}.Debug|Any CPU.ActiveCfg = Debug|Any CPU
		{627350DB-2C40-42D7-9EF8-7159A6985D49}.Debug|Any CPU.Build.0 = Debug|Any CPU
		{627350DB-2C40-42D7-9EF8-7159A6985D49}.Release|Any CPU.ActiveCfg = Release|Any CPU
		{627350DB-2C40-42D7-9EF8-7159A6985D49}.Release|Any CPU.Build.0 = Release|Any CPU
	EndGlobalSection
	GlobalSection(SolutionProperties) = preSolution
		HideSolutionNode = FALSE
	EndGlobalSection
EndGlobal
