
Microsoft Visual Studio Solution File, Format Version 12.00
# Visual Studio 2013
VisualStudioVersion = 12.0.21005.1
MinimumVisualStudioVersion = 10.0.40219.1
Project("{FAE04EC0-301F-11D3-BF4B-00C04F79EFBC}") = "OpenXml Words", "OpenXml\OpenXml Words.csproj", "{1F61D78B-8EAD-4F25-A5C4-CD347F1B4EA0}"
EndProject
Project("{FAE04EC0-301F-11D3-BF4B-00C04F79EFBC}") = "Aspose.Words", "Aspose\Aspose.Words.csproj", "{7D800A73-B84E-4ABD-8552-322C767CEE5E}"
EndProject
Global
	GlobalSection(SolutionConfigurationPlatforms) = preSolution
		Debug|Any CPU = Debug|Any CPU
		Release|Any CPU = Release|Any CPU
	EndGlobalSection
	GlobalSection(ProjectConfigurationPlatforms) = postSolution
		{1F61D78B-8EAD-4F25-A5C4-CD347F1B4EA0}.Debug|Any CPU.ActiveCfg = Debug|Any CPU
		{1F61D78B-8EAD-4F25-A5C4-CD347F1B4EA0}.Debug|Any CPU.Build.0 = Debug|Any CPU
		{1F61D78B-8EAD-4F25-A5C4-CD347F1B4EA0}.Release|Any CPU.ActiveCfg = Release|Any CPU
		{1F61D78B-8EAD-4F25-A5C4-CD347F1B4EA0}.Release|Any CPU.Build.0 = Release|Any CPU
		{7D800A73-B84E-4ABD-8552-322C767CEE5E}.Debug|Any CPU.ActiveCfg = Debug|Any CPU
		{7D800A73-B84E-4ABD-8552-322C767CEE5E}.Debug|Any CPU.Build.0 = Debug|Any CPU
		{7D800A73-B84E-4ABD-8552-322C767CEE5E}.Release|Any CPU.ActiveCfg = Release|Any CPU
		{7D800A73-B84E-4ABD-8552-322C767CEE5E}.Release|Any CPU.Build.0 = Release|Any CPU
	EndGlobalSection
	GlobalSection(SolutionProperties) = preSolution
		HideSolutionNode = FALSE
	EndGlobalSection
EndGlobal
