
Microsoft Visual Studio Solution File, Format Version 11.00
# Visual Studio 2010
VisualStudioVersion = 10.0.21005.1
MinimumVisualStudioVersion = 10.0.40219.1
Project("{FAE04EC0-301F-11D3-BF4B-00C04F79EFBC}") = "01.01-AppendDocuments", "Aspose.Words\01-WorkingWithDocument\01.01-AppendDocuments\01.01-AppendDocuments.csproj", "{9D29E33D-8A50-46D2-9716-BBEC2CC041A4}"
EndProject
Project("{FAE04EC0-301F-11D3-BF4B-00C04F79EFBC}") = "01.02-CloneDocuments", "Aspose.Words\01-WorkingWithDocument\01.02-CloneDocuments\01.02-CloneDocuments.csproj", "{44ABBBE8-043D-4FAF-BDAB-DB29E4F0AF0E}"
EndProject
Project("{FAE04EC0-301F-11D3-BF4B-00C04F79EFBC}") = "01.03-ProtectDocuments", "Aspose.Words\01-WorkingWithDocument\01.03-ProtectDocuments\01.03-ProtectDocuments.csproj", "{42A444C2-89AC-422E-B217-2AB468FCE735}"
EndProject
Project("{FAE04EC0-301F-11D3-BF4B-00C04F79EFBC}") = "01.04-TrackChangesInDocuments", "Aspose.Words\01-WorkingWithDocument\01.04-TrackChangesInDocuments\01.04-TrackChangesInDocuments.csproj", "{647A2884-2667-4B1C-AFE5-BF97F8CDFB3F}"
EndProject
Project("{FAE04EC0-301F-11D3-BF4B-00C04F79EFBC}") = "01.05-WorkingWithBookmarks", "Aspose.Words\01-WorkingWithDocument\01.05-WorkingWithBookmarks\01.05-WorkingWithBookmarks.csproj", "{A3462D8B-1457-42DF-959D-505EA446150C}"
EndProject
Project("{FAE04EC0-301F-11D3-BF4B-00C04F79EFBC}") = "01.06-AddWatermark", "Aspose.Words\01-WorkingWithDocument\01.06-AddWatermark\01.06-AddWatermark.csproj", "{D34EF082-0080-477A-886A-9A937091E19C}"
EndProject
Project("{FAE04EC0-301F-11D3-BF4B-00C04F79EFBC}") = "01.07-CheckFormatCompatibility", "Aspose.Words\01-WorkingWithDocument\01.07-CheckFormatCompatibility\01.07-CheckFormatCompatibility.csproj", "{50F24C67-9AA0-47EE-BFEE-A0A1B21437B3}"
EndProject
Project("{FAE04EC0-301F-11D3-BF4B-00C04F79EFBC}") = "01.08-WorkingwithDigitalSignatures", "Aspose.Words\01-WorkingWithDocument\01.08-WorkingwithDigitalSignatures\01.08-WorkingwithDigitalSignatures.csproj", "{589B8723-0BE4-4334-862F-5B845C87AA80}"
EndProject
Project("{FAE04EC0-301F-11D3-BF4B-00C04F79EFBC}") = "01.09-LoadTextFile", "Aspose.Words\01-WorkingWithDocument\01.09-LoadTextFile\01.09-LoadTextFile.csproj", "{74C58808-DDE7-4BE6-AFD8-C1AB4036BA31}"
EndProject
Project("{FAE04EC0-301F-11D3-BF4B-00C04F79EFBC}") = "02.01-FindandReplaceTextinDocuments", "Aspose.Words\02-WorkingWithText\02.01-FindandReplaceTextinDocuments\02.01-FindandReplaceTextinDocuments.csproj", "{9D77E1F5-7B33-44DF-8419-572F909AFDFF}"
EndProject
Project("{FAE04EC0-301F-11D3-BF4B-00C04F79EFBC}") = "02.02-InsertComments", "Aspose.Words\02-WorkingWithText\02.02-InsertComments\02.02-InsertComments.csproj", "{0FD89F8A-5C99-48DD-8542-4F2E9CC9A878}"
EndProject
Project("{FAE04EC0-301F-11D3-BF4B-00C04F79EFBC}") = "02.03-SpecifyDefaultFonts", "Aspose.Words\02-WorkingWithText\02.03-SpecifyDefaultFonts\02.03-SpecifyDefaultFonts.csproj", "{BCDE60C5-8951-4850-8DF7-B8AF682FAD2C}"
EndProject
Project("{FAE04EC0-301F-11D3-BF4B-00C04F79EFBC}") = "02.04-InsertHyperlink", "Aspose.Words\02-WorkingWithText\02.04-InsertHyperlink\02.04-InsertHyperlink.csproj", "{E661F82B-76A6-4119-8040-457F28D94C03}"
EndProject
Project("{FAE04EC0-301F-11D3-BF4B-00C04F79EFBC}") = "03.01-JoiningTables", "Aspose.Words\03-WorkingWithTable\03.01-JoiningTables\03.01-JoiningTables.csproj", "{545160AA-127F-4CB8-BA51-B0BE5F28045E}"
EndProject
Project("{FAE04EC0-301F-11D3-BF4B-00C04F79EFBC}") = "03.02-SplitTable", "Aspose.Words\03-WorkingWithTable\03.02-SplitTable\03.02-SplitTable.csproj", "{5E32D272-0001-48C5-8FE9-224422E12363}"
EndProject
Project("{FAE04EC0-301F-11D3-BF4B-00C04F79EFBC}") = "03.03-AutofitSettingtoTables", "Aspose.Words\03-WorkingWithTable\03.03-AutofitSettingtoTables\03.03-AutofitSettingtoTables.csproj", "{F47DC2E4-1A4E-43B2-A67B-33B841DDD3AC}"
EndProject
Project("{FAE04EC0-301F-11D3-BF4B-00C04F79EFBC}") = "04.01-MailMergefromXMLDataSource", "Aspose.Words\04-MailMerge\04.01-MailMergefromXMLDataSource\04.01-MailMergefromXMLDataSource.csproj", "{3D27EC55-F5E1-4F59-8748-A7956AD9D2A3}"
EndProject
Project("{FAE04EC0-301F-11D3-BF4B-00C04F79EFBC}") = "05.01-InsertPictureinWordDocument", "Aspose.Words\05-OtherExamples\05.01-InsertPictureinWordDocument\05.01-InsertPictureinWordDocument.csproj", "{14B3E76D-ED9D-42DB-9DA4-AEB7F23169E4}"
EndProject
Project("{FAE04EC0-301F-11D3-BF4B-00C04F79EFBC}") = "05.02-SetPageBorders", "Aspose.Words\05-OtherExamples\05.02-SetPageBorders\05.02-SetPageBorders.csproj", "{177800E7-DB59-44B1-AB29-E905D8A2B66C}"
EndProject
Project("{FAE04EC0-301F-11D3-BF4B-00C04F79EFBC}") = "05.03-MovingtheCursor", "Aspose.Words\05-OtherExamples\05.03-MovingtheCursor\05.03-MovingtheCursor.csproj", "{40BDD57C-B1B6-4650-9341-85EE24AAE255}"
EndProject
Project("{FAE04EC0-301F-11D3-BF4B-00C04F79EFBC}") = "05.04-UsingControlCharacters", "Aspose.Words\05-OtherExamples\05.04-UsingControlCharacters\05.04-UsingControlCharacters.csproj", "{DA15FAE2-188E-48E7-8EEC-BBC15968FC4E}"
EndProject
Project("{FAE04EC0-301F-11D3-BF4B-00C04F79EFBC}") = "06.01-InsertFormField", "Aspose.Words\06-WorkingWithFormFields\06.01-InsertFormField\06.01-InsertFormField.csproj", "{B86CAEAF-F188-4F6D-A826-1B8292AF70BC}"
EndProject
Project("{FAE04EC0-301F-11D3-BF4B-00C04F79EFBC}") = "06.02-RemoveFormField", "Aspose.Words\06-WorkingWithFormFields\06.02-RemoveFormField\06.02-RemoveFormField.csproj", "{58FF2F1E-8752-41C8-AB0D-099F803AD729}"
EndProject
Project("{FAE04EC0-301F-11D3-BF4B-00C04F79EFBC}") = "07.01-AccessRanges", "Aspose.Words\07-WorkingWithRanges\07.01-AccessRanges\07.01-AccessRanges.csproj", "{7C712A86-6B2C-4873-93A3-FF3A01CF2F57}"
EndProject
Project("{FAE04EC0-301F-11D3-BF4B-00C04F79EFBC}") = "07.02-DeleteRange", "Aspose.Words\07-WorkingWithRanges\07.02-DeleteRange\07.02-DeleteRange.csproj", "{4BE2BDB2-CE6C-4890-B357-1E547BA530DD}"
EndProject
Project("{FAE04EC0-301F-11D3-BF4B-00C04F79EFBC}") = "08.01-ConvertWordDocumentToPNG", "Aspose.Words\08-WorkingWithImages\08.01-ConvertWordDocumentToPNG\08.01-ConvertWordDocumentToPNG.csproj", "{1ECB165A-3D37-47E0-8842-43BEBEF29139}"
EndProject
Project("{FAE04EC0-301F-11D3-BF4B-00C04F79EFBC}") = "08.02-ConvertWordDocumentToTIFF", "Aspose.Words\08-WorkingWithImages\08.02-ConvertWordDocumentToTIFF\08.02-ConvertWordDocumentToTIFF.csproj", "{F5F07FD3-0F9F-4550-96A3-894E1814C341}"
EndProject
Project("{FAE04EC0-301F-11D3-BF4B-00C04F79EFBC}") = "08.03-ImageReSize", "Aspose.Words\08-WorkingWithImages\08.03-ImageReSize\08.03-ImageReSize.csproj", "{E0B4B1FA-B34C-44D9-91C5-79F2F29D5405}"
EndProject
Project("{FAE04EC0-301F-11D3-BF4B-00C04F79EFBC}") = "09.01-SimpleBarGraph", "Aspose.Words\09-WorkingWithGraphs\09.01-SimpleBarGraph\09.01-SimpleBarGraph.csproj", "{820D1594-59F2-426B-8F39-CCF6E2F89AAB}"
EndProject
Project("{FAE04EC0-301F-11D3-BF4B-00C04F79EFBC}") = "05.05-FindAndReplace", "Aspose.Words\05-OtherExamples\05.05-FindAndReplace\05.05-FindAndReplace.csproj", "{309A1F1B-3B78-4B45-8EEF-684A9EAD7AD5}"
EndProject
Global
	GlobalSection(SolutionConfigurationPlatforms) = preSolution
		Debug|Any CPU = Debug|Any CPU
		Debug|Mixed Platforms = Debug|Mixed Platforms
		Debug|x86 = Debug|x86
		Release|Any CPU = Release|Any CPU
		Release|Mixed Platforms = Release|Mixed Platforms
		Release|x86 = Release|x86
	EndGlobalSection
	GlobalSection(ProjectConfigurationPlatforms) = postSolution
		{9D29E33D-8A50-46D2-9716-BBEC2CC041A4}.Debug|Any CPU.ActiveCfg = Debug|x86
		{9D29E33D-8A50-46D2-9716-BBEC2CC041A4}.Debug|Mixed Platforms.ActiveCfg = Debug|x86
		{9D29E33D-8A50-46D2-9716-BBEC2CC041A4}.Debug|Mixed Platforms.Build.0 = Debug|x86
		{9D29E33D-8A50-46D2-9716-BBEC2CC041A4}.Debug|x86.ActiveCfg = Debug|x86
		{9D29E33D-8A50-46D2-9716-BBEC2CC041A4}.Debug|x86.Build.0 = Debug|x86
		{9D29E33D-8A50-46D2-9716-BBEC2CC041A4}.Release|Any CPU.ActiveCfg = Release|x86
		{9D29E33D-8A50-46D2-9716-BBEC2CC041A4}.Release|Mixed Platforms.ActiveCfg = Release|x86
		{9D29E33D-8A50-46D2-9716-BBEC2CC041A4}.Release|Mixed Platforms.Build.0 = Release|x86
		{9D29E33D-8A50-46D2-9716-BBEC2CC041A4}.Release|x86.ActiveCfg = Release|x86
		{9D29E33D-8A50-46D2-9716-BBEC2CC041A4}.Release|x86.Build.0 = Release|x86
		{44ABBBE8-043D-4FAF-BDAB-DB29E4F0AF0E}.Debug|Any CPU.ActiveCfg = Debug|x86
		{44ABBBE8-043D-4FAF-BDAB-DB29E4F0AF0E}.Debug|Mixed Platforms.ActiveCfg = Debug|x86
		{44ABBBE8-043D-4FAF-BDAB-DB29E4F0AF0E}.Debug|Mixed Platforms.Build.0 = Debug|x86
		{44ABBBE8-043D-4FAF-BDAB-DB29E4F0AF0E}.Debug|x86.ActiveCfg = Debug|x86
		{44ABBBE8-043D-4FAF-BDAB-DB29E4F0AF0E}.Debug|x86.Build.0 = Debug|x86
		{44ABBBE8-043D-4FAF-BDAB-DB29E4F0AF0E}.Release|Any CPU.ActiveCfg = Release|x86
		{44ABBBE8-043D-4FAF-BDAB-DB29E4F0AF0E}.Release|Mixed Platforms.ActiveCfg = Release|x86
		{44ABBBE8-043D-4FAF-BDAB-DB29E4F0AF0E}.Release|Mixed Platforms.Build.0 = Release|x86
		{44ABBBE8-043D-4FAF-BDAB-DB29E4F0AF0E}.Release|x86.ActiveCfg = Release|x86
		{44ABBBE8-043D-4FAF-BDAB-DB29E4F0AF0E}.Release|x86.Build.0 = Release|x86
		{42A444C2-89AC-422E-B217-2AB468FCE735}.Debug|Any CPU.ActiveCfg = Debug|x86
		{42A444C2-89AC-422E-B217-2AB468FCE735}.Debug|Mixed Platforms.ActiveCfg = Debug|x86
		{42A444C2-89AC-422E-B217-2AB468FCE735}.Debug|Mixed Platforms.Build.0 = Debug|x86
		{42A444C2-89AC-422E-B217-2AB468FCE735}.Debug|x86.ActiveCfg = Debug|x86
		{42A444C2-89AC-422E-B217-2AB468FCE735}.Debug|x86.Build.0 = Debug|x86
		{42A444C2-89AC-422E-B217-2AB468FCE735}.Release|Any CPU.ActiveCfg = Release|x86
		{42A444C2-89AC-422E-B217-2AB468FCE735}.Release|Mixed Platforms.ActiveCfg = Release|x86
		{42A444C2-89AC-422E-B217-2AB468FCE735}.Release|Mixed Platforms.Build.0 = Release|x86
		{42A444C2-89AC-422E-B217-2AB468FCE735}.Release|x86.ActiveCfg = Release|x86
		{42A444C2-89AC-422E-B217-2AB468FCE735}.Release|x86.Build.0 = Release|x86
		{647A2884-2667-4B1C-AFE5-BF97F8CDFB3F}.Debug|Any CPU.ActiveCfg = Debug|x86
		{647A2884-2667-4B1C-AFE5-BF97F8CDFB3F}.Debug|Mixed Platforms.ActiveCfg = Debug|x86
		{647A2884-2667-4B1C-AFE5-BF97F8CDFB3F}.Debug|Mixed Platforms.Build.0 = Debug|x86
		{647A2884-2667-4B1C-AFE5-BF97F8CDFB3F}.Debug|x86.ActiveCfg = Debug|x86
		{647A2884-2667-4B1C-AFE5-BF97F8CDFB3F}.Debug|x86.Build.0 = Debug|x86
		{647A2884-2667-4B1C-AFE5-BF97F8CDFB3F}.Release|Any CPU.ActiveCfg = Release|x86
		{647A2884-2667-4B1C-AFE5-BF97F8CDFB3F}.Release|Mixed Platforms.ActiveCfg = Release|x86
		{647A2884-2667-4B1C-AFE5-BF97F8CDFB3F}.Release|Mixed Platforms.Build.0 = Release|x86
		{647A2884-2667-4B1C-AFE5-BF97F8CDFB3F}.Release|x86.ActiveCfg = Release|x86
		{647A2884-2667-4B1C-AFE5-BF97F8CDFB3F}.Release|x86.Build.0 = Release|x86
		{A3462D8B-1457-42DF-959D-505EA446150C}.Debug|Any CPU.ActiveCfg = Debug|x86
		{A3462D8B-1457-42DF-959D-505EA446150C}.Debug|Mixed Platforms.ActiveCfg = Debug|x86
		{A3462D8B-1457-42DF-959D-505EA446150C}.Debug|Mixed Platforms.Build.0 = Debug|x86
		{A3462D8B-1457-42DF-959D-505EA446150C}.Debug|x86.ActiveCfg = Debug|x86
		{A3462D8B-1457-42DF-959D-505EA446150C}.Debug|x86.Build.0 = Debug|x86
		{A3462D8B-1457-42DF-959D-505EA446150C}.Release|Any CPU.ActiveCfg = Release|x86
		{A3462D8B-1457-42DF-959D-505EA446150C}.Release|Mixed Platforms.ActiveCfg = Release|x86
		{A3462D8B-1457-42DF-959D-505EA446150C}.Release|Mixed Platforms.Build.0 = Release|x86
		{A3462D8B-1457-42DF-959D-505EA446150C}.Release|x86.ActiveCfg = Release|x86
		{A3462D8B-1457-42DF-959D-505EA446150C}.Release|x86.Build.0 = Release|x86
		{D34EF082-0080-477A-886A-9A937091E19C}.Debug|Any CPU.ActiveCfg = Debug|x86
		{D34EF082-0080-477A-886A-9A937091E19C}.Debug|Mixed Platforms.ActiveCfg = Debug|x86
		{D34EF082-0080-477A-886A-9A937091E19C}.Debug|Mixed Platforms.Build.0 = Debug|x86
		{D34EF082-0080-477A-886A-9A937091E19C}.Debug|x86.ActiveCfg = Debug|x86
		{D34EF082-0080-477A-886A-9A937091E19C}.Debug|x86.Build.0 = Debug|x86
		{D34EF082-0080-477A-886A-9A937091E19C}.Release|Any CPU.ActiveCfg = Release|x86
		{D34EF082-0080-477A-886A-9A937091E19C}.Release|Mixed Platforms.ActiveCfg = Release|x86
		{D34EF082-0080-477A-886A-9A937091E19C}.Release|Mixed Platforms.Build.0 = Release|x86
		{D34EF082-0080-477A-886A-9A937091E19C}.Release|x86.ActiveCfg = Release|x86
		{D34EF082-0080-477A-886A-9A937091E19C}.Release|x86.Build.0 = Release|x86
		{50F24C67-9AA0-47EE-BFEE-A0A1B21437B3}.Debug|Any CPU.ActiveCfg = Debug|x86
		{50F24C67-9AA0-47EE-BFEE-A0A1B21437B3}.Debug|Mixed Platforms.ActiveCfg = Debug|x86
		{50F24C67-9AA0-47EE-BFEE-A0A1B21437B3}.Debug|Mixed Platforms.Build.0 = Debug|x86
		{50F24C67-9AA0-47EE-BFEE-A0A1B21437B3}.Debug|x86.ActiveCfg = Debug|x86
		{50F24C67-9AA0-47EE-BFEE-A0A1B21437B3}.Debug|x86.Build.0 = Debug|x86
		{50F24C67-9AA0-47EE-BFEE-A0A1B21437B3}.Release|Any CPU.ActiveCfg = Release|x86
		{50F24C67-9AA0-47EE-BFEE-A0A1B21437B3}.Release|Mixed Platforms.ActiveCfg = Release|x86
		{50F24C67-9AA0-47EE-BFEE-A0A1B21437B3}.Release|Mixed Platforms.Build.0 = Release|x86
		{50F24C67-9AA0-47EE-BFEE-A0A1B21437B3}.Release|x86.ActiveCfg = Release|x86
		{50F24C67-9AA0-47EE-BFEE-A0A1B21437B3}.Release|x86.Build.0 = Release|x86
		{589B8723-0BE4-4334-862F-5B845C87AA80}.Debug|Any CPU.ActiveCfg = Debug|x86
		{589B8723-0BE4-4334-862F-5B845C87AA80}.Debug|Mixed Platforms.ActiveCfg = Debug|x86
		{589B8723-0BE4-4334-862F-5B845C87AA80}.Debug|Mixed Platforms.Build.0 = Debug|x86
		{589B8723-0BE4-4334-862F-5B845C87AA80}.Debug|x86.ActiveCfg = Debug|x86
		{589B8723-0BE4-4334-862F-5B845C87AA80}.Debug|x86.Build.0 = Debug|x86
		{589B8723-0BE4-4334-862F-5B845C87AA80}.Release|Any CPU.ActiveCfg = Release|x86
		{589B8723-0BE4-4334-862F-5B845C87AA80}.Release|Mixed Platforms.ActiveCfg = Release|x86
		{589B8723-0BE4-4334-862F-5B845C87AA80}.Release|Mixed Platforms.Build.0 = Release|x86
		{589B8723-0BE4-4334-862F-5B845C87AA80}.Release|x86.ActiveCfg = Release|x86
		{589B8723-0BE4-4334-862F-5B845C87AA80}.Release|x86.Build.0 = Release|x86
		{74C58808-DDE7-4BE6-AFD8-C1AB4036BA31}.Debug|Any CPU.ActiveCfg = Debug|x86
		{74C58808-DDE7-4BE6-AFD8-C1AB4036BA31}.Debug|Mixed Platforms.ActiveCfg = Debug|x86
		{74C58808-DDE7-4BE6-AFD8-C1AB4036BA31}.Debug|Mixed Platforms.Build.0 = Debug|x86
		{74C58808-DDE7-4BE6-AFD8-C1AB4036BA31}.Debug|x86.ActiveCfg = Debug|x86
		{74C58808-DDE7-4BE6-AFD8-C1AB4036BA31}.Debug|x86.Build.0 = Debug|x86
		{74C58808-DDE7-4BE6-AFD8-C1AB4036BA31}.Release|Any CPU.ActiveCfg = Release|x86
		{74C58808-DDE7-4BE6-AFD8-C1AB4036BA31}.Release|Mixed Platforms.ActiveCfg = Release|x86
		{74C58808-DDE7-4BE6-AFD8-C1AB4036BA31}.Release|Mixed Platforms.Build.0 = Release|x86
		{74C58808-DDE7-4BE6-AFD8-C1AB4036BA31}.Release|x86.ActiveCfg = Release|x86
		{74C58808-DDE7-4BE6-AFD8-C1AB4036BA31}.Release|x86.Build.0 = Release|x86
		{9D77E1F5-7B33-44DF-8419-572F909AFDFF}.Debug|Any CPU.ActiveCfg = Debug|x86
		{9D77E1F5-7B33-44DF-8419-572F909AFDFF}.Debug|Mixed Platforms.ActiveCfg = Debug|x86
		{9D77E1F5-7B33-44DF-8419-572F909AFDFF}.Debug|Mixed Platforms.Build.0 = Debug|x86
		{9D77E1F5-7B33-44DF-8419-572F909AFDFF}.Debug|x86.ActiveCfg = Debug|x86
		{9D77E1F5-7B33-44DF-8419-572F909AFDFF}.Debug|x86.Build.0 = Debug|x86
		{9D77E1F5-7B33-44DF-8419-572F909AFDFF}.Release|Any CPU.ActiveCfg = Release|x86
		{9D77E1F5-7B33-44DF-8419-572F909AFDFF}.Release|Mixed Platforms.ActiveCfg = Release|x86
		{9D77E1F5-7B33-44DF-8419-572F909AFDFF}.Release|Mixed Platforms.Build.0 = Release|x86
		{9D77E1F5-7B33-44DF-8419-572F909AFDFF}.Release|x86.ActiveCfg = Release|x86
		{9D77E1F5-7B33-44DF-8419-572F909AFDFF}.Release|x86.Build.0 = Release|x86
		{0FD89F8A-5C99-48DD-8542-4F2E9CC9A878}.Debug|Any CPU.ActiveCfg = Debug|x86
		{0FD89F8A-5C99-48DD-8542-4F2E9CC9A878}.Debug|Mixed Platforms.ActiveCfg = Debug|x86
		{0FD89F8A-5C99-48DD-8542-4F2E9CC9A878}.Debug|Mixed Platforms.Build.0 = Debug|x86
		{0FD89F8A-5C99-48DD-8542-4F2E9CC9A878}.Debug|x86.ActiveCfg = Debug|x86
		{0FD89F8A-5C99-48DD-8542-4F2E9CC9A878}.Debug|x86.Build.0 = Debug|x86
		{0FD89F8A-5C99-48DD-8542-4F2E9CC9A878}.Release|Any CPU.ActiveCfg = Release|x86
		{0FD89F8A-5C99-48DD-8542-4F2E9CC9A878}.Release|Mixed Platforms.ActiveCfg = Release|x86
		{0FD89F8A-5C99-48DD-8542-4F2E9CC9A878}.Release|Mixed Platforms.Build.0 = Release|x86
		{0FD89F8A-5C99-48DD-8542-4F2E9CC9A878}.Release|x86.ActiveCfg = Release|x86
		{0FD89F8A-5C99-48DD-8542-4F2E9CC9A878}.Release|x86.Build.0 = Release|x86
		{BCDE60C5-8951-4850-8DF7-B8AF682FAD2C}.Debug|Any CPU.ActiveCfg = Debug|x86
		{BCDE60C5-8951-4850-8DF7-B8AF682FAD2C}.Debug|Mixed Platforms.ActiveCfg = Debug|x86
		{BCDE60C5-8951-4850-8DF7-B8AF682FAD2C}.Debug|Mixed Platforms.Build.0 = Debug|x86
		{BCDE60C5-8951-4850-8DF7-B8AF682FAD2C}.Debug|x86.ActiveCfg = Debug|x86
		{BCDE60C5-8951-4850-8DF7-B8AF682FAD2C}.Debug|x86.Build.0 = Debug|x86
		{BCDE60C5-8951-4850-8DF7-B8AF682FAD2C}.Release|Any CPU.ActiveCfg = Release|x86
		{BCDE60C5-8951-4850-8DF7-B8AF682FAD2C}.Release|Mixed Platforms.ActiveCfg = Release|x86
		{BCDE60C5-8951-4850-8DF7-B8AF682FAD2C}.Release|Mixed Platforms.Build.0 = Release|x86
		{BCDE60C5-8951-4850-8DF7-B8AF682FAD2C}.Release|x86.ActiveCfg = Release|x86
		{BCDE60C5-8951-4850-8DF7-B8AF682FAD2C}.Release|x86.Build.0 = Release|x86
		{E661F82B-76A6-4119-8040-457F28D94C03}.Debug|Any CPU.ActiveCfg = Debug|Any CPU
		{E661F82B-76A6-4119-8040-457F28D94C03}.Debug|Any CPU.Build.0 = Debug|Any CPU
		{E661F82B-76A6-4119-8040-457F28D94C03}.Debug|Mixed Platforms.ActiveCfg = Debug|Any CPU
		{E661F82B-76A6-4119-8040-457F28D94C03}.Debug|Mixed Platforms.Build.0 = Debug|Any CPU
		{E661F82B-76A6-4119-8040-457F28D94C03}.Debug|x86.ActiveCfg = Debug|Any CPU
		{E661F82B-76A6-4119-8040-457F28D94C03}.Release|Any CPU.ActiveCfg = Release|Any CPU
		{E661F82B-76A6-4119-8040-457F28D94C03}.Release|Any CPU.Build.0 = Release|Any CPU
		{E661F82B-76A6-4119-8040-457F28D94C03}.Release|Mixed Platforms.ActiveCfg = Release|Any CPU
		{E661F82B-76A6-4119-8040-457F28D94C03}.Release|Mixed Platforms.Build.0 = Release|Any CPU
		{E661F82B-76A6-4119-8040-457F28D94C03}.Release|x86.ActiveCfg = Release|Any CPU
		{545160AA-127F-4CB8-BA51-B0BE5F28045E}.Debug|Any CPU.ActiveCfg = Debug|x86
		{545160AA-127F-4CB8-BA51-B0BE5F28045E}.Debug|Mixed Platforms.ActiveCfg = Debug|x86
		{545160AA-127F-4CB8-BA51-B0BE5F28045E}.Debug|Mixed Platforms.Build.0 = Debug|x86
		{545160AA-127F-4CB8-BA51-B0BE5F28045E}.Debug|x86.ActiveCfg = Debug|x86
		{545160AA-127F-4CB8-BA51-B0BE5F28045E}.Debug|x86.Build.0 = Debug|x86
		{545160AA-127F-4CB8-BA51-B0BE5F28045E}.Release|Any CPU.ActiveCfg = Release|x86
		{545160AA-127F-4CB8-BA51-B0BE5F28045E}.Release|Mixed Platforms.ActiveCfg = Release|x86
		{545160AA-127F-4CB8-BA51-B0BE5F28045E}.Release|Mixed Platforms.Build.0 = Release|x86
		{545160AA-127F-4CB8-BA51-B0BE5F28045E}.Release|x86.ActiveCfg = Release|x86
		{545160AA-127F-4CB8-BA51-B0BE5F28045E}.Release|x86.Build.0 = Release|x86
		{5E32D272-0001-48C5-8FE9-224422E12363}.Debug|Any CPU.ActiveCfg = Debug|x86
		{5E32D272-0001-48C5-8FE9-224422E12363}.Debug|Mixed Platforms.ActiveCfg = Debug|x86
		{5E32D272-0001-48C5-8FE9-224422E12363}.Debug|Mixed Platforms.Build.0 = Debug|x86
		{5E32D272-0001-48C5-8FE9-224422E12363}.Debug|x86.ActiveCfg = Debug|x86
		{5E32D272-0001-48C5-8FE9-224422E12363}.Debug|x86.Build.0 = Debug|x86
		{5E32D272-0001-48C5-8FE9-224422E12363}.Release|Any CPU.ActiveCfg = Release|x86
		{5E32D272-0001-48C5-8FE9-224422E12363}.Release|Mixed Platforms.ActiveCfg = Release|x86
		{5E32D272-0001-48C5-8FE9-224422E12363}.Release|Mixed Platforms.Build.0 = Release|x86
		{5E32D272-0001-48C5-8FE9-224422E12363}.Release|x86.ActiveCfg = Release|x86
		{5E32D272-0001-48C5-8FE9-224422E12363}.Release|x86.Build.0 = Release|x86
		{F47DC2E4-1A4E-43B2-A67B-33B841DDD3AC}.Debug|Any CPU.ActiveCfg = Debug|x86
		{F47DC2E4-1A4E-43B2-A67B-33B841DDD3AC}.Debug|Mixed Platforms.ActiveCfg = Debug|x86
		{F47DC2E4-1A4E-43B2-A67B-33B841DDD3AC}.Debug|Mixed Platforms.Build.0 = Debug|x86
		{F47DC2E4-1A4E-43B2-A67B-33B841DDD3AC}.Debug|x86.ActiveCfg = Debug|x86
		{F47DC2E4-1A4E-43B2-A67B-33B841DDD3AC}.Debug|x86.Build.0 = Debug|x86
		{F47DC2E4-1A4E-43B2-A67B-33B841DDD3AC}.Release|Any CPU.ActiveCfg = Release|x86
		{F47DC2E4-1A4E-43B2-A67B-33B841DDD3AC}.Release|Mixed Platforms.ActiveCfg = Release|x86
		{F47DC2E4-1A4E-43B2-A67B-33B841DDD3AC}.Release|Mixed Platforms.Build.0 = Release|x86
		{F47DC2E4-1A4E-43B2-A67B-33B841DDD3AC}.Release|x86.ActiveCfg = Release|x86
		{F47DC2E4-1A4E-43B2-A67B-33B841DDD3AC}.Release|x86.Build.0 = Release|x86
		{3D27EC55-F5E1-4F59-8748-A7956AD9D2A3}.Debug|Any CPU.ActiveCfg = Debug|x86
		{3D27EC55-F5E1-4F59-8748-A7956AD9D2A3}.Debug|Mixed Platforms.ActiveCfg = Debug|x86
		{3D27EC55-F5E1-4F59-8748-A7956AD9D2A3}.Debug|Mixed Platforms.Build.0 = Debug|x86
		{3D27EC55-F5E1-4F59-8748-A7956AD9D2A3}.Debug|x86.ActiveCfg = Debug|x86
		{3D27EC55-F5E1-4F59-8748-A7956AD9D2A3}.Debug|x86.Build.0 = Debug|x86
		{3D27EC55-F5E1-4F59-8748-A7956AD9D2A3}.Release|Any CPU.ActiveCfg = Release|x86
		{3D27EC55-F5E1-4F59-8748-A7956AD9D2A3}.Release|Mixed Platforms.ActiveCfg = Release|x86
		{3D27EC55-F5E1-4F59-8748-A7956AD9D2A3}.Release|Mixed Platforms.Build.0 = Release|x86
		{3D27EC55-F5E1-4F59-8748-A7956AD9D2A3}.Release|x86.ActiveCfg = Release|x86
		{3D27EC55-F5E1-4F59-8748-A7956AD9D2A3}.Release|x86.Build.0 = Release|x86
		{14B3E76D-ED9D-42DB-9DA4-AEB7F23169E4}.Debug|Any CPU.ActiveCfg = Debug|x86
		{14B3E76D-ED9D-42DB-9DA4-AEB7F23169E4}.Debug|Mixed Platforms.ActiveCfg = Debug|x86
		{14B3E76D-ED9D-42DB-9DA4-AEB7F23169E4}.Debug|Mixed Platforms.Build.0 = Debug|x86
		{14B3E76D-ED9D-42DB-9DA4-AEB7F23169E4}.Debug|x86.ActiveCfg = Debug|x86
		{14B3E76D-ED9D-42DB-9DA4-AEB7F23169E4}.Debug|x86.Build.0 = Debug|x86
		{14B3E76D-ED9D-42DB-9DA4-AEB7F23169E4}.Release|Any CPU.ActiveCfg = Release|x86
		{14B3E76D-ED9D-42DB-9DA4-AEB7F23169E4}.Release|Mixed Platforms.ActiveCfg = Release|x86
		{14B3E76D-ED9D-42DB-9DA4-AEB7F23169E4}.Release|Mixed Platforms.Build.0 = Release|x86
		{14B3E76D-ED9D-42DB-9DA4-AEB7F23169E4}.Release|x86.ActiveCfg = Release|x86
		{14B3E76D-ED9D-42DB-9DA4-AEB7F23169E4}.Release|x86.Build.0 = Release|x86
		{177800E7-DB59-44B1-AB29-E905D8A2B66C}.Debug|Any CPU.ActiveCfg = Debug|x86
		{177800E7-DB59-44B1-AB29-E905D8A2B66C}.Debug|Mixed Platforms.ActiveCfg = Debug|x86
		{177800E7-DB59-44B1-AB29-E905D8A2B66C}.Debug|Mixed Platforms.Build.0 = Debug|x86
		{177800E7-DB59-44B1-AB29-E905D8A2B66C}.Debug|x86.ActiveCfg = Debug|x86
		{177800E7-DB59-44B1-AB29-E905D8A2B66C}.Debug|x86.Build.0 = Debug|x86
		{177800E7-DB59-44B1-AB29-E905D8A2B66C}.Release|Any CPU.ActiveCfg = Release|x86
		{177800E7-DB59-44B1-AB29-E905D8A2B66C}.Release|Mixed Platforms.ActiveCfg = Release|x86
		{177800E7-DB59-44B1-AB29-E905D8A2B66C}.Release|Mixed Platforms.Build.0 = Release|x86
		{177800E7-DB59-44B1-AB29-E905D8A2B66C}.Release|x86.ActiveCfg = Release|x86
		{177800E7-DB59-44B1-AB29-E905D8A2B66C}.Release|x86.Build.0 = Release|x86
		{40BDD57C-B1B6-4650-9341-85EE24AAE255}.Debug|Any CPU.ActiveCfg = Debug|x86
		{40BDD57C-B1B6-4650-9341-85EE24AAE255}.Debug|Mixed Platforms.ActiveCfg = Debug|x86
		{40BDD57C-B1B6-4650-9341-85EE24AAE255}.Debug|Mixed Platforms.Build.0 = Debug|x86
		{40BDD57C-B1B6-4650-9341-85EE24AAE255}.Debug|x86.ActiveCfg = Debug|x86
		{40BDD57C-B1B6-4650-9341-85EE24AAE255}.Debug|x86.Build.0 = Debug|x86
		{40BDD57C-B1B6-4650-9341-85EE24AAE255}.Release|Any CPU.ActiveCfg = Release|x86
		{40BDD57C-B1B6-4650-9341-85EE24AAE255}.Release|Mixed Platforms.ActiveCfg = Release|x86
		{40BDD57C-B1B6-4650-9341-85EE24AAE255}.Release|Mixed Platforms.Build.0 = Release|x86
		{40BDD57C-B1B6-4650-9341-85EE24AAE255}.Release|x86.ActiveCfg = Release|x86
		{40BDD57C-B1B6-4650-9341-85EE24AAE255}.Release|x86.Build.0 = Release|x86
		{DA15FAE2-188E-48E7-8EEC-BBC15968FC4E}.Debug|Any CPU.ActiveCfg = Debug|x86
		{DA15FAE2-188E-48E7-8EEC-BBC15968FC4E}.Debug|Mixed Platforms.ActiveCfg = Debug|x86
		{DA15FAE2-188E-48E7-8EEC-BBC15968FC4E}.Debug|Mixed Platforms.Build.0 = Debug|x86
		{DA15FAE2-188E-48E7-8EEC-BBC15968FC4E}.Debug|x86.ActiveCfg = Debug|x86
		{DA15FAE2-188E-48E7-8EEC-BBC15968FC4E}.Debug|x86.Build.0 = Debug|x86
		{DA15FAE2-188E-48E7-8EEC-BBC15968FC4E}.Release|Any CPU.ActiveCfg = Release|x86
		{DA15FAE2-188E-48E7-8EEC-BBC15968FC4E}.Release|Mixed Platforms.ActiveCfg = Release|x86
		{DA15FAE2-188E-48E7-8EEC-BBC15968FC4E}.Release|Mixed Platforms.Build.0 = Release|x86
		{DA15FAE2-188E-48E7-8EEC-BBC15968FC4E}.Release|x86.ActiveCfg = Release|x86
		{DA15FAE2-188E-48E7-8EEC-BBC15968FC4E}.Release|x86.Build.0 = Release|x86
		{B86CAEAF-F188-4F6D-A826-1B8292AF70BC}.Debug|Any CPU.ActiveCfg = Debug|Any CPU
		{B86CAEAF-F188-4F6D-A826-1B8292AF70BC}.Debug|Any CPU.Build.0 = Debug|Any CPU
		{B86CAEAF-F188-4F6D-A826-1B8292AF70BC}.Debug|Mixed Platforms.ActiveCfg = Debug|Any CPU
		{B86CAEAF-F188-4F6D-A826-1B8292AF70BC}.Debug|Mixed Platforms.Build.0 = Debug|Any CPU
		{B86CAEAF-F188-4F6D-A826-1B8292AF70BC}.Debug|x86.ActiveCfg = Debug|Any CPU
		{B86CAEAF-F188-4F6D-A826-1B8292AF70BC}.Release|Any CPU.ActiveCfg = Release|Any CPU
		{B86CAEAF-F188-4F6D-A826-1B8292AF70BC}.Release|Any CPU.Build.0 = Release|Any CPU
		{B86CAEAF-F188-4F6D-A826-1B8292AF70BC}.Release|Mixed Platforms.ActiveCfg = Release|Any CPU
		{B86CAEAF-F188-4F6D-A826-1B8292AF70BC}.Release|Mixed Platforms.Build.0 = Release|Any CPU
		{B86CAEAF-F188-4F6D-A826-1B8292AF70BC}.Release|x86.ActiveCfg = Release|Any CPU
		{58FF2F1E-8752-41C8-AB0D-099F803AD729}.Debug|Any CPU.ActiveCfg = Debug|Any CPU
		{58FF2F1E-8752-41C8-AB0D-099F803AD729}.Debug|Any CPU.Build.0 = Debug|Any CPU
		{58FF2F1E-8752-41C8-AB0D-099F803AD729}.Debug|Mixed Platforms.ActiveCfg = Debug|Any CPU
		{58FF2F1E-8752-41C8-AB0D-099F803AD729}.Debug|Mixed Platforms.Build.0 = Debug|Any CPU
		{58FF2F1E-8752-41C8-AB0D-099F803AD729}.Debug|x86.ActiveCfg = Debug|Any CPU
		{58FF2F1E-8752-41C8-AB0D-099F803AD729}.Release|Any CPU.ActiveCfg = Release|Any CPU
		{58FF2F1E-8752-41C8-AB0D-099F803AD729}.Release|Any CPU.Build.0 = Release|Any CPU
		{58FF2F1E-8752-41C8-AB0D-099F803AD729}.Release|Mixed Platforms.ActiveCfg = Release|Any CPU
		{58FF2F1E-8752-41C8-AB0D-099F803AD729}.Release|Mixed Platforms.Build.0 = Release|Any CPU
		{58FF2F1E-8752-41C8-AB0D-099F803AD729}.Release|x86.ActiveCfg = Release|Any CPU
		{7C712A86-6B2C-4873-93A3-FF3A01CF2F57}.Debug|Any CPU.ActiveCfg = Debug|Any CPU
		{7C712A86-6B2C-4873-93A3-FF3A01CF2F57}.Debug|Any CPU.Build.0 = Debug|Any CPU
		{7C712A86-6B2C-4873-93A3-FF3A01CF2F57}.Debug|Mixed Platforms.ActiveCfg = Debug|Any CPU
		{7C712A86-6B2C-4873-93A3-FF3A01CF2F57}.Debug|Mixed Platforms.Build.0 = Debug|Any CPU
		{7C712A86-6B2C-4873-93A3-FF3A01CF2F57}.Debug|x86.ActiveCfg = Debug|Any CPU
		{7C712A86-6B2C-4873-93A3-FF3A01CF2F57}.Release|Any CPU.ActiveCfg = Release|Any CPU
		{7C712A86-6B2C-4873-93A3-FF3A01CF2F57}.Release|Any CPU.Build.0 = Release|Any CPU
		{7C712A86-6B2C-4873-93A3-FF3A01CF2F57}.Release|Mixed Platforms.ActiveCfg = Release|Any CPU
		{7C712A86-6B2C-4873-93A3-FF3A01CF2F57}.Release|Mixed Platforms.Build.0 = Release|Any CPU
		{7C712A86-6B2C-4873-93A3-FF3A01CF2F57}.Release|x86.ActiveCfg = Release|Any CPU
		{4BE2BDB2-CE6C-4890-B357-1E547BA530DD}.Debug|Any CPU.ActiveCfg = Debug|Any CPU
		{4BE2BDB2-CE6C-4890-B357-1E547BA530DD}.Debug|Any CPU.Build.0 = Debug|Any CPU
		{4BE2BDB2-CE6C-4890-B357-1E547BA530DD}.Debug|Mixed Platforms.ActiveCfg = Debug|Any CPU
		{4BE2BDB2-CE6C-4890-B357-1E547BA530DD}.Debug|Mixed Platforms.Build.0 = Debug|Any CPU
		{4BE2BDB2-CE6C-4890-B357-1E547BA530DD}.Debug|x86.ActiveCfg = Debug|Any CPU
		{4BE2BDB2-CE6C-4890-B357-1E547BA530DD}.Release|Any CPU.ActiveCfg = Release|Any CPU
		{4BE2BDB2-CE6C-4890-B357-1E547BA530DD}.Release|Any CPU.Build.0 = Release|Any CPU
		{4BE2BDB2-CE6C-4890-B357-1E547BA530DD}.Release|Mixed Platforms.ActiveCfg = Release|Any CPU
		{4BE2BDB2-CE6C-4890-B357-1E547BA530DD}.Release|Mixed Platforms.Build.0 = Release|Any CPU
		{4BE2BDB2-CE6C-4890-B357-1E547BA530DD}.Release|x86.ActiveCfg = Release|Any CPU
		{1ECB165A-3D37-47E0-8842-43BEBEF29139}.Debug|Any CPU.ActiveCfg = Debug|Any CPU
		{1ECB165A-3D37-47E0-8842-43BEBEF29139}.Debug|Any CPU.Build.0 = Debug|Any CPU
		{1ECB165A-3D37-47E0-8842-43BEBEF29139}.Debug|Mixed Platforms.ActiveCfg = Debug|Any CPU
		{1ECB165A-3D37-47E0-8842-43BEBEF29139}.Debug|Mixed Platforms.Build.0 = Debug|Any CPU
		{1ECB165A-3D37-47E0-8842-43BEBEF29139}.Debug|x86.ActiveCfg = Debug|Any CPU
		{1ECB165A-3D37-47E0-8842-43BEBEF29139}.Release|Any CPU.ActiveCfg = Release|Any CPU
		{1ECB165A-3D37-47E0-8842-43BEBEF29139}.Release|Any CPU.Build.0 = Release|Any CPU
		{1ECB165A-3D37-47E0-8842-43BEBEF29139}.Release|Mixed Platforms.ActiveCfg = Release|Any CPU
		{1ECB165A-3D37-47E0-8842-43BEBEF29139}.Release|Mixed Platforms.Build.0 = Release|Any CPU
		{1ECB165A-3D37-47E0-8842-43BEBEF29139}.Release|x86.ActiveCfg = Release|Any CPU
		{F5F07FD3-0F9F-4550-96A3-894E1814C341}.Debug|Any CPU.ActiveCfg = Debug|Any CPU
		{F5F07FD3-0F9F-4550-96A3-894E1814C341}.Debug|Any CPU.Build.0 = Debug|Any CPU
		{F5F07FD3-0F9F-4550-96A3-894E1814C341}.Debug|Mixed Platforms.ActiveCfg = Debug|Any CPU
		{F5F07FD3-0F9F-4550-96A3-894E1814C341}.Debug|Mixed Platforms.Build.0 = Debug|Any CPU
		{F5F07FD3-0F9F-4550-96A3-894E1814C341}.Debug|x86.ActiveCfg = Debug|Any CPU
		{F5F07FD3-0F9F-4550-96A3-894E1814C341}.Release|Any CPU.ActiveCfg = Release|Any CPU
		{F5F07FD3-0F9F-4550-96A3-894E1814C341}.Release|Any CPU.Build.0 = Release|Any CPU
		{F5F07FD3-0F9F-4550-96A3-894E1814C341}.Release|Mixed Platforms.ActiveCfg = Release|Any CPU
		{F5F07FD3-0F9F-4550-96A3-894E1814C341}.Release|Mixed Platforms.Build.0 = Release|Any CPU
		{F5F07FD3-0F9F-4550-96A3-894E1814C341}.Release|x86.ActiveCfg = Release|Any CPU
		{E0B4B1FA-B34C-44D9-91C5-79F2F29D5405}.Debug|Any CPU.ActiveCfg = Debug|Any CPU
		{E0B4B1FA-B34C-44D9-91C5-79F2F29D5405}.Debug|Any CPU.Build.0 = Debug|Any CPU
		{E0B4B1FA-B34C-44D9-91C5-79F2F29D5405}.Debug|Mixed Platforms.ActiveCfg = Debug|Any CPU
		{E0B4B1FA-B34C-44D9-91C5-79F2F29D5405}.Debug|Mixed Platforms.Build.0 = Debug|Any CPU
		{E0B4B1FA-B34C-44D9-91C5-79F2F29D5405}.Debug|x86.ActiveCfg = Debug|Any CPU
		{E0B4B1FA-B34C-44D9-91C5-79F2F29D5405}.Release|Any CPU.ActiveCfg = Release|Any CPU
		{E0B4B1FA-B34C-44D9-91C5-79F2F29D5405}.Release|Any CPU.Build.0 = Release|Any CPU
		{E0B4B1FA-B34C-44D9-91C5-79F2F29D5405}.Release|Mixed Platforms.ActiveCfg = Release|Any CPU
		{E0B4B1FA-B34C-44D9-91C5-79F2F29D5405}.Release|Mixed Platforms.Build.0 = Release|Any CPU
		{E0B4B1FA-B34C-44D9-91C5-79F2F29D5405}.Release|x86.ActiveCfg = Release|Any CPU
		{820D1594-59F2-426B-8F39-CCF6E2F89AAB}.Debug|Any CPU.ActiveCfg = Debug|Any CPU
		{820D1594-59F2-426B-8F39-CCF6E2F89AAB}.Debug|Any CPU.Build.0 = Debug|Any CPU
		{820D1594-59F2-426B-8F39-CCF6E2F89AAB}.Debug|Mixed Platforms.ActiveCfg = Debug|Any CPU
		{820D1594-59F2-426B-8F39-CCF6E2F89AAB}.Debug|Mixed Platforms.Build.0 = Debug|Any CPU
		{820D1594-59F2-426B-8F39-CCF6E2F89AAB}.Debug|x86.ActiveCfg = Debug|Any CPU
		{820D1594-59F2-426B-8F39-CCF6E2F89AAB}.Release|Any CPU.ActiveCfg = Release|Any CPU
		{820D1594-59F2-426B-8F39-CCF6E2F89AAB}.Release|Any CPU.Build.0 = Release|Any CPU
		{820D1594-59F2-426B-8F39-CCF6E2F89AAB}.Release|Mixed Platforms.ActiveCfg = Release|Any CPU
		{820D1594-59F2-426B-8F39-CCF6E2F89AAB}.Release|Mixed Platforms.Build.0 = Release|Any CPU
		{820D1594-59F2-426B-8F39-CCF6E2F89AAB}.Release|x86.ActiveCfg = Release|Any CPU
		{309A1F1B-3B78-4B45-8EEF-684A9EAD7AD5}.Debug|Any CPU.ActiveCfg = Debug|Any CPU
		{309A1F1B-3B78-4B45-8EEF-684A9EAD7AD5}.Debug|Any CPU.Build.0 = Debug|Any CPU
		{309A1F1B-3B78-4B45-8EEF-684A9EAD7AD5}.Debug|Mixed Platforms.ActiveCfg = Debug|Any CPU
		{309A1F1B-3B78-4B45-8EEF-684A9EAD7AD5}.Debug|Mixed Platforms.Build.0 = Debug|Any CPU
		{309A1F1B-3B78-4B45-8EEF-684A9EAD7AD5}.Debug|x86.ActiveCfg = Debug|Any CPU
		{309A1F1B-3B78-4B45-8EEF-684A9EAD7AD5}.Release|Any CPU.ActiveCfg = Release|Any CPU
		{309A1F1B-3B78-4B45-8EEF-684A9EAD7AD5}.Release|Any CPU.Build.0 = Release|Any CPU
		{309A1F1B-3B78-4B45-8EEF-684A9EAD7AD5}.Release|Mixed Platforms.ActiveCfg = Release|Any CPU
		{309A1F1B-3B78-4B45-8EEF-684A9EAD7AD5}.Release|Mixed Platforms.Build.0 = Release|Any CPU
		{309A1F1B-3B78-4B45-8EEF-684A9EAD7AD5}.Release|x86.ActiveCfg = Release|Any CPU
	EndGlobalSection
	GlobalSection(SolutionProperties) = preSolution
		HideSolutionNode = FALSE
	EndGlobalSection
EndGlobal
