
Microsoft Visual Studio Solution File, Format Version 12.00
# Visual Studio Version 16
VisualStudioVersion = 16.0.30804.86
MinimumVisualStudioVersion = 10.0.40219.1
Project("{FAE04EC0-301F-11D3-BF4B-00C04F79EFBC}") = "AsposeDNNQuoteGenerator", "AsposeDNNQuoteGenerator.csproj", "{6E84DFF0-DB25-40E5-AB20-F8EF2F8CDA95}"
EndProject
Global
	GlobalSection(SolutionConfigurationPlatforms) = preSolution
		Debug|Any CPU = Debug|Any CPU
		Release|Any CPU = Release|Any CPU
	EndGlobalSection
	GlobalSection(ProjectConfigurationPlatforms) = postSolution
		{6E84DFF0-DB25-40E5-AB20-F8EF2F8CDA95}.Debug|Any CPU.ActiveCfg = Debug|Any CPU
		{6E84DFF0-DB25-40E5-AB20-F8EF2F8CDA95}.Debug|Any CPU.Build.0 = Debug|Any CPU
		{6E84DFF0-DB25-40E5-AB20-F8EF2F8CDA95}.Release|Any CPU.ActiveCfg = Release|Any CPU
		{6E84DFF0-DB25-40E5-AB20-F8EF2F8CDA95}.Release|Any CPU.Build.0 = Release|Any CPU
	EndGlobalSection
	GlobalSection(SolutionProperties) = preSolution
		HideSolutionNode = FALSE
	EndGlobalSection
	GlobalSection(ExtensibilityGlobals) = postSolution
		SolutionGuid = {7586844C-6101-4A36-86D6-2D47CDA77E88}
	EndGlobalSection
EndGlobal
