
Microsoft Visual Studio Solution File, Format Version 12.00
# Visual Studio Version 16
VisualStudioVersion = 16.0.29613.14
MinimumVisualStudioVersion = 10.0.40219.1
Project("{FAE04EC0-301F-11D3-BF4B-00C04F79EFBC}") = "MultipagePrintDocumentExample", "MultipagePrintDocumentExample\MultipagePrintDocumentExample.csproj", "{D3DA798D-215F-428D-83FF-7D39CEAC046A}"
EndProject
Global
	GlobalSection(SolutionConfigurationPlatforms) = preSolution
		Debug|Any CPU = Debug|Any CPU
		Release|Any CPU = Release|Any CPU
	EndGlobalSection
	GlobalSection(ProjectConfigurationPlatforms) = postSolution
		{D3DA798D-215F-428D-83FF-7D39CEAC046A}.Debug|Any CPU.ActiveCfg = Debug|Any CPU
		{D3DA798D-215F-428D-83FF-7D39CEAC046A}.Debug|Any CPU.Build.0 = Debug|Any CPU
		{D3DA798D-215F-428D-83FF-7D39CEAC046A}.Release|Any CPU.ActiveCfg = Release|Any CPU
		{D3DA798D-215F-428D-83FF-7D39CEAC046A}.Release|Any CPU.Build.0 = Release|Any CPU
	EndGlobalSection
	GlobalSection(SolutionProperties) = preSolution
		HideSolutionNode = FALSE
	EndGlobalSection
	GlobalSection(ExtensibilityGlobals) = postSolution
		SolutionGuid = {FCAD1746-9BA2-4A00-8032-F06955C7A37A}
	EndGlobalSection
EndGlobal
