Microsoft Visual Studio Solution File, Format Version 10.00
# Visual Studio 2008
Project("{FAE04EC0-301F-11D3-BF4B-00C04F79EFBC}") = "LoadTxt", "LoadTxt.csproj", "{6B08E3ED-6947-4B45-8739-7F4E44543D6E}"
EndProject
Global
	GlobalSection(SolutionConfigurationPlatforms) = preSolution
		Debug|Any CPU = Debug|Any CPU
		Release|Any CPU = Release|Any CPU
	EndGlobalSection
	GlobalSection(ProjectConfigurationPlatforms) = postSolution
		{6B08E3ED-6947-4B45-8739-7F4E44543D6E}.Debug|Any CPU.ActiveCfg = Debug|Any CPU
		{6B08E3ED-6947-4B45-8739-7F4E44543D6E}.Debug|Any CPU.Build.0 = Debug|Any CPU
		{6B08E3ED-6947-4B45-8739-7F4E44543D6E}.Release|Any CPU.ActiveCfg = Release|Any CPU
	EndGlobalSection
	GlobalSection(SolutionProperties) = preSolution
		HideSolutionNode = FALSE
	EndGlobalSection
EndGlobal
