
Microsoft Visual Studio Solution File, Format Version 12.00
# Visual Studio 2013
VisualStudioVersion = 12.0.21005.1
MinimumVisualStudioVersion = 10.0.40219.1
Project("{FAE04EC0-301F-11D3-BF4B-00C04F79EFBC}") = "OpenXML Word", "OpenXML Word\OpenXML Word.csproj", "{63A54F3F-9BBC-4428-8020-5E198E19BF74}"
EndProject
Project("{FAE04EC0-301F-11D3-BF4B-00C04F79EFBC}") = "Aspose.Words", "Aspose.Words\Aspose.Words.csproj", "{B7BD01B5-9486-4261-BBAD-29D1DE0961BE}"
EndProject
Global
	GlobalSection(SolutionConfigurationPlatforms) = preSolution
		Debug|Any CPU = Debug|Any CPU
		Release|Any CPU = Release|Any CPU
	EndGlobalSection
	GlobalSection(ProjectConfigurationPlatforms) = postSolution
		{63A54F3F-9BBC-4428-8020-5E198E19BF74}.Debug|Any CPU.ActiveCfg = Debug|Any CPU
		{63A54F3F-9BBC-4428-8020-5E198E19BF74}.Debug|Any CPU.Build.0 = Debug|Any CPU
		{63A54F3F-9BBC-4428-8020-5E198E19BF74}.Release|Any CPU.ActiveCfg = Release|Any CPU
		{63A54F3F-9BBC-4428-8020-5E198E19BF74}.Release|Any CPU.Build.0 = Release|Any CPU
		{B7BD01B5-9486-4261-BBAD-29D1DE0961BE}.Debug|Any CPU.ActiveCfg = Debug|Any CPU
		{B7BD01B5-9486-4261-BBAD-29D1DE0961BE}.Debug|Any CPU.Build.0 = Debug|Any CPU
		{B7BD01B5-9486-4261-BBAD-29D1DE0961BE}.Release|Any CPU.ActiveCfg = Release|Any CPU
		{B7BD01B5-9486-4261-BBAD-29D1DE0961BE}.Release|Any CPU.Build.0 = Release|Any CPU
	EndGlobalSection
	GlobalSection(SolutionProperties) = preSolution
		HideSolutionNode = FALSE
	EndGlobalSection
EndGlobal
