Microsoft Visual Studio Solution File, Format Version 10.00
# Visual Studio 2008
Project("{FAE04EC0-301F-11D3-BF4B-00C04F79EFBC}") = "SimpleMailMerge", "SimpleMailMerge.csproj", "{442717CD-8494-4A5F-BE31-DFF735C99CF4}"
EndProject
Global
	GlobalSection(SolutionConfigurationPlatforms) = preSolution
		Debug|Any CPU = Debug|Any CPU
		Release|Any CPU = Release|Any CPU
	EndGlobalSection
	GlobalSection(ProjectConfigurationPlatforms) = postSolution
		{442717CD-8494-4A5F-BE31-DFF735C99CF4}.Debug|Any CPU.ActiveCfg = Debug|Any CPU
		{442717CD-8494-4A5F-BE31-DFF735C99CF4}.Debug|Any CPU.Build.0 = Debug|Any CPU
		{442717CD-8494-4A5F-BE31-DFF735C99CF4}.Release|Any CPU.ActiveCfg = Release|Any CPU
	EndGlobalSection
	GlobalSection(SolutionProperties) = preSolution
		HideSolutionNode = FALSE
	EndGlobalSection
EndGlobal
