
Microsoft Visual Studio Solution File, Format Version 12.00
# Visual Studio 2013
VisualStudioVersion = 12.0.21005.1
MinimumVisualStudioVersion = 10.0.40219.1
Project("{FAE04EC0-301F-11D3-BF4B-00C04F79EFBC}") = "Aspose.BarCodeGenerator.GenerateBarCode", "GenerateBarCode\Aspose.BarCodeGenerator.GenerateBarCode.csproj", "{D915C25F-224A-4330-9E88-2B2369F81E61}"
EndProject
Project("{FAE04EC0-301F-11D3-BF4B-00C04F79EFBC}") = "Aspose.BarCodeGenerator.ReplaceEmailToken", "ReplaceEmailToken\Aspose.BarCodeGenerator.ReplaceEmailToken.csproj", "{A12851BC-916B-4FE3-8425-E552BBCC81C6}"
EndProject
Project("{FAE04EC0-301F-11D3-BF4B-00C04F79EFBC}") = "WebResources", "WebResources\WebResources.csproj", "{BEB1FBDC-E2F0-430D-AB6D-C80864121F2E}"
EndProject
Global
	GlobalSection(TeamFoundationVersionControl) = preSolution
		SccNumberOfProjects = 3
		SccEnterpriseProvider = {4CA58AB2-18FA-4F8D-95D4-32DDF27D184C}
		SccTeamFoundationServer = https://mzeeshanshafqat.visualstudio.com/defaultcollection
		SccProjectUniqueName0 = GenerateBarCode\\Aspose.BarCodeGenerator.GenerateBarCode.csproj
		SccProjectName0 = GenerateBarCode
		SccAuxPath0 = https://mzeeshanshafqat.visualstudio.com/defaultcollection
		SccLocalPath0 = GenerateBarCode
		SccProvider0 = {4CA58AB2-18FA-4F8D-95D4-32DDF27D184C}
		SccProjectUniqueName1 = ReplaceEmailToken\\Aspose.BarCodeGenerator.ReplaceEmailToken.csproj
		SccProjectName1 = ReplaceEmailToken
		SccAuxPath1 = https://mzeeshanshafqat.visualstudio.com/defaultcollection
		SccLocalPath1 = ReplaceEmailToken
		SccProvider1 = {4CA58AB2-18FA-4F8D-95D4-32DDF27D184C}
		SccProjectUniqueName2 = WebResources\\WebResources.csproj
		SccProjectName2 = WebResources
		SccAuxPath2 = https://mzeeshanshafqat.visualstudio.com/defaultcollection
		SccLocalPath2 = WebResources
		SccProvider2 = {4CA58AB2-18FA-4F8D-95D4-32DDF27D184C}
	EndGlobalSection
	GlobalSection(SolutionConfigurationPlatforms) = preSolution
		Debug|Any CPU = Debug|Any CPU
		Release|Any CPU = Release|Any CPU
	EndGlobalSection
	GlobalSection(ProjectConfigurationPlatforms) = postSolution
		{D915C25F-224A-4330-9E88-2B2369F81E61}.Debug|Any CPU.ActiveCfg = Debug|Any CPU
		{D915C25F-224A-4330-9E88-2B2369F81E61}.Debug|Any CPU.Build.0 = Debug|Any CPU
		{D915C25F-224A-4330-9E88-2B2369F81E61}.Release|Any CPU.ActiveCfg = Release|Any CPU
		{D915C25F-224A-4330-9E88-2B2369F81E61}.Release|Any CPU.Build.0 = Release|Any CPU
		{A12851BC-916B-4FE3-8425-E552BBCC81C6}.Debug|Any CPU.ActiveCfg = Debug|Any CPU
		{A12851BC-916B-4FE3-8425-E552BBCC81C6}.Debug|Any CPU.Build.0 = Debug|Any CPU
		{A12851BC-916B-4FE3-8425-E552BBCC81C6}.Release|Any CPU.ActiveCfg = Release|Any CPU
		{A12851BC-916B-4FE3-8425-E552BBCC81C6}.Release|Any CPU.Build.0 = Release|Any CPU
		{BEB1FBDC-E2F0-430D-AB6D-C80864121F2E}.Debug|Any CPU.ActiveCfg = Debug|Any CPU
		{BEB1FBDC-E2F0-430D-AB6D-C80864121F2E}.Debug|Any CPU.Build.0 = Debug|Any CPU
		{BEB1FBDC-E2F0-430D-AB6D-C80864121F2E}.Release|Any CPU.ActiveCfg = Release|Any CPU
		{BEB1FBDC-E2F0-430D-AB6D-C80864121F2E}.Release|Any CPU.Build.0 = Release|Any CPU
	EndGlobalSection
	GlobalSection(SolutionProperties) = preSolution
		HideSolutionNode = FALSE
	EndGlobalSection
EndGlobal
