
Microsoft Visual Studio Solution File, Format Version 12.00
# Visual Studio 2012
MinimumVisualStudioVersion = 10.0.40219.1
Project("{2150E333-8FDC-42A3-9474-1A3956D46DE8}") = "Convert Word Doc to Other Formats", "Convert Word Doc to Other Formats", "{A7778B13-DAFB-4DCB-A230-20EF299D1A1C}"
EndProject
Project("{2150E333-8FDC-42A3-9474-1A3956D46DE8}") = "Get Document Properties", "Get Document Properties", "{A241BDB3-7140-495D-883E-CB24B5F5952E}"
EndProject
Project("{2150E333-8FDC-42A3-9474-1A3956D46DE8}") = "Extract Images from Word Document", "Extract Images from Word Document", "{8F42E199-EA9A-454D-AAFC-47A34213AEF1}"
EndProject
Project("{2150E333-8FDC-42A3-9474-1A3956D46DE8}") = "Working with Headers", "Working with Headers", "{949EFC83-E398-4B4A-A1F5-7468ADEC418C}"
EndProject
Project("{2150E333-8FDC-42A3-9474-1A3956D46DE8}") = "Working with Footers", "Working with Footers", "{5D99E13B-EF24-4E4C-BB2D-27BE16B97571}"
EndProject
Project("{2150E333-8FDC-42A3-9474-1A3956D46DE8}") = "Format Table in Document", "Format Table in Document", "{45A3BDEC-7CC0-4D53-831D-1E7764DC2481}"
EndProject
Project("{FAE04EC0-301F-11D3-BF4B-00C04F79EFBC}") = "NPOIHWPFandXWPF", "Convert Word Doc to Other Formats\NPOI HWPF and XWPF\NPOIHWPFandXWPF.csproj", "{23C3BAD1-4EB9-4BB9-89C7-5DD1554B41D2}"
EndProject
Project("{FAE04EC0-301F-11D3-BF4B-00C04F79EFBC}") = "Aspose.Words", "Convert Word Doc to Other Formats\Aspose.Words\Aspose.Words.csproj", "{4B4DDB60-EF83-46F5-A3EB-A3185DD52D7A}"
EndProject
Project("{FAE04EC0-301F-11D3-BF4B-00C04F79EFBC}") = "NPOI HWPR and XWPF", "Extract Images from Word Document\NPOI HWPR and XWPF\NPOI HWPR and XWPF.csproj", "{13386380-421E-4F50-8951-2AA588E2CFC3}"
EndProject
Project("{FAE04EC0-301F-11D3-BF4B-00C04F79EFBC}") = "Aspose.Words", "Extract Images from Word Document\Aspose.Words\Aspose.Words.csproj", "{D81BDDD3-4BE4-4849-B8F1-CBACF49CC692}"
EndProject
Project("{FAE04EC0-301F-11D3-BF4B-00C04F79EFBC}") = "NPOI HWPF and XWPF", "Format Table in Document\NPOI HWPF and XWPF\NPOI HWPF and XWPF.csproj", "{29DBC6B1-ED2A-4370-8EF5-3EE5B47098FB}"
EndProject
Project("{FAE04EC0-301F-11D3-BF4B-00C04F79EFBC}") = "Aspose.Words", "Format Table in Document\Aspose.Words\Aspose.Words.csproj", "{393F972D-8566-4256-BD9B-5630AEAC94AE}"
EndProject
Project("{FAE04EC0-301F-11D3-BF4B-00C04F79EFBC}") = "NPOI HWPF and XWPF", "Get Document Properties\NPOI HWPF and XWPF\NPOI HWPF and XWPF.csproj", "{4F14164F-ADCB-4360-AC59-1A566987B0DF}"
EndProject
Project("{FAE04EC0-301F-11D3-BF4B-00C04F79EFBC}") = "Aspose.Words", "Get Document Properties\Aspose.Words\Aspose.Words.csproj", "{1857A3C0-9572-4816-A13D-F5A11137B3F7}"
EndProject
Project("{FAE04EC0-301F-11D3-BF4B-00C04F79EFBC}") = "NPOI HWPF and XWPF", "Working with Footers\NPOI HWPF and XWPF\NPOI HWPF and XWPF.csproj", "{FB408233-7F69-4257-8824-32E9FF2B3BB5}"
EndProject
Project("{FAE04EC0-301F-11D3-BF4B-00C04F79EFBC}") = "Aspose.Words", "Working with Footers\Aspose.Words\Aspose.Words.csproj", "{7384FC58-8CC0-4365-B549-5DD30D2D9E42}"
EndProject
Project("{FAE04EC0-301F-11D3-BF4B-00C04F79EFBC}") = "NPOI HWPF and XWPF", "Working with Headers\NPOI HWPF and XWPF\NPOI HWPF and XWPF.csproj", "{4858EC09-84D1-4A16-A73C-7AD19C9FEF54}"
EndProject
Project("{FAE04EC0-301F-11D3-BF4B-00C04F79EFBC}") = "Aspose.Words", "Working with Headers\Aspose.Words\Aspose.Words.csproj", "{886913B8-1C1E-45E7-A932-99FD491949B3}"
EndProject
Global
	GlobalSection(SolutionConfigurationPlatforms) = preSolution
		Debug|Any CPU = Debug|Any CPU
		Release|Any CPU = Release|Any CPU
	EndGlobalSection
	GlobalSection(ProjectConfigurationPlatforms) = postSolution
		{23C3BAD1-4EB9-4BB9-89C7-5DD1554B41D2}.Debug|Any CPU.ActiveCfg = Debug|Any CPU
		{23C3BAD1-4EB9-4BB9-89C7-5DD1554B41D2}.Debug|Any CPU.Build.0 = Debug|Any CPU
		{23C3BAD1-4EB9-4BB9-89C7-5DD1554B41D2}.Release|Any CPU.ActiveCfg = Release|Any CPU
		{23C3BAD1-4EB9-4BB9-89C7-5DD1554B41D2}.Release|Any CPU.Build.0 = Release|Any CPU
		{4B4DDB60-EF83-46F5-A3EB-A3185DD52D7A}.Debug|Any CPU.ActiveCfg = Debug|Any CPU
		{4B4DDB60-EF83-46F5-A3EB-A3185DD52D7A}.Debug|Any CPU.Build.0 = Debug|Any CPU
		{4B4DDB60-EF83-46F5-A3EB-A3185DD52D7A}.Release|Any CPU.ActiveCfg = Release|Any CPU
		{4B4DDB60-EF83-46F5-A3EB-A3185DD52D7A}.Release|Any CPU.Build.0 = Release|Any CPU
		{13386380-421E-4F50-8951-2AA588E2CFC3}.Debug|Any CPU.ActiveCfg = Debug|Any CPU
		{13386380-421E-4F50-8951-2AA588E2CFC3}.Debug|Any CPU.Build.0 = Debug|Any CPU
		{13386380-421E-4F50-8951-2AA588E2CFC3}.Release|Any CPU.ActiveCfg = Release|Any CPU
		{13386380-421E-4F50-8951-2AA588E2CFC3}.Release|Any CPU.Build.0 = Release|Any CPU
		{D81BDDD3-4BE4-4849-B8F1-CBACF49CC692}.Debug|Any CPU.ActiveCfg = Debug|Any CPU
		{D81BDDD3-4BE4-4849-B8F1-CBACF49CC692}.Debug|Any CPU.Build.0 = Debug|Any CPU
		{D81BDDD3-4BE4-4849-B8F1-CBACF49CC692}.Release|Any CPU.ActiveCfg = Release|Any CPU
		{D81BDDD3-4BE4-4849-B8F1-CBACF49CC692}.Release|Any CPU.Build.0 = Release|Any CPU
		{29DBC6B1-ED2A-4370-8EF5-3EE5B47098FB}.Debug|Any CPU.ActiveCfg = Debug|Any CPU
		{29DBC6B1-ED2A-4370-8EF5-3EE5B47098FB}.Debug|Any CPU.Build.0 = Debug|Any CPU
		{29DBC6B1-ED2A-4370-8EF5-3EE5B47098FB}.Release|Any CPU.ActiveCfg = Release|Any CPU
		{29DBC6B1-ED2A-4370-8EF5-3EE5B47098FB}.Release|Any CPU.Build.0 = Release|Any CPU
		{393F972D-8566-4256-BD9B-5630AEAC94AE}.Debug|Any CPU.ActiveCfg = Debug|Any CPU
		{393F972D-8566-4256-BD9B-5630AEAC94AE}.Debug|Any CPU.Build.0 = Debug|Any CPU
		{393F972D-8566-4256-BD9B-5630AEAC94AE}.Release|Any CPU.ActiveCfg = Release|Any CPU
		{393F972D-8566-4256-BD9B-5630AEAC94AE}.Release|Any CPU.Build.0 = Release|Any CPU
		{4F14164F-ADCB-4360-AC59-1A566987B0DF}.Debug|Any CPU.ActiveCfg = Debug|Any CPU
		{4F14164F-ADCB-4360-AC59-1A566987B0DF}.Debug|Any CPU.Build.0 = Debug|Any CPU
		{4F14164F-ADCB-4360-AC59-1A566987B0DF}.Release|Any CPU.ActiveCfg = Release|Any CPU
		{4F14164F-ADCB-4360-AC59-1A566987B0DF}.Release|Any CPU.Build.0 = Release|Any CPU
		{1857A3C0-9572-4816-A13D-F5A11137B3F7}.Debug|Any CPU.ActiveCfg = Debug|Any CPU
		{1857A3C0-9572-4816-A13D-F5A11137B3F7}.Debug|Any CPU.Build.0 = Debug|Any CPU
		{1857A3C0-9572-4816-A13D-F5A11137B3F7}.Release|Any CPU.ActiveCfg = Release|Any CPU
		{1857A3C0-9572-4816-A13D-F5A11137B3F7}.Release|Any CPU.Build.0 = Release|Any CPU
		{FB408233-7F69-4257-8824-32E9FF2B3BB5}.Debug|Any CPU.ActiveCfg = Debug|Any CPU
		{FB408233-7F69-4257-8824-32E9FF2B3BB5}.Debug|Any CPU.Build.0 = Debug|Any CPU
		{FB408233-7F69-4257-8824-32E9FF2B3BB5}.Release|Any CPU.ActiveCfg = Release|Any CPU
		{FB408233-7F69-4257-8824-32E9FF2B3BB5}.Release|Any CPU.Build.0 = Release|Any CPU
		{7384FC58-8CC0-4365-B549-5DD30D2D9E42}.Debug|Any CPU.ActiveCfg = Debug|Any CPU
		{7384FC58-8CC0-4365-B549-5DD30D2D9E42}.Debug|Any CPU.Build.0 = Debug|Any CPU
		{7384FC58-8CC0-4365-B549-5DD30D2D9E42}.Release|Any CPU.ActiveCfg = Release|Any CPU
		{7384FC58-8CC0-4365-B549-5DD30D2D9E42}.Release|Any CPU.Build.0 = Release|Any CPU
		{4858EC09-84D1-4A16-A73C-7AD19C9FEF54}.Debug|Any CPU.ActiveCfg = Debug|Any CPU
		{4858EC09-84D1-4A16-A73C-7AD19C9FEF54}.Debug|Any CPU.Build.0 = Debug|Any CPU
		{4858EC09-84D1-4A16-A73C-7AD19C9FEF54}.Release|Any CPU.ActiveCfg = Release|Any CPU
		{4858EC09-84D1-4A16-A73C-7AD19C9FEF54}.Release|Any CPU.Build.0 = Release|Any CPU
		{886913B8-1C1E-45E7-A932-99FD491949B3}.Debug|Any CPU.ActiveCfg = Debug|Any CPU
		{886913B8-1C1E-45E7-A932-99FD491949B3}.Debug|Any CPU.Build.0 = Debug|Any CPU
		{886913B8-1C1E-45E7-A932-99FD491949B3}.Release|Any CPU.ActiveCfg = Release|Any CPU
		{886913B8-1C1E-45E7-A932-99FD491949B3}.Release|Any CPU.Build.0 = Release|Any CPU
	EndGlobalSection
	GlobalSection(SolutionProperties) = preSolution
		HideSolutionNode = FALSE
	EndGlobalSection
	GlobalSection(NestedProjects) = preSolution
		{23C3BAD1-4EB9-4BB9-89C7-5DD1554B41D2} = {A7778B13-DAFB-4DCB-A230-20EF299D1A1C}
		{4B4DDB60-EF83-46F5-A3EB-A3185DD52D7A} = {A7778B13-DAFB-4DCB-A230-20EF299D1A1C}
		{4F14164F-ADCB-4360-AC59-1A566987B0DF} = {A241BDB3-7140-495D-883E-CB24B5F5952E}
		{1857A3C0-9572-4816-A13D-F5A11137B3F7} = {A241BDB3-7140-495D-883E-CB24B5F5952E}
		{13386380-421E-4F50-8951-2AA588E2CFC3} = {8F42E199-EA9A-454D-AAFC-47A34213AEF1}
		{D81BDDD3-4BE4-4849-B8F1-CBACF49CC692} = {8F42E199-EA9A-454D-AAFC-47A34213AEF1}
		{4858EC09-84D1-4A16-A73C-7AD19C9FEF54} = {949EFC83-E398-4B4A-A1F5-7468ADEC418C}
		{886913B8-1C1E-45E7-A932-99FD491949B3} = {949EFC83-E398-4B4A-A1F5-7468ADEC418C}
		{FB408233-7F69-4257-8824-32E9FF2B3BB5} = {5D99E13B-EF24-4E4C-BB2D-27BE16B97571}
		{7384FC58-8CC0-4365-B549-5DD30D2D9E42} = {5D99E13B-EF24-4E4C-BB2D-27BE16B97571}
		{29DBC6B1-ED2A-4370-8EF5-3EE5B47098FB} = {45A3BDEC-7CC0-4D53-831D-1E7764DC2481}
		{393F972D-8566-4256-BD9B-5630AEAC94AE} = {45A3BDEC-7CC0-4D53-831D-1E7764DC2481}
	EndGlobalSection
EndGlobal
