Microsoft Visual Studio Solution File, Format Version 11.00
# Visual Studio 2010
Project("{F184B08F-C81C-45F6-A57F-5ABD9991F28F}") = "MultiplePagesOnSheet", "MultiplePagesOnSheet.vbproj", "{2AC428E8-11EB-4E13-AF5D-7952D32FC818}"
EndProject
Global
	GlobalSection(SolutionConfigurationPlatforms) = preSolution
		Debug|Any CPU = Debug|Any CPU
		Release|Any CPU = Release|Any CPU
	EndGlobalSection
	GlobalSection(ProjectConfigurationPlatforms) = postSolution
		{2AC428E8-11EB-4E13-AF5D-7952D32FC818}.Debug|Any CPU.ActiveCfg = Debug|Any CPU
		{2AC428E8-11EB-4E13-AF5D-7952D32FC818}.Debug|Any CPU.Build.0 = Debug|Any CPU
		{2AC428E8-11EB-4E13-AF5D-7952D32FC818}.Release|Any CPU.ActiveCfg = Release|Any CPU
	EndGlobalSection
	GlobalSection(SolutionProperties) = preSolution
		HideSolutionNode = FALSE
	EndGlobalSection
EndGlobal
