Microsoft Visual Studio Solution File, Format Version 11.00
# Visual Studio 2010
Project("{FAE04EC0-301F-11D3-BF4B-00C04F79EFBC}") = "AddWatermark", "AddWatermark.csproj", "{B5EC3D29-4705-4FEC-9396-2BB61D52554E}"
EndProject
Global
	GlobalSection(SolutionConfigurationPlatforms) = preSolution
		Debug|Any CPU = Debug|Any CPU
		Release|Any CPU = Release|Any CPU
	EndGlobalSection
	GlobalSection(ProjectConfigurationPlatforms) = postSolution
		{B5EC3D29-4705-4FEC-9396-2BB61D52554E}.Debug|Any CPU.ActiveCfg = Debug|Any CPU
		{B5EC3D29-4705-4FEC-9396-2BB61D52554E}.Debug|Any CPU.Build.0 = Debug|Any CPU
		{B5EC3D29-4705-4FEC-9396-2BB61D52554E}.Release|Any CPU.ActiveCfg = Release|Any CPU
	EndGlobalSection
	GlobalSection(SolutionProperties) = preSolution
		HideSolutionNode = FALSE
	EndGlobalSection
EndGlobal
