
Microsoft Visual Studio Solution File, Format Version 12.00
# Visual Studio 2013
VisualStudioVersion = 12.0.21005.1
MinimumVisualStudioVersion = 10.0.40219.1
Project("{FAE04EC0-301F-11D3-BF4B-00C04F79EFBC}") = "OpenXML Words", "OpenXML Words\OpenXML Words.csproj", "{B62C5681-33AB-414D-B863-DB2A650037D5}"
EndProject
Project("{FAE04EC0-301F-11D3-BF4B-00C04F79EFBC}") = "Aspose.Words", "Aspose.Words\Aspose.Words.csproj", "{DAE5260C-A237-4BC5-B494-7E0AC1597D94}"
EndProject
Global
	GlobalSection(SolutionConfigurationPlatforms) = preSolution
		Debug|Any CPU = Debug|Any CPU
		Release|Any CPU = Release|Any CPU
	EndGlobalSection
	GlobalSection(ProjectConfigurationPlatforms) = postSolution
		{B62C5681-33AB-414D-B863-DB2A650037D5}.Debug|Any CPU.ActiveCfg = Debug|Any CPU
		{B62C5681-33AB-414D-B863-DB2A650037D5}.Debug|Any CPU.Build.0 = Debug|Any CPU
		{B62C5681-33AB-414D-B863-DB2A650037D5}.Release|Any CPU.ActiveCfg = Release|Any CPU
		{B62C5681-33AB-414D-B863-DB2A650037D5}.Release|Any CPU.Build.0 = Release|Any CPU
		{DAE5260C-A237-4BC5-B494-7E0AC1597D94}.Debug|Any CPU.ActiveCfg = Debug|Any CPU
		{DAE5260C-A237-4BC5-B494-7E0AC1597D94}.Debug|Any CPU.Build.0 = Debug|Any CPU
		{DAE5260C-A237-4BC5-B494-7E0AC1597D94}.Release|Any CPU.ActiveCfg = Release|Any CPU
		{DAE5260C-A237-4BC5-B494-7E0AC1597D94}.Release|Any CPU.Build.0 = Release|Any CPU
	EndGlobalSection
	GlobalSection(SolutionProperties) = preSolution
		HideSolutionNode = FALSE
	EndGlobalSection
EndGlobal
