
Microsoft Visual Studio Solution File, Format Version 12.00
# Visual Studio 2012
Project("{FAE04EC0-301F-11D3-BF4B-00C04F79EFBC}") = "OpenXml Word", "OpenXml Word\OpenXml Word.csproj", "{5E4ECEF2-FA79-45BD-AD55-13583A054ABE}"
EndProject
Project("{FAE04EC0-301F-11D3-BF4B-00C04F79EFBC}") = "Aspose Words", "Aspose Words\Aspose Words.csproj", "{D6E545B2-DF2D-4B32-9FB9-40F8CEF18C41}"
EndProject
Global
	GlobalSection(SolutionConfigurationPlatforms) = preSolution
		Debug|Any CPU = Debug|Any CPU
		Release|Any CPU = Release|Any CPU
	EndGlobalSection
	GlobalSection(ProjectConfigurationPlatforms) = postSolution
		{5E4ECEF2-FA79-45BD-AD55-13583A054ABE}.Debug|Any CPU.ActiveCfg = Debug|Any CPU
		{5E4ECEF2-FA79-45BD-AD55-13583A054ABE}.Debug|Any CPU.Build.0 = Debug|Any CPU
		{5E4ECEF2-FA79-45BD-AD55-13583A054ABE}.Release|Any CPU.ActiveCfg = Release|Any CPU
		{5E4ECEF2-FA79-45BD-AD55-13583A054ABE}.Release|Any CPU.Build.0 = Release|Any CPU
		{D6E545B2-DF2D-4B32-9FB9-40F8CEF18C41}.Debug|Any CPU.ActiveCfg = Debug|Any CPU
		{D6E545B2-DF2D-4B32-9FB9-40F8CEF18C41}.Debug|Any CPU.Build.0 = Debug|Any CPU
		{D6E545B2-DF2D-4B32-9FB9-40F8CEF18C41}.Release|Any CPU.ActiveCfg = Release|Any CPU
		{D6E545B2-DF2D-4B32-9FB9-40F8CEF18C41}.Release|Any CPU.Build.0 = Release|Any CPU
	EndGlobalSection
	GlobalSection(SolutionProperties) = preSolution
		HideSolutionNode = FALSE
	EndGlobalSection
EndGlobal
